
Microsoft Visual Studio Solution File, Format Version 12.00
# Visual Studio 15
VisualStudioVersion = 15.0.27703.2042
MinimumVisualStudioVersion = 10.0.40219.1
Project("{FAE04EC0-301F-11D3-BF4B-00C04F79EFBC}") = "DPL", "DPL\DPL.csproj", "{5FC4666E-CFE1-4BCF-B17A-7E4BF48C5F86}"
EndProject
Project("{FAE04EC0-301F-11D3-BF4B-00C04F79EFBC}") = "Utilities", "..\..\..\Utilities\Utilities.csproj", "{667EAB12-6C89-48ED-9FCB-934697CC2779}"
EndProject
Project("{FAE04EC0-301F-11D3-BF4B-00C04F79EFBC}") = "Logging", "..\..\..\Logging\Logging.csproj", "{1A1BAC8C-A16A-433C-8856-2EC4047D31FB}"
EndProject
Project("{FAE04EC0-301F-11D3-BF4B-00C04F79EFBC}") = "GenericUtilities", "..\..\..\GenericUtilities\GenericUtilities.csproj", "{5EEC3FD1-9EA6-404E-9C7A-554268A3EF80}"
EndProject
Project("{FAE04EC0-301F-11D3-BF4B-00C04F79EFBC}") = "Product", "..\..\..\Product\Product.csproj", "{F1BA74AA-2DC7-48C1-8CBD-254F8C2B63F8}"
EndProject
Project("{FAE04EC0-301F-11D3-BF4B-00C04F79EFBC}") = "Inventory", "..\..\Inventory.csproj", "{AF244E4D-B6F8-4FB7-979D-3E82236FE4AD}"
EndProject
Project("{FAE04EC0-301F-11D3-BF4B-00C04F79EFBC}") = "Site", "..\..\..\Site\Site.csproj", "{B0419249-F9F6-425F-9B56-13D2E12F319F}"
EndProject
Project("{FAE04EC0-301F-11D3-BF4B-00C04F79EFBC}") = "Vendor", "..\..\..\Vendor\Vendor.csproj", "{585E3765-3096-451D-89C0-97C9B845DBE7}"
EndProject
Project("{FAE04EC0-301F-11D3-BF4B-00C04F79EFBC}") = "User", "..\..\..\User\User.csproj", "{E30D3295-E230-44D2-880D-22BF5A349119}"
EndProject
Project("{FAE04EC0-301F-11D3-BF4B-00C04F79EFBC}") = "logger", "..\..\..\logger\logger.csproj", "{36B671D0-EF70-42DB-940B-6A3622023F58}"
EndProject
Project("{FAE04EC0-301F-11D3-BF4B-00C04F79EFBC}") = "Languages", "..\..\..\Languages\Languages.csproj", "{E7CEB68F-78BB-44F8-9B4E-EA3FB43DAC9A}"
EndProject
Project("{FAE04EC0-301F-11D3-BF4B-00C04F79EFBC}") = "Communication", "..\..\..\Communication\Communication.csproj", "{61BD1EB5-DF16-4A31-83FC-8D6944F02A20}"
EndProject
Project("{FAE04EC0-301F-11D3-BF4B-00C04F79EFBC}") = "Category", "..\..\..\Category\Category.csproj", "{1B64EC1E-F381-485B-8C69-A07F80A27775}"
EndProject
Project("{FAE04EC0-301F-11D3-BF4B-00C04F79EFBC}") = "Customer", "..\..\..\Customer\Customer.csproj", "{09EC39CF-3DD3-4920-A155-CADE5B252B8A}"
EndProject
Project("{FAE04EC0-301F-11D3-BF4B-00C04F79EFBC}") = "Game", "..\..\..\Game\Game.csproj", "{970A8E60-83BE-4559-A67C-3EF7135A3E8D}"
EndProject
Project("{FAE04EC0-301F-11D3-BF4B-00C04F79EFBC}") = "Publish", "..\..\..\Publish\Publish.csproj", "{A707F773-C706-429B-B031-70C69C9ADFD1}"
EndProject
Project("{FAE04EC0-301F-11D3-BF4B-00C04F79EFBC}") = "RedemptionBarcodeUtils", "..\..\..\RedemptionBarcodeUtils\RedemptionBarcodeUtils\RedemptionBarcodeUtils.csproj", "{9E3C0DFC-DEA4-4A14-839D-08F4F50EFED2}"
EndProject
Project("{FAE04EC0-301F-11D3-BF4B-00C04F79EFBC}") = "Transaction", "..\..\..\Transaction\Transaction.csproj", "{266543A2-B12C-46FE-BCF1-A67319B9CFB8}"
EndProject
Project("{FAE04EC0-301F-11D3-BF4B-00C04F79EFBC}") = "CardCoreDTO", "..\..\..\CardCoreDTO\CardCoreDTO.csproj", "{D7B2505F-76DB-46FE-A58B-2386268FD5FF}"
EndProject
Project("{FAE04EC0-301F-11D3-BF4B-00C04F79EFBC}") = "CardCoreDataHandler", "..\..\..\CardCoreDataHandler\CardCoreDataHandler.csproj", "{B1BA254D-FD7A-445F-A2A5-6FAFE81325C6}"
EndProject
Project("{FAE04EC0-301F-11D3-BF4B-00C04F79EFBC}") = "CardCore", "..\..\..\CardCore\CardCore.csproj", "{E1BD4CC7-8EFC-4565-A533-39802828D243}"
EndProject
Project("{FAE04EC0-301F-11D3-BF4B-00C04F79EFBC}") = "DBSynch", "..\..\..\DBSynch\DBSynch.csproj", "{0BA61F06-B401-4DDE-B374-E54F8ECAE187}"
EndProject
Project("{FAE04EC0-301F-11D3-BF4B-00C04F79EFBC}") = "PriceList", "..\..\..\PriceList\PriceList.csproj", "{0B195894-EAC2-4E9A-A5E3-AA8AE1A47E6B}"
EndProject
Project("{FAE04EC0-301F-11D3-BF4B-00C04F79EFBC}") = "POS", "..\..\..\POS\POS.csproj", "{EDD835A5-1862-4AED-B3F0-1C134B40FDB4}"
EndProject
Project("{FAE04EC0-301F-11D3-BF4B-00C04F79EFBC}") = "Reports", "..\..\..\Reports\Reports.csproj", "{41A713DA-1CA8-4C0B-86ED-FA33580248D9}"
EndProject
Project("{FAE04EC0-301F-11D3-BF4B-00C04F79EFBC}") = "Booking", "..\..\..\Booking\Booking.csproj", "{77771DFD-58F0-4A77-A46F-BC752075E760}"
EndProject
Project("{FAE04EC0-301F-11D3-BF4B-00C04F79EFBC}") = "Device", "..\..\..\Device\Device.csproj", "{24D8C63F-8F14-42CE-BC91-CFE34A088B38}"
EndProject
Project("{FAE04EC0-301F-11D3-BF4B-00C04F79EFBC}") = "Discounts", "..\..\..\Discounts\Discounts.csproj", "{F0FDE99A-725F-45C2-9CD8-B7961088EA2C}"
EndProject
Project("{FAE04EC0-301F-11D3-BF4B-00C04F79EFBC}") = "DisplayGroup", "..\..\..\DisplayGroup\DisplayGroup.csproj", "{43D5A367-06AD-4ECE-8143-29244F36F380}"
EndProject
Project("{FAE04EC0-301F-11D3-BF4B-00C04F79EFBC}") = "ITransaction", "..\..\..\ITransaction\ITransaction.csproj", "{F23F4B8C-4C62-49BD-B9CF-CDD278E14C5F}"
EndProject
Project("{FAE04EC0-301F-11D3-BF4B-00C04F79EFBC}") = "Lockers", "..\..\..\Lockers\Lockers.csproj", "{3B914EE9-767A-458E-83C3-6E434556A1A9}"
EndProject
Project("{FAE04EC0-301F-11D3-BF4B-00C04F79EFBC}") = "Printer", "..\..\..\Printer\Printer.csproj", "{B8974CD4-806B-4027-AFE3-D35DA8E949EE}"
EndProject
Project("{FAE04EC0-301F-11D3-BF4B-00C04F79EFBC}") = "Promotions", "..\..\..\Promotions\Promotions.csproj", "{9F184AF5-E406-4FC8-AC22-DC29351D016C}"
EndProject
Project("{FAE04EC0-301F-11D3-BF4B-00C04F79EFBC}") = "Tags", "..\..\..\Tags\Tags.csproj", "{D682B493-8A01-45A2-A934-58F141923C0D}"
EndProject
Project("{FAE04EC0-301F-11D3-BF4B-00C04F79EFBC}") = "ThirdParty", "..\..\..\ThirdParty\ThirdParty.csproj", "{45C69515-B9A7-44F3-882B-0B53548226F1}"
EndProject
Project("{FAE04EC0-301F-11D3-BF4B-00C04F79EFBC}") = "Waiver", "..\..\..\Waiver\Waiver.csproj", "{B4419625-2D92-4E3B-99B3-2DF03A45CD59}"
EndProject
Project("{FAE04EC0-301F-11D3-BF4B-00C04F79EFBC}") = "DPPHost", "DPPHost\DPPHost.csproj", "{7C9CB499-A3A1-45B9-88A3-254A9D6F04E7}"
EndProject
Project("{FAE04EC0-301F-11D3-BF4B-00C04F79EFBC}") = "JobUtils", "..\..\..\JobUtils\JobUtils.csproj", "{294CBA54-BBEA-40CF-BA8C-470D64DEF3D8}"
EndProject
Project("{FAE04EC0-301F-11D3-BF4B-00C04F79EFBC}") = "ReportsUI", "..\..\..\..\ParafaitReports\ReportsUI\ReportsUI.csproj", "{6584616A-8358-42F2-9A40-3D6F78529A13}"
EndProject
Project("{FAE04EC0-301F-11D3-BF4B-00C04F79EFBC}") = "DigitalSignage", "..\..\..\DigitalSignage\DigitalSignage.csproj", "{CA9E1908-ED0E-4F91-ACE2-7ED7FC3C8D6C}"
EndProject
Project("{FAE04EC0-301F-11D3-BF4B-00C04F79EFBC}") = "Maintenance", "..\..\..\Maintenance\Maintenance.csproj", "{EE8E47B7-BA5D-49E1-8000-C8388C8F3B12}"
EndProject
Project("{FAE04EC0-301F-11D3-BF4B-00C04F79EFBC}") = "SignageClient", "..\..\..\..\SignageClient\SignageClient\SignageClient.csproj", "{2DB4F475-6204-45AB-90C9-46B8C3F58405}"
EndProject
Project("{FAE04EC0-301F-11D3-BF4B-00C04F79EFBC}") = "CommonUI", "..\..\..\CommonUI\CommonUI.csproj", "{48630ECE-833D-4683-8CC6-24C4A7CB2941}"
EndProject
Project("{FAE04EC0-301F-11D3-BF4B-00C04F79EFBC}") = "DeliveryIntegration", "..\..\..\DeliveryIntegration\DeliveryIntegration.csproj", "{5BA13E6A-641C-4C51-9C15-256003F0E063}"
EndProject
Project("{FAE04EC0-301F-11D3-BF4B-00C04F79EFBC}") = "ViewContainer", "..\..\..\ViewContainer\ViewContainer.csproj", "{B73AF819-C0B5-4AA6-8C09-E8643F1437D1}"
EndProject
Project("{FAE04EC0-301F-11D3-BF4B-00C04F79EFBC}") = "Authentication", "..\..\..\Authentication\Authentication.csproj", "{800EDADC-F5A6-4A74-94EC-1267A91065D1}"
EndProject
Project("{FAE04EC0-301F-11D3-BF4B-00C04F79EFBC}") = "ProductPrice", "..\..\..\ProductPrice\ProductPrice.csproj", "{9CED5A08-F997-495A-8E2E-F1CC6B65E18B}"
EndProject
Project("{FAE04EC0-301F-11D3-BF4B-00C04F79EFBC}") = "TableAttributeSetup", "..\..\..\TableAttributeSetup\TableAttributeSetup.csproj", "{662F83D7-B7DD-4690-9D21-62188991CB29}"
EndProject
Project("{FAE04EC0-301F-11D3-BF4B-00C04F79EFBC}") = "RedemptionUtils", "..\..\..\Redemption\RedemptionUtils.csproj", "{1A20E3DE-4198-46C4-8C5B-0AC1FCB727A1}"
EndProject
Project("{FAE04EC0-301F-11D3-BF4B-00C04F79EFBC}") = "ServerCore", "..\..\..\ServerCore\ServerCore.csproj", "{7BB265BA-7FEE-47C3-8E7E-11021F49A085}"
EndProject
Global
	GlobalSection(SolutionConfigurationPlatforms) = preSolution
		Debug|Any CPU = Debug|Any CPU
		Debug|x86 = Debug|x86
		Release|Any CPU = Release|Any CPU
		Release|x86 = Release|x86
	EndGlobalSection
	GlobalSection(ProjectConfigurationPlatforms) = postSolution
		{5FC4666E-CFE1-4BCF-B17A-7E4BF48C5F86}.Debug|Any CPU.ActiveCfg = Debug|Any CPU
		{5FC4666E-CFE1-4BCF-B17A-7E4BF48C5F86}.Debug|Any CPU.Build.0 = Debug|Any CPU
		{5FC4666E-CFE1-4BCF-B17A-7E4BF48C5F86}.Debug|x86.ActiveCfg = Debug|x86
		{5FC4666E-CFE1-4BCF-B17A-7E4BF48C5F86}.Debug|x86.Build.0 = Debug|x86
		{5FC4666E-CFE1-4BCF-B17A-7E4BF48C5F86}.Release|Any CPU.ActiveCfg = Release|Any CPU
		{5FC4666E-CFE1-4BCF-B17A-7E4BF48C5F86}.Release|Any CPU.Build.0 = Release|Any CPU
		{5FC4666E-CFE1-4BCF-B17A-7E4BF48C5F86}.Release|x86.ActiveCfg = Release|Any CPU
		{5FC4666E-CFE1-4BCF-B17A-7E4BF48C5F86}.Release|x86.Build.0 = Release|Any CPU
		{667EAB12-6C89-48ED-9FCB-934697CC2779}.Debug|Any CPU.ActiveCfg = Debug|Any CPU
		{667EAB12-6C89-48ED-9FCB-934697CC2779}.Debug|Any CPU.Build.0 = Debug|Any CPU
		{667EAB12-6C89-48ED-9FCB-934697CC2779}.Debug|x86.ActiveCfg = Debug|x86
		{667EAB12-6C89-48ED-9FCB-934697CC2779}.Debug|x86.Build.0 = Debug|x86
		{667EAB12-6C89-48ED-9FCB-934697CC2779}.Release|Any CPU.ActiveCfg = Release|Any CPU
		{667EAB12-6C89-48ED-9FCB-934697CC2779}.Release|Any CPU.Build.0 = Release|Any CPU
		{667EAB12-6C89-48ED-9FCB-934697CC2779}.Release|x86.ActiveCfg = Release|x86
		{667EAB12-6C89-48ED-9FCB-934697CC2779}.Release|x86.Build.0 = Release|x86
		{1A1BAC8C-A16A-433C-8856-2EC4047D31FB}.Debug|Any CPU.ActiveCfg = Debug|Any CPU
		{1A1BAC8C-A16A-433C-8856-2EC4047D31FB}.Debug|Any CPU.Build.0 = Debug|Any CPU
		{1A1BAC8C-A16A-433C-8856-2EC4047D31FB}.Debug|x86.ActiveCfg = Debug|x86
		{1A1BAC8C-A16A-433C-8856-2EC4047D31FB}.Debug|x86.Build.0 = Debug|x86
		{1A1BAC8C-A16A-433C-8856-2EC4047D31FB}.Release|Any CPU.ActiveCfg = Release|Any CPU
		{1A1BAC8C-A16A-433C-8856-2EC4047D31FB}.Release|Any CPU.Build.0 = Release|Any CPU
		{1A1BAC8C-A16A-433C-8856-2EC4047D31FB}.Release|x86.ActiveCfg = Release|x86
		{1A1BAC8C-A16A-433C-8856-2EC4047D31FB}.Release|x86.Build.0 = Release|x86
		{5EEC3FD1-9EA6-404E-9C7A-554268A3EF80}.Debug|Any CPU.ActiveCfg = Debug|Any CPU
		{5EEC3FD1-9EA6-404E-9C7A-554268A3EF80}.Debug|Any CPU.Build.0 = Debug|Any CPU
		{5EEC3FD1-9EA6-404E-9C7A-554268A3EF80}.Debug|x86.ActiveCfg = Debug|x86
		{5EEC3FD1-9EA6-404E-9C7A-554268A3EF80}.Debug|x86.Build.0 = Debug|x86
		{5EEC3FD1-9EA6-404E-9C7A-554268A3EF80}.Release|Any CPU.ActiveCfg = Release|Any CPU
		{5EEC3FD1-9EA6-404E-9C7A-554268A3EF80}.Release|Any CPU.Build.0 = Release|Any CPU
		{5EEC3FD1-9EA6-404E-9C7A-554268A3EF80}.Release|x86.ActiveCfg = Release|x86
		{5EEC3FD1-9EA6-404E-9C7A-554268A3EF80}.Release|x86.Build.0 = Release|x86
		{F1BA74AA-2DC7-48C1-8CBD-254F8C2B63F8}.Debug|Any CPU.ActiveCfg = Debug|Any CPU
		{F1BA74AA-2DC7-48C1-8CBD-254F8C2B63F8}.Debug|Any CPU.Build.0 = Debug|Any CPU
		{F1BA74AA-2DC7-48C1-8CBD-254F8C2B63F8}.Debug|x86.ActiveCfg = Debug|x86
		{F1BA74AA-2DC7-48C1-8CBD-254F8C2B63F8}.Debug|x86.Build.0 = Debug|x86
		{F1BA74AA-2DC7-48C1-8CBD-254F8C2B63F8}.Release|Any CPU.ActiveCfg = Release|Any CPU
		{F1BA74AA-2DC7-48C1-8CBD-254F8C2B63F8}.Release|Any CPU.Build.0 = Release|Any CPU
		{F1BA74AA-2DC7-48C1-8CBD-254F8C2B63F8}.Release|x86.ActiveCfg = Release|x86
		{F1BA74AA-2DC7-48C1-8CBD-254F8C2B63F8}.Release|x86.Build.0 = Release|x86
		{AF244E4D-B6F8-4FB7-979D-3E82236FE4AD}.Debug|Any CPU.ActiveCfg = Debug|Any CPU
		{AF244E4D-B6F8-4FB7-979D-3E82236FE4AD}.Debug|Any CPU.Build.0 = Debug|Any CPU
		{AF244E4D-B6F8-4FB7-979D-3E82236FE4AD}.Debug|x86.ActiveCfg = Debug|x86
		{AF244E4D-B6F8-4FB7-979D-3E82236FE4AD}.Debug|x86.Build.0 = Debug|x86
		{AF244E4D-B6F8-4FB7-979D-3E82236FE4AD}.Release|Any CPU.ActiveCfg = Release|Any CPU
		{AF244E4D-B6F8-4FB7-979D-3E82236FE4AD}.Release|Any CPU.Build.0 = Release|Any CPU
		{AF244E4D-B6F8-4FB7-979D-3E82236FE4AD}.Release|x86.ActiveCfg = Release|x86
		{AF244E4D-B6F8-4FB7-979D-3E82236FE4AD}.Release|x86.Build.0 = Release|x86
		{B0419249-F9F6-425F-9B56-13D2E12F319F}.Debug|Any CPU.ActiveCfg = Debug|Any CPU
		{B0419249-F9F6-425F-9B56-13D2E12F319F}.Debug|Any CPU.Build.0 = Debug|Any CPU
		{B0419249-F9F6-425F-9B56-13D2E12F319F}.Debug|x86.ActiveCfg = Debug|x86
		{B0419249-F9F6-425F-9B56-13D2E12F319F}.Debug|x86.Build.0 = Debug|x86
		{B0419249-F9F6-425F-9B56-13D2E12F319F}.Release|Any CPU.ActiveCfg = Release|Any CPU
		{B0419249-F9F6-425F-9B56-13D2E12F319F}.Release|Any CPU.Build.0 = Release|Any CPU
		{B0419249-F9F6-425F-9B56-13D2E12F319F}.Release|x86.ActiveCfg = Release|x86
		{B0419249-F9F6-425F-9B56-13D2E12F319F}.Release|x86.Build.0 = Release|x86
		{585E3765-3096-451D-89C0-97C9B845DBE7}.Debug|Any CPU.ActiveCfg = Debug|Any CPU
		{585E3765-3096-451D-89C0-97C9B845DBE7}.Debug|Any CPU.Build.0 = Debug|Any CPU
		{585E3765-3096-451D-89C0-97C9B845DBE7}.Debug|x86.ActiveCfg = Debug|x86
		{585E3765-3096-451D-89C0-97C9B845DBE7}.Debug|x86.Build.0 = Debug|x86
		{585E3765-3096-451D-89C0-97C9B845DBE7}.Release|Any CPU.ActiveCfg = Release|Any CPU
		{585E3765-3096-451D-89C0-97C9B845DBE7}.Release|Any CPU.Build.0 = Release|Any CPU
		{585E3765-3096-451D-89C0-97C9B845DBE7}.Release|x86.ActiveCfg = Release|x86
		{585E3765-3096-451D-89C0-97C9B845DBE7}.Release|x86.Build.0 = Release|x86
		{E30D3295-E230-44D2-880D-22BF5A349119}.Debug|Any CPU.ActiveCfg = Debug|Any CPU
		{E30D3295-E230-44D2-880D-22BF5A349119}.Debug|Any CPU.Build.0 = Debug|Any CPU
		{E30D3295-E230-44D2-880D-22BF5A349119}.Debug|x86.ActiveCfg = Debug|x86
		{E30D3295-E230-44D2-880D-22BF5A349119}.Debug|x86.Build.0 = Debug|x86
		{E30D3295-E230-44D2-880D-22BF5A349119}.Release|Any CPU.ActiveCfg = Release|Any CPU
		{E30D3295-E230-44D2-880D-22BF5A349119}.Release|Any CPU.Build.0 = Release|Any CPU
		{E30D3295-E230-44D2-880D-22BF5A349119}.Release|x86.ActiveCfg = Release|x86
		{E30D3295-E230-44D2-880D-22BF5A349119}.Release|x86.Build.0 = Release|x86
		{36B671D0-EF70-42DB-940B-6A3622023F58}.Debug|Any CPU.ActiveCfg = Debug|Any CPU
		{36B671D0-EF70-42DB-940B-6A3622023F58}.Debug|Any CPU.Build.0 = Debug|Any CPU
		{36B671D0-EF70-42DB-940B-6A3622023F58}.Debug|x86.ActiveCfg = Debug|x86
		{36B671D0-EF70-42DB-940B-6A3622023F58}.Debug|x86.Build.0 = Debug|x86
		{36B671D0-EF70-42DB-940B-6A3622023F58}.Release|Any CPU.ActiveCfg = Release|Any CPU
		{36B671D0-EF70-42DB-940B-6A3622023F58}.Release|Any CPU.Build.0 = Release|Any CPU
		{36B671D0-EF70-42DB-940B-6A3622023F58}.Release|x86.ActiveCfg = Release|x86
		{36B671D0-EF70-42DB-940B-6A3622023F58}.Release|x86.Build.0 = Release|x86
		{E7CEB68F-78BB-44F8-9B4E-EA3FB43DAC9A}.Debug|Any CPU.ActiveCfg = Debug|Any CPU
		{E7CEB68F-78BB-44F8-9B4E-EA3FB43DAC9A}.Debug|Any CPU.Build.0 = Debug|Any CPU
		{E7CEB68F-78BB-44F8-9B4E-EA3FB43DAC9A}.Debug|x86.ActiveCfg = Debug|x86
		{E7CEB68F-78BB-44F8-9B4E-EA3FB43DAC9A}.Debug|x86.Build.0 = Debug|x86
		{E7CEB68F-78BB-44F8-9B4E-EA3FB43DAC9A}.Release|Any CPU.ActiveCfg = Release|Any CPU
		{E7CEB68F-78BB-44F8-9B4E-EA3FB43DAC9A}.Release|Any CPU.Build.0 = Release|Any CPU
		{E7CEB68F-78BB-44F8-9B4E-EA3FB43DAC9A}.Release|x86.ActiveCfg = Release|x86
		{E7CEB68F-78BB-44F8-9B4E-EA3FB43DAC9A}.Release|x86.Build.0 = Release|x86
		{61BD1EB5-DF16-4A31-83FC-8D6944F02A20}.Debug|Any CPU.ActiveCfg = Debug|Any CPU
		{61BD1EB5-DF16-4A31-83FC-8D6944F02A20}.Debug|Any CPU.Build.0 = Debug|Any CPU
		{61BD1EB5-DF16-4A31-83FC-8D6944F02A20}.Debug|x86.ActiveCfg = Debug|x86
		{61BD1EB5-DF16-4A31-83FC-8D6944F02A20}.Debug|x86.Build.0 = Debug|x86
		{61BD1EB5-DF16-4A31-83FC-8D6944F02A20}.Release|Any CPU.ActiveCfg = Release|Any CPU
		{61BD1EB5-DF16-4A31-83FC-8D6944F02A20}.Release|Any CPU.Build.0 = Release|Any CPU
		{61BD1EB5-DF16-4A31-83FC-8D6944F02A20}.Release|x86.ActiveCfg = Release|x86
		{61BD1EB5-DF16-4A31-83FC-8D6944F02A20}.Release|x86.Build.0 = Release|x86
		{1B64EC1E-F381-485B-8C69-A07F80A27775}.Debug|Any CPU.ActiveCfg = Debug|Any CPU
		{1B64EC1E-F381-485B-8C69-A07F80A27775}.Debug|Any CPU.Build.0 = Debug|Any CPU
		{1B64EC1E-F381-485B-8C69-A07F80A27775}.Debug|x86.ActiveCfg = Debug|x86
		{1B64EC1E-F381-485B-8C69-A07F80A27775}.Debug|x86.Build.0 = Debug|x86
		{1B64EC1E-F381-485B-8C69-A07F80A27775}.Release|Any CPU.ActiveCfg = Release|Any CPU
		{1B64EC1E-F381-485B-8C69-A07F80A27775}.Release|Any CPU.Build.0 = Release|Any CPU
		{1B64EC1E-F381-485B-8C69-A07F80A27775}.Release|x86.ActiveCfg = Release|x86
		{1B64EC1E-F381-485B-8C69-A07F80A27775}.Release|x86.Build.0 = Release|x86
		{09EC39CF-3DD3-4920-A155-CADE5B252B8A}.Debug|Any CPU.ActiveCfg = Debug|Any CPU
		{09EC39CF-3DD3-4920-A155-CADE5B252B8A}.Debug|Any CPU.Build.0 = Debug|Any CPU
		{09EC39CF-3DD3-4920-A155-CADE5B252B8A}.Debug|x86.ActiveCfg = Debug|x86
		{09EC39CF-3DD3-4920-A155-CADE5B252B8A}.Debug|x86.Build.0 = Debug|x86
		{09EC39CF-3DD3-4920-A155-CADE5B252B8A}.Release|Any CPU.ActiveCfg = Release|Any CPU
		{09EC39CF-3DD3-4920-A155-CADE5B252B8A}.Release|Any CPU.Build.0 = Release|Any CPU
		{09EC39CF-3DD3-4920-A155-CADE5B252B8A}.Release|x86.ActiveCfg = Release|x86
		{09EC39CF-3DD3-4920-A155-CADE5B252B8A}.Release|x86.Build.0 = Release|x86
		{970A8E60-83BE-4559-A67C-3EF7135A3E8D}.Debug|Any CPU.ActiveCfg = Debug|Any CPU
		{970A8E60-83BE-4559-A67C-3EF7135A3E8D}.Debug|Any CPU.Build.0 = Debug|Any CPU
		{970A8E60-83BE-4559-A67C-3EF7135A3E8D}.Debug|x86.ActiveCfg = Debug|x86
		{970A8E60-83BE-4559-A67C-3EF7135A3E8D}.Debug|x86.Build.0 = Debug|x86
		{970A8E60-83BE-4559-A67C-3EF7135A3E8D}.Release|Any CPU.ActiveCfg = Release|Any CPU
		{970A8E60-83BE-4559-A67C-3EF7135A3E8D}.Release|Any CPU.Build.0 = Release|Any CPU
		{970A8E60-83BE-4559-A67C-3EF7135A3E8D}.Release|x86.ActiveCfg = Release|x86
		{970A8E60-83BE-4559-A67C-3EF7135A3E8D}.Release|x86.Build.0 = Release|x86
		{A707F773-C706-429B-B031-70C69C9ADFD1}.Debug|Any CPU.ActiveCfg = Debug|Any CPU
		{A707F773-C706-429B-B031-70C69C9ADFD1}.Debug|Any CPU.Build.0 = Debug|Any CPU
		{A707F773-C706-429B-B031-70C69C9ADFD1}.Debug|x86.ActiveCfg = Debug|x86
		{A707F773-C706-429B-B031-70C69C9ADFD1}.Debug|x86.Build.0 = Debug|x86
		{A707F773-C706-429B-B031-70C69C9ADFD1}.Release|Any CPU.ActiveCfg = Release|Any CPU
		{A707F773-C706-429B-B031-70C69C9ADFD1}.Release|Any CPU.Build.0 = Release|Any CPU
		{A707F773-C706-429B-B031-70C69C9ADFD1}.Release|x86.ActiveCfg = Release|x86
		{A707F773-C706-429B-B031-70C69C9ADFD1}.Release|x86.Build.0 = Release|x86
		{9E3C0DFC-DEA4-4A14-839D-08F4F50EFED2}.Debug|Any CPU.ActiveCfg = Debug|Any CPU
		{9E3C0DFC-DEA4-4A14-839D-08F4F50EFED2}.Debug|Any CPU.Build.0 = Debug|Any CPU
		{9E3C0DFC-DEA4-4A14-839D-08F4F50EFED2}.Debug|x86.ActiveCfg = Debug|x86
		{9E3C0DFC-DEA4-4A14-839D-08F4F50EFED2}.Debug|x86.Build.0 = Debug|x86
		{9E3C0DFC-DEA4-4A14-839D-08F4F50EFED2}.Release|Any CPU.ActiveCfg = Release|Any CPU
		{9E3C0DFC-DEA4-4A14-839D-08F4F50EFED2}.Release|Any CPU.Build.0 = Release|Any CPU
		{9E3C0DFC-DEA4-4A14-839D-08F4F50EFED2}.Release|x86.ActiveCfg = Release|x86
		{9E3C0DFC-DEA4-4A14-839D-08F4F50EFED2}.Release|x86.Build.0 = Release|x86
		{266543A2-B12C-46FE-BCF1-A67319B9CFB8}.Debug|Any CPU.ActiveCfg = Debug|Any CPU
		{266543A2-B12C-46FE-BCF1-A67319B9CFB8}.Debug|Any CPU.Build.0 = Debug|Any CPU
		{266543A2-B12C-46FE-BCF1-A67319B9CFB8}.Debug|x86.ActiveCfg = Debug|x86
		{266543A2-B12C-46FE-BCF1-A67319B9CFB8}.Debug|x86.Build.0 = Debug|x86
		{266543A2-B12C-46FE-BCF1-A67319B9CFB8}.Release|Any CPU.ActiveCfg = Release|Any CPU
		{266543A2-B12C-46FE-BCF1-A67319B9CFB8}.Release|Any CPU.Build.0 = Release|Any CPU
		{266543A2-B12C-46FE-BCF1-A67319B9CFB8}.Release|x86.ActiveCfg = Release|x86
		{266543A2-B12C-46FE-BCF1-A67319B9CFB8}.Release|x86.Build.0 = Release|x86
		{D7B2505F-76DB-46FE-A58B-2386268FD5FF}.Debug|Any CPU.ActiveCfg = Debug|Any CPU
		{D7B2505F-76DB-46FE-A58B-2386268FD5FF}.Debug|Any CPU.Build.0 = Debug|Any CPU
		{D7B2505F-76DB-46FE-A58B-2386268FD5FF}.Debug|x86.ActiveCfg = Debug|x86
		{D7B2505F-76DB-46FE-A58B-2386268FD5FF}.Debug|x86.Build.0 = Debug|x86
		{D7B2505F-76DB-46FE-A58B-2386268FD5FF}.Release|Any CPU.ActiveCfg = Release|Any CPU
		{D7B2505F-76DB-46FE-A58B-2386268FD5FF}.Release|Any CPU.Build.0 = Release|Any CPU
		{D7B2505F-76DB-46FE-A58B-2386268FD5FF}.Release|x86.ActiveCfg = Release|x86
		{D7B2505F-76DB-46FE-A58B-2386268FD5FF}.Release|x86.Build.0 = Release|x86
		{B1BA254D-FD7A-445F-A2A5-6FAFE81325C6}.Debug|Any CPU.ActiveCfg = Debug|Any CPU
		{B1BA254D-FD7A-445F-A2A5-6FAFE81325C6}.Debug|Any CPU.Build.0 = Debug|Any CPU
		{B1BA254D-FD7A-445F-A2A5-6FAFE81325C6}.Debug|x86.ActiveCfg = Debug|x86
		{B1BA254D-FD7A-445F-A2A5-6FAFE81325C6}.Debug|x86.Build.0 = Debug|x86
		{B1BA254D-FD7A-445F-A2A5-6FAFE81325C6}.Release|Any CPU.ActiveCfg = Release|Any CPU
		{B1BA254D-FD7A-445F-A2A5-6FAFE81325C6}.Release|Any CPU.Build.0 = Release|Any CPU
		{B1BA254D-FD7A-445F-A2A5-6FAFE81325C6}.Release|x86.ActiveCfg = Release|x86
		{B1BA254D-FD7A-445F-A2A5-6FAFE81325C6}.Release|x86.Build.0 = Release|x86
		{E1BD4CC7-8EFC-4565-A533-39802828D243}.Debug|Any CPU.ActiveCfg = Debug|Any CPU
		{E1BD4CC7-8EFC-4565-A533-39802828D243}.Debug|Any CPU.Build.0 = Debug|Any CPU
		{E1BD4CC7-8EFC-4565-A533-39802828D243}.Debug|x86.ActiveCfg = Debug|x86
		{E1BD4CC7-8EFC-4565-A533-39802828D243}.Debug|x86.Build.0 = Debug|x86
		{E1BD4CC7-8EFC-4565-A533-39802828D243}.Release|Any CPU.ActiveCfg = Release|Any CPU
		{E1BD4CC7-8EFC-4565-A533-39802828D243}.Release|Any CPU.Build.0 = Release|Any CPU
		{E1BD4CC7-8EFC-4565-A533-39802828D243}.Release|x86.ActiveCfg = Release|x86
		{E1BD4CC7-8EFC-4565-A533-39802828D243}.Release|x86.Build.0 = Release|x86
		{0BA61F06-B401-4DDE-B374-E54F8ECAE187}.Debug|Any CPU.ActiveCfg = Debug|Any CPU
		{0BA61F06-B401-4DDE-B374-E54F8ECAE187}.Debug|Any CPU.Build.0 = Debug|Any CPU
		{0BA61F06-B401-4DDE-B374-E54F8ECAE187}.Debug|x86.ActiveCfg = Debug|x86
		{0BA61F06-B401-4DDE-B374-E54F8ECAE187}.Debug|x86.Build.0 = Debug|x86
		{0BA61F06-B401-4DDE-B374-E54F8ECAE187}.Release|Any CPU.ActiveCfg = Release|Any CPU
		{0BA61F06-B401-4DDE-B374-E54F8ECAE187}.Release|Any CPU.Build.0 = Release|Any CPU
		{0BA61F06-B401-4DDE-B374-E54F8ECAE187}.Release|x86.ActiveCfg = Release|x86
		{0BA61F06-B401-4DDE-B374-E54F8ECAE187}.Release|x86.Build.0 = Release|x86
		{0B195894-EAC2-4E9A-A5E3-AA8AE1A47E6B}.Debug|Any CPU.ActiveCfg = Debug|Any CPU
		{0B195894-EAC2-4E9A-A5E3-AA8AE1A47E6B}.Debug|Any CPU.Build.0 = Debug|Any CPU
		{0B195894-EAC2-4E9A-A5E3-AA8AE1A47E6B}.Debug|x86.ActiveCfg = Debug|x86
		{0B195894-EAC2-4E9A-A5E3-AA8AE1A47E6B}.Debug|x86.Build.0 = Debug|x86
		{0B195894-EAC2-4E9A-A5E3-AA8AE1A47E6B}.Release|Any CPU.ActiveCfg = Release|Any CPU
		{0B195894-EAC2-4E9A-A5E3-AA8AE1A47E6B}.Release|Any CPU.Build.0 = Release|Any CPU
		{0B195894-EAC2-4E9A-A5E3-AA8AE1A47E6B}.Release|x86.ActiveCfg = Release|x86
		{0B195894-EAC2-4E9A-A5E3-AA8AE1A47E6B}.Release|x86.Build.0 = Release|x86
		{EDD835A5-1862-4AED-B3F0-1C134B40FDB4}.Debug|Any CPU.ActiveCfg = Debug|Any CPU
		{EDD835A5-1862-4AED-B3F0-1C134B40FDB4}.Debug|Any CPU.Build.0 = Debug|Any CPU
		{EDD835A5-1862-4AED-B3F0-1C134B40FDB4}.Debug|x86.ActiveCfg = Debug|x86
		{EDD835A5-1862-4AED-B3F0-1C134B40FDB4}.Debug|x86.Build.0 = Debug|x86
		{EDD835A5-1862-4AED-B3F0-1C134B40FDB4}.Release|Any CPU.ActiveCfg = Release|Any CPU
		{EDD835A5-1862-4AED-B3F0-1C134B40FDB4}.Release|Any CPU.Build.0 = Release|Any CPU
		{EDD835A5-1862-4AED-B3F0-1C134B40FDB4}.Release|x86.ActiveCfg = Release|x86
		{EDD835A5-1862-4AED-B3F0-1C134B40FDB4}.Release|x86.Build.0 = Release|x86
		{41A713DA-1CA8-4C0B-86ED-FA33580248D9}.Debug|Any CPU.ActiveCfg = Debug|Any CPU
		{41A713DA-1CA8-4C0B-86ED-FA33580248D9}.Debug|Any CPU.Build.0 = Debug|Any CPU
		{41A713DA-1CA8-4C0B-86ED-FA33580248D9}.Debug|x86.ActiveCfg = Debug|x86
		{41A713DA-1CA8-4C0B-86ED-FA33580248D9}.Debug|x86.Build.0 = Debug|x86
		{41A713DA-1CA8-4C0B-86ED-FA33580248D9}.Release|Any CPU.ActiveCfg = Release|Any CPU
		{41A713DA-1CA8-4C0B-86ED-FA33580248D9}.Release|Any CPU.Build.0 = Release|Any CPU
		{41A713DA-1CA8-4C0B-86ED-FA33580248D9}.Release|x86.ActiveCfg = Release|x86
		{41A713DA-1CA8-4C0B-86ED-FA33580248D9}.Release|x86.Build.0 = Release|x86
		{77771DFD-58F0-4A77-A46F-BC752075E760}.Debug|Any CPU.ActiveCfg = Debug|Any CPU
		{77771DFD-58F0-4A77-A46F-BC752075E760}.Debug|Any CPU.Build.0 = Debug|Any CPU
		{77771DFD-58F0-4A77-A46F-BC752075E760}.Debug|x86.ActiveCfg = Debug|x86
		{77771DFD-58F0-4A77-A46F-BC752075E760}.Debug|x86.Build.0 = Debug|x86
		{77771DFD-58F0-4A77-A46F-BC752075E760}.Release|Any CPU.ActiveCfg = Release|Any CPU
		{77771DFD-58F0-4A77-A46F-BC752075E760}.Release|Any CPU.Build.0 = Release|Any CPU
		{77771DFD-58F0-4A77-A46F-BC752075E760}.Release|x86.ActiveCfg = Release|x86
		{77771DFD-58F0-4A77-A46F-BC752075E760}.Release|x86.Build.0 = Release|x86
		{24D8C63F-8F14-42CE-BC91-CFE34A088B38}.Debug|Any CPU.ActiveCfg = Debug|Any CPU
		{24D8C63F-8F14-42CE-BC91-CFE34A088B38}.Debug|Any CPU.Build.0 = Debug|Any CPU
		{24D8C63F-8F14-42CE-BC91-CFE34A088B38}.Debug|x86.ActiveCfg = Debug|x86
		{24D8C63F-8F14-42CE-BC91-CFE34A088B38}.Debug|x86.Build.0 = Debug|x86
		{24D8C63F-8F14-42CE-BC91-CFE34A088B38}.Release|Any CPU.ActiveCfg = Release|Any CPU
		{24D8C63F-8F14-42CE-BC91-CFE34A088B38}.Release|Any CPU.Build.0 = Release|Any CPU
		{24D8C63F-8F14-42CE-BC91-CFE34A088B38}.Release|x86.ActiveCfg = Release|x86
		{24D8C63F-8F14-42CE-BC91-CFE34A088B38}.Release|x86.Build.0 = Release|x86
		{F0FDE99A-725F-45C2-9CD8-B7961088EA2C}.Debug|Any CPU.ActiveCfg = Debug|Any CPU
		{F0FDE99A-725F-45C2-9CD8-B7961088EA2C}.Debug|Any CPU.Build.0 = Debug|Any CPU
		{F0FDE99A-725F-45C2-9CD8-B7961088EA2C}.Debug|x86.ActiveCfg = Debug|x86
		{F0FDE99A-725F-45C2-9CD8-B7961088EA2C}.Debug|x86.Build.0 = Debug|x86
		{F0FDE99A-725F-45C2-9CD8-B7961088EA2C}.Release|Any CPU.ActiveCfg = Release|Any CPU
		{F0FDE99A-725F-45C2-9CD8-B7961088EA2C}.Release|Any CPU.Build.0 = Release|Any CPU
		{F0FDE99A-725F-45C2-9CD8-B7961088EA2C}.Release|x86.ActiveCfg = Release|x86
		{F0FDE99A-725F-45C2-9CD8-B7961088EA2C}.Release|x86.Build.0 = Release|x86
		{43D5A367-06AD-4ECE-8143-29244F36F380}.Debug|Any CPU.ActiveCfg = Debug|Any CPU
		{43D5A367-06AD-4ECE-8143-29244F36F380}.Debug|Any CPU.Build.0 = Debug|Any CPU
		{43D5A367-06AD-4ECE-8143-29244F36F380}.Debug|x86.ActiveCfg = Debug|x86
		{43D5A367-06AD-4ECE-8143-29244F36F380}.Debug|x86.Build.0 = Debug|x86
		{43D5A367-06AD-4ECE-8143-29244F36F380}.Release|Any CPU.ActiveCfg = Release|Any CPU
		{43D5A367-06AD-4ECE-8143-29244F36F380}.Release|Any CPU.Build.0 = Release|Any CPU
		{43D5A367-06AD-4ECE-8143-29244F36F380}.Release|x86.ActiveCfg = Release|x86
		{43D5A367-06AD-4ECE-8143-29244F36F380}.Release|x86.Build.0 = Release|x86
		{F23F4B8C-4C62-49BD-B9CF-CDD278E14C5F}.Debug|Any CPU.ActiveCfg = Debug|Any CPU
		{F23F4B8C-4C62-49BD-B9CF-CDD278E14C5F}.Debug|Any CPU.Build.0 = Debug|Any CPU
		{F23F4B8C-4C62-49BD-B9CF-CDD278E14C5F}.Debug|x86.ActiveCfg = Debug|x86
		{F23F4B8C-4C62-49BD-B9CF-CDD278E14C5F}.Debug|x86.Build.0 = Debug|x86
		{F23F4B8C-4C62-49BD-B9CF-CDD278E14C5F}.Release|Any CPU.ActiveCfg = Release|Any CPU
		{F23F4B8C-4C62-49BD-B9CF-CDD278E14C5F}.Release|Any CPU.Build.0 = Release|Any CPU
		{F23F4B8C-4C62-49BD-B9CF-CDD278E14C5F}.Release|x86.ActiveCfg = Release|x86
		{F23F4B8C-4C62-49BD-B9CF-CDD278E14C5F}.Release|x86.Build.0 = Release|x86
		{3B914EE9-767A-458E-83C3-6E434556A1A9}.Debug|Any CPU.ActiveCfg = Debug|Any CPU
		{3B914EE9-767A-458E-83C3-6E434556A1A9}.Debug|Any CPU.Build.0 = Debug|Any CPU
		{3B914EE9-767A-458E-83C3-6E434556A1A9}.Debug|x86.ActiveCfg = Debug|x86
		{3B914EE9-767A-458E-83C3-6E434556A1A9}.Debug|x86.Build.0 = Debug|x86
		{3B914EE9-767A-458E-83C3-6E434556A1A9}.Release|Any CPU.ActiveCfg = Release|Any CPU
		{3B914EE9-767A-458E-83C3-6E434556A1A9}.Release|Any CPU.Build.0 = Release|Any CPU
		{3B914EE9-767A-458E-83C3-6E434556A1A9}.Release|x86.ActiveCfg = Release|x86
		{3B914EE9-767A-458E-83C3-6E434556A1A9}.Release|x86.Build.0 = Release|x86
		{B8974CD4-806B-4027-AFE3-D35DA8E949EE}.Debug|Any CPU.ActiveCfg = Debug|Any CPU
		{B8974CD4-806B-4027-AFE3-D35DA8E949EE}.Debug|Any CPU.Build.0 = Debug|Any CPU
		{B8974CD4-806B-4027-AFE3-D35DA8E949EE}.Debug|x86.ActiveCfg = Debug|x86
		{B8974CD4-806B-4027-AFE3-D35DA8E949EE}.Debug|x86.Build.0 = Debug|x86
		{B8974CD4-806B-4027-AFE3-D35DA8E949EE}.Release|Any CPU.ActiveCfg = Release|Any CPU
		{B8974CD4-806B-4027-AFE3-D35DA8E949EE}.Release|Any CPU.Build.0 = Release|Any CPU
		{B8974CD4-806B-4027-AFE3-D35DA8E949EE}.Release|x86.ActiveCfg = Release|x86
		{B8974CD4-806B-4027-AFE3-D35DA8E949EE}.Release|x86.Build.0 = Release|x86
		{9F184AF5-E406-4FC8-AC22-DC29351D016C}.Debug|Any CPU.ActiveCfg = Debug|Any CPU
		{9F184AF5-E406-4FC8-AC22-DC29351D016C}.Debug|Any CPU.Build.0 = Debug|Any CPU
		{9F184AF5-E406-4FC8-AC22-DC29351D016C}.Debug|x86.ActiveCfg = Debug|x86
		{9F184AF5-E406-4FC8-AC22-DC29351D016C}.Debug|x86.Build.0 = Debug|x86
		{9F184AF5-E406-4FC8-AC22-DC29351D016C}.Release|Any CPU.ActiveCfg = Release|Any CPU
		{9F184AF5-E406-4FC8-AC22-DC29351D016C}.Release|Any CPU.Build.0 = Release|Any CPU
		{9F184AF5-E406-4FC8-AC22-DC29351D016C}.Release|x86.ActiveCfg = Release|x86
		{9F184AF5-E406-4FC8-AC22-DC29351D016C}.Release|x86.Build.0 = Release|x86
		{D682B493-8A01-45A2-A934-58F141923C0D}.Debug|Any CPU.ActiveCfg = Debug|Any CPU
		{D682B493-8A01-45A2-A934-58F141923C0D}.Debug|Any CPU.Build.0 = Debug|Any CPU
		{D682B493-8A01-45A2-A934-58F141923C0D}.Debug|x86.ActiveCfg = Debug|x86
		{D682B493-8A01-45A2-A934-58F141923C0D}.Debug|x86.Build.0 = Debug|x86
		{D682B493-8A01-45A2-A934-58F141923C0D}.Release|Any CPU.ActiveCfg = Release|Any CPU
		{D682B493-8A01-45A2-A934-58F141923C0D}.Release|Any CPU.Build.0 = Release|Any CPU
		{D682B493-8A01-45A2-A934-58F141923C0D}.Release|x86.ActiveCfg = Release|x86
		{D682B493-8A01-45A2-A934-58F141923C0D}.Release|x86.Build.0 = Release|x86
		{45C69515-B9A7-44F3-882B-0B53548226F1}.Debug|Any CPU.ActiveCfg = Debug|Any CPU
		{45C69515-B9A7-44F3-882B-0B53548226F1}.Debug|Any CPU.Build.0 = Debug|Any CPU
		{45C69515-B9A7-44F3-882B-0B53548226F1}.Debug|x86.ActiveCfg = Debug|x86
		{45C69515-B9A7-44F3-882B-0B53548226F1}.Debug|x86.Build.0 = Debug|x86
		{45C69515-B9A7-44F3-882B-0B53548226F1}.Release|Any CPU.ActiveCfg = Release|Any CPU
		{45C69515-B9A7-44F3-882B-0B53548226F1}.Release|Any CPU.Build.0 = Release|Any CPU
		{45C69515-B9A7-44F3-882B-0B53548226F1}.Release|x86.ActiveCfg = Release|x86
		{45C69515-B9A7-44F3-882B-0B53548226F1}.Release|x86.Build.0 = Release|x86
		{B4419625-2D92-4E3B-99B3-2DF03A45CD59}.Debug|Any CPU.ActiveCfg = Debug|Any CPU
		{B4419625-2D92-4E3B-99B3-2DF03A45CD59}.Debug|Any CPU.Build.0 = Debug|Any CPU
		{B4419625-2D92-4E3B-99B3-2DF03A45CD59}.Debug|x86.ActiveCfg = Debug|x86
		{B4419625-2D92-4E3B-99B3-2DF03A45CD59}.Debug|x86.Build.0 = Debug|x86
		{B4419625-2D92-4E3B-99B3-2DF03A45CD59}.Release|Any CPU.ActiveCfg = Release|Any CPU
		{B4419625-2D92-4E3B-99B3-2DF03A45CD59}.Release|Any CPU.Build.0 = Release|Any CPU
		{B4419625-2D92-4E3B-99B3-2DF03A45CD59}.Release|x86.ActiveCfg = Release|x86
		{B4419625-2D92-4E3B-99B3-2DF03A45CD59}.Release|x86.Build.0 = Release|x86
		{7C9CB499-A3A1-45B9-88A3-254A9D6F04E7}.Debug|Any CPU.ActiveCfg = Debug|Any CPU
		{7C9CB499-A3A1-45B9-88A3-254A9D6F04E7}.Debug|Any CPU.Build.0 = Debug|Any CPU
		{7C9CB499-A3A1-45B9-88A3-254A9D6F04E7}.Debug|x86.ActiveCfg = Debug|x86
		{7C9CB499-A3A1-45B9-88A3-254A9D6F04E7}.Debug|x86.Build.0 = Debug|x86
		{7C9CB499-A3A1-45B9-88A3-254A9D6F04E7}.Release|Any CPU.ActiveCfg = Release|Any CPU
		{7C9CB499-A3A1-45B9-88A3-254A9D6F04E7}.Release|Any CPU.Build.0 = Release|Any CPU
		{7C9CB499-A3A1-45B9-88A3-254A9D6F04E7}.Release|x86.ActiveCfg = Release|Any CPU
		{7C9CB499-A3A1-45B9-88A3-254A9D6F04E7}.Release|x86.Build.0 = Release|Any CPU
		{294CBA54-BBEA-40CF-BA8C-470D64DEF3D8}.Debug|Any CPU.ActiveCfg = Debug|Any CPU
		{294CBA54-BBEA-40CF-BA8C-470D64DEF3D8}.Debug|Any CPU.Build.0 = Debug|Any CPU
		{294CBA54-BBEA-40CF-BA8C-470D64DEF3D8}.Debug|x86.ActiveCfg = Debug|x86
		{294CBA54-BBEA-40CF-BA8C-470D64DEF3D8}.Debug|x86.Build.0 = Debug|x86
		{294CBA54-BBEA-40CF-BA8C-470D64DEF3D8}.Release|Any CPU.ActiveCfg = Release|Any CPU
		{294CBA54-BBEA-40CF-BA8C-470D64DEF3D8}.Release|Any CPU.Build.0 = Release|Any CPU
		{294CBA54-BBEA-40CF-BA8C-470D64DEF3D8}.Release|x86.ActiveCfg = Release|x86
		{294CBA54-BBEA-40CF-BA8C-470D64DEF3D8}.Release|x86.Build.0 = Release|x86
		{6584616A-8358-42F2-9A40-3D6F78529A13}.Debug|Any CPU.ActiveCfg = Debug|Any CPU
		{6584616A-8358-42F2-9A40-3D6F78529A13}.Debug|Any CPU.Build.0 = Debug|Any CPU
		{6584616A-8358-42F2-9A40-3D6F78529A13}.Debug|x86.ActiveCfg = Debug|x86
		{6584616A-8358-42F2-9A40-3D6F78529A13}.Debug|x86.Build.0 = Debug|x86
		{6584616A-8358-42F2-9A40-3D6F78529A13}.Release|Any CPU.ActiveCfg = Release|Any CPU
		{6584616A-8358-42F2-9A40-3D6F78529A13}.Release|Any CPU.Build.0 = Release|Any CPU
		{6584616A-8358-42F2-9A40-3D6F78529A13}.Release|x86.ActiveCfg = Release|x86
		{6584616A-8358-42F2-9A40-3D6F78529A13}.Release|x86.Build.0 = Release|x86
		{CA9E1908-ED0E-4F91-ACE2-7ED7FC3C8D6C}.Debug|Any CPU.ActiveCfg = Debug|Any CPU
		{CA9E1908-ED0E-4F91-ACE2-7ED7FC3C8D6C}.Debug|Any CPU.Build.0 = Debug|Any CPU
		{CA9E1908-ED0E-4F91-ACE2-7ED7FC3C8D6C}.Debug|x86.ActiveCfg = Debug|x86
		{CA9E1908-ED0E-4F91-ACE2-7ED7FC3C8D6C}.Debug|x86.Build.0 = Debug|x86
		{CA9E1908-ED0E-4F91-ACE2-7ED7FC3C8D6C}.Release|Any CPU.ActiveCfg = Release|Any CPU
		{CA9E1908-ED0E-4F91-ACE2-7ED7FC3C8D6C}.Release|Any CPU.Build.0 = Release|Any CPU
		{CA9E1908-ED0E-4F91-ACE2-7ED7FC3C8D6C}.Release|x86.ActiveCfg = Release|x86
		{CA9E1908-ED0E-4F91-ACE2-7ED7FC3C8D6C}.Release|x86.Build.0 = Release|x86
		{EE8E47B7-BA5D-49E1-8000-C8388C8F3B12}.Debug|Any CPU.ActiveCfg = Debug|Any CPU
		{EE8E47B7-BA5D-49E1-8000-C8388C8F3B12}.Debug|Any CPU.Build.0 = Debug|Any CPU
		{EE8E47B7-BA5D-49E1-8000-C8388C8F3B12}.Debug|x86.ActiveCfg = Debug|x86
		{EE8E47B7-BA5D-49E1-8000-C8388C8F3B12}.Debug|x86.Build.0 = Debug|x86
		{EE8E47B7-BA5D-49E1-8000-C8388C8F3B12}.Release|Any CPU.ActiveCfg = Release|Any CPU
		{EE8E47B7-BA5D-49E1-8000-C8388C8F3B12}.Release|Any CPU.Build.0 = Release|Any CPU
		{EE8E47B7-BA5D-49E1-8000-C8388C8F3B12}.Release|x86.ActiveCfg = Release|x86
		{EE8E47B7-BA5D-49E1-8000-C8388C8F3B12}.Release|x86.Build.0 = Release|x86
		{2DB4F475-6204-45AB-90C9-46B8C3F58405}.Debug|Any CPU.ActiveCfg = Debug|Any CPU
		{2DB4F475-6204-45AB-90C9-46B8C3F58405}.Debug|Any CPU.Build.0 = Debug|Any CPU
		{2DB4F475-6204-45AB-90C9-46B8C3F58405}.Debug|x86.ActiveCfg = Debug|x86
		{2DB4F475-6204-45AB-90C9-46B8C3F58405}.Debug|x86.Build.0 = Debug|x86
		{2DB4F475-6204-45AB-90C9-46B8C3F58405}.Release|Any CPU.ActiveCfg = Release|Any CPU
		{2DB4F475-6204-45AB-90C9-46B8C3F58405}.Release|Any CPU.Build.0 = Release|Any CPU
		{2DB4F475-6204-45AB-90C9-46B8C3F58405}.Release|x86.ActiveCfg = Release|x86
		{2DB4F475-6204-45AB-90C9-46B8C3F58405}.Release|x86.Build.0 = Release|x86
		{48630ECE-833D-4683-8CC6-24C4A7CB2941}.Debug|Any CPU.ActiveCfg = Debug|Any CPU
		{48630ECE-833D-4683-8CC6-24C4A7CB2941}.Debug|Any CPU.Build.0 = Debug|Any CPU
		{48630ECE-833D-4683-8CC6-24C4A7CB2941}.Debug|x86.ActiveCfg = Debug|x86
		{48630ECE-833D-4683-8CC6-24C4A7CB2941}.Debug|x86.Build.0 = Debug|x86
		{48630ECE-833D-4683-8CC6-24C4A7CB2941}.Release|Any CPU.ActiveCfg = Release|Any CPU
		{48630ECE-833D-4683-8CC6-24C4A7CB2941}.Release|Any CPU.Build.0 = Release|Any CPU
		{48630ECE-833D-4683-8CC6-24C4A7CB2941}.Release|x86.ActiveCfg = Release|x86
		{48630ECE-833D-4683-8CC6-24C4A7CB2941}.Release|x86.Build.0 = Release|x86
		{5BA13E6A-641C-4C51-9C15-256003F0E063}.Debug|Any CPU.ActiveCfg = Debug|Any CPU
		{5BA13E6A-641C-4C51-9C15-256003F0E063}.Debug|Any CPU.Build.0 = Debug|Any CPU
		{5BA13E6A-641C-4C51-9C15-256003F0E063}.Debug|x86.ActiveCfg = Debug|x86
		{5BA13E6A-641C-4C51-9C15-256003F0E063}.Debug|x86.Build.0 = Debug|x86
		{5BA13E6A-641C-4C51-9C15-256003F0E063}.Release|Any CPU.ActiveCfg = Release|Any CPU
		{5BA13E6A-641C-4C51-9C15-256003F0E063}.Release|Any CPU.Build.0 = Release|Any CPU
		{5BA13E6A-641C-4C51-9C15-256003F0E063}.Release|x86.ActiveCfg = Release|x86
		{5BA13E6A-641C-4C51-9C15-256003F0E063}.Release|x86.Build.0 = Release|x86
		{B73AF819-C0B5-4AA6-8C09-E8643F1437D1}.Debug|Any CPU.ActiveCfg = Debug|Any CPU
		{B73AF819-C0B5-4AA6-8C09-E8643F1437D1}.Debug|Any CPU.Build.0 = Debug|Any CPU
		{B73AF819-C0B5-4AA6-8C09-E8643F1437D1}.Debug|x86.ActiveCfg = Debug|x86
		{B73AF819-C0B5-4AA6-8C09-E8643F1437D1}.Debug|x86.Build.0 = Debug|x86
		{B73AF819-C0B5-4AA6-8C09-E8643F1437D1}.Release|Any CPU.ActiveCfg = Release|Any CPU
		{B73AF819-C0B5-4AA6-8C09-E8643F1437D1}.Release|Any CPU.Build.0 = Release|Any CPU
		{B73AF819-C0B5-4AA6-8C09-E8643F1437D1}.Release|x86.ActiveCfg = Release|x86
		{B73AF819-C0B5-4AA6-8C09-E8643F1437D1}.Release|x86.Build.0 = Release|x86
		{800EDADC-F5A6-4A74-94EC-1267A91065D1}.Debug|Any CPU.ActiveCfg = Debug|Any CPU
		{800EDADC-F5A6-4A74-94EC-1267A91065D1}.Debug|Any CPU.Build.0 = Debug|Any CPU
		{800EDADC-F5A6-4A74-94EC-1267A91065D1}.Debug|x86.ActiveCfg = Debug|Any CPU
		{800EDADC-F5A6-4A74-94EC-1267A91065D1}.Debug|x86.Build.0 = Debug|Any CPU
		{800EDADC-F5A6-4A74-94EC-1267A91065D1}.Release|Any CPU.ActiveCfg = Release|Any CPU
		{800EDADC-F5A6-4A74-94EC-1267A91065D1}.Release|Any CPU.Build.0 = Release|Any CPU
		{800EDADC-F5A6-4A74-94EC-1267A91065D1}.Release|x86.ActiveCfg = Release|Any CPU
		{800EDADC-F5A6-4A74-94EC-1267A91065D1}.Release|x86.Build.0 = Release|Any CPU
		{9CED5A08-F997-495A-8E2E-F1CC6B65E18B}.Debug|Any CPU.ActiveCfg = Debug|Any CPU
		{9CED5A08-F997-495A-8E2E-F1CC6B65E18B}.Debug|Any CPU.Build.0 = Debug|Any CPU
		{9CED5A08-F997-495A-8E2E-F1CC6B65E18B}.Debug|x86.ActiveCfg = Debug|x86
		{9CED5A08-F997-495A-8E2E-F1CC6B65E18B}.Debug|x86.Build.0 = Debug|x86
		{9CED5A08-F997-495A-8E2E-F1CC6B65E18B}.Release|Any CPU.ActiveCfg = Release|Any CPU
		{9CED5A08-F997-495A-8E2E-F1CC6B65E18B}.Release|Any CPU.Build.0 = Release|Any CPU
		{9CED5A08-F997-495A-8E2E-F1CC6B65E18B}.Release|x86.ActiveCfg = Release|x86
		{9CED5A08-F997-495A-8E2E-F1CC6B65E18B}.Release|x86.Build.0 = Release|x86
		{662F83D7-B7DD-4690-9D21-62188991CB29}.Debug|Any CPU.ActiveCfg = Debug|Any CPU
		{662F83D7-B7DD-4690-9D21-62188991CB29}.Debug|Any CPU.Build.0 = Debug|Any CPU
		{662F83D7-B7DD-4690-9D21-62188991CB29}.Debug|x86.ActiveCfg = Debug|Any CPU
		{662F83D7-B7DD-4690-9D21-62188991CB29}.Debug|x86.Build.0 = Debug|Any CPU
		{662F83D7-B7DD-4690-9D21-62188991CB29}.Release|Any CPU.ActiveCfg = Release|Any CPU
		{662F83D7-B7DD-4690-9D21-62188991CB29}.Release|Any CPU.Build.0 = Release|Any CPU
		{662F83D7-B7DD-4690-9D21-62188991CB29}.Release|x86.ActiveCfg = Release|Any CPU
		{662F83D7-B7DD-4690-9D21-62188991CB29}.Release|x86.Build.0 = Release|Any CPU
		{1A20E3DE-4198-46C4-8C5B-0AC1FCB727A1}.Debug|Any CPU.ActiveCfg = Debug|Any CPU
		{1A20E3DE-4198-46C4-8C5B-0AC1FCB727A1}.Debug|Any CPU.Build.0 = Debug|Any CPU
		{1A20E3DE-4198-46C4-8C5B-0AC1FCB727A1}.Debug|x86.ActiveCfg = Debug|x86
		{1A20E3DE-4198-46C4-8C5B-0AC1FCB727A1}.Debug|x86.Build.0 = Debug|x86
		{1A20E3DE-4198-46C4-8C5B-0AC1FCB727A1}.Release|Any CPU.ActiveCfg = Release|Any CPU
		{1A20E3DE-4198-46C4-8C5B-0AC1FCB727A1}.Release|Any CPU.Build.0 = Release|Any CPU
		{1A20E3DE-4198-46C4-8C5B-0AC1FCB727A1}.Release|x86.ActiveCfg = Release|x86
		{1A20E3DE-4198-46C4-8C5B-0AC1FCB727A1}.Release|x86.Build.0 = Release|x86
		{7BB265BA-7FEE-47C3-8E7E-11021F49A085}.Debug|Any CPU.ActiveCfg = Debug|Any CPU
		{7BB265BA-7FEE-47C3-8E7E-11021F49A085}.Debug|Any CPU.Build.0 = Debug|Any CPU
		{7BB265BA-7FEE-47C3-8E7E-11021F49A085}.Debug|x86.ActiveCfg = Debug|x86
		{7BB265BA-7FEE-47C3-8E7E-11021F49A085}.Debug|x86.Build.0 = Debug|x86
		{7BB265BA-7FEE-47C3-8E7E-11021F49A085}.Release|Any CPU.ActiveCfg = Release|Any CPU
		{7BB265BA-7FEE-47C3-8E7E-11021F49A085}.Release|Any CPU.Build.0 = Release|Any CPU
		{7BB265BA-7FEE-47C3-8E7E-11021F49A085}.Release|x86.ActiveCfg = Release|x86
		{7BB265BA-7FEE-47C3-8E7E-11021F49A085}.Release|x86.Build.0 = Release|x86
	EndGlobalSection
	GlobalSection(SolutionProperties) = preSolution
		HideSolutionNode = FALSE
	EndGlobalSection
	GlobalSection(ExtensibilityGlobals) = postSolution
		SolutionGuid = {F39FD68C-0F0F-4630-807A-ECFF5E4B8244}
	EndGlobalSection
	GlobalSection(TeamFoundationVersionControl) = preSolution
		SccNumberOfProjects = 51
		SccEnterpriseProvider = {4CA58AB2-18FA-4F8D-95D4-32DDF27D184C}
		SccTeamFoundationServer = http://192.168.20.250:8080/tfs/semnox
		SccLocalPath0 = .
		SccProjectUniqueName1 = ..\\..\\..\\Utilities\\Utilities.csproj
		SccProjectName1 = ../../../Utilities
		SccLocalPath1 = ..\\..\\..\\Utilities
		SccProjectUniqueName2 = ..\\..\\..\\Logging\\Logging.csproj
		SccProjectName2 = ../../../Logging
		SccLocalPath2 = ..\\..\\..\\Logging
		SccProjectUniqueName3 = ..\\..\\..\\GenericUtilities\\GenericUtilities.csproj
		SccProjectName3 = ../../../GenericUtilities
		SccLocalPath3 = ..\\..\\..\\GenericUtilities
		SccProjectUniqueName4 = ..\\..\\..\\Product\\Product.csproj
		SccProjectName4 = ../../../Product
		SccLocalPath4 = ..\\..\\..\\Product
		SccProjectUniqueName5 = ..\\..\\..\\Site\\Site.csproj
		SccProjectName5 = ../../../Site
		SccLocalPath5 = ..\\..\\..\\Site
		SccProjectUniqueName6 = ..\\..\\..\\Vendor\\Vendor.csproj
		SccProjectName6 = ../../../Vendor
		SccLocalPath6 = ..\\..\\..\\Vendor
		SccProjectUniqueName7 = ..\\..\\..\\User\\User.csproj
		SccProjectName7 = ../../../User
		SccLocalPath7 = ..\\..\\..\\User
		SccProjectUniqueName8 = ..\\..\\..\\logger\\logger.csproj
		SccProjectName8 = ../../../logger
		SccLocalPath8 = ..\\..\\..\\logger
		SccProjectUniqueName9 = ..\\..\\..\\Languages\\Languages.csproj
		SccProjectName9 = ../../../Languages
		SccLocalPath9 = ..\\..\\..\\Languages
		SccProjectUniqueName10 = ..\\..\\..\\Communication\\Communication.csproj
		SccProjectName10 = ../../../Communication
		SccLocalPath10 = ..\\..\\..\\Communication
		SccProjectUniqueName11 = ..\\..\\..\\Category\\Category.csproj
		SccProjectName11 = ../../../Category
		SccLocalPath11 = ..\\..\\..\\Category
		SccProjectUniqueName12 = ..\\..\\..\\Customer\\Customer.csproj
		SccProjectName12 = ../../../Customer
		SccLocalPath12 = ..\\..\\..\\Customer
		SccProjectUniqueName13 = ..\\..\\..\\Game\\Game.csproj
		SccProjectName13 = ../../../Game
		SccLocalPath13 = ..\\..\\..\\Game
		SccProjectUniqueName14 = ..\\..\\..\\Publish\\Publish.csproj
		SccProjectName14 = ../../../Publish
		SccLocalPath14 = ..\\..\\..\\Publish
		SccProjectUniqueName15 = ..\\..\\..\\RedemptionBarcodeUtils\\RedemptionBarcodeUtils\\RedemptionBarcodeUtils.csproj
		SccProjectName15 = ../../../RedemptionBarcodeUtils/RedemptionBarcodeUtils
		SccLocalPath15 = ..\\..\\..\\RedemptionBarcodeUtils\\RedemptionBarcodeUtils
		SccProjectUniqueName16 = ..\\..\\..\\Transaction\\Transaction.csproj
		SccProjectName16 = ../../../Transaction
		SccLocalPath16 = ..\\..\\..\\Transaction
		SccProjectUniqueName17 = ..\\..\\..\\CardCoreDTO\\CardCoreDTO.csproj
		SccProjectName17 = ../../../CardCoreDTO
		SccLocalPath17 = ..\\..\\..\\CardCoreDTO
		SccProjectUniqueName18 = ..\\..\\..\\CardCoreDataHandler\\CardCoreDataHandler.csproj
		SccProjectName18 = ../../../CardCoreDataHandler
		SccLocalPath18 = ..\\..\\..\\CardCoreDataHandler
		SccProjectUniqueName19 = ..\\..\\..\\CardCore\\CardCore.csproj
		SccProjectName19 = ../../../CardCore
		SccLocalPath19 = ..\\..\\..\\CardCore
		SccProjectUniqueName20 = ..\\..\\..\\DBSynch\\DBSynch.csproj
		SccProjectName20 = ../../../DBSynch
		SccLocalPath20 = ..\\..\\..\\DBSynch
		SccProjectUniqueName21 = ..\\..\\..\\PriceList\\PriceList.csproj
		SccProjectName21 = ../../../PriceList
		SccLocalPath21 = ..\\..\\..\\PriceList
		SccProjectUniqueName22 = ..\\..\\..\\POS\\POS.csproj
		SccProjectName22 = ../../../POS
		SccLocalPath22 = ..\\..\\..\\POS
		SccProjectUniqueName23 = ..\\..\\..\\Reports\\Reports.csproj
		SccProjectName23 = ../../../Reports
		SccLocalPath23 = ..\\..\\..\\Reports
		SccProjectUniqueName24 = ..\\..\\..\\Booking\\Booking.csproj
		SccProjectName24 = ../../../Booking
		SccLocalPath24 = ..\\..\\..\\Booking
		SccProjectUniqueName25 = ..\\..\\..\\Device\\Device.csproj
		SccProjectName25 = ../../../Device
		SccLocalPath25 = ..\\..\\..\\Device
		SccProjectUniqueName26 = ..\\..\\..\\Discounts\\Discounts.csproj
		SccProjectName26 = ../../../Discounts
		SccLocalPath26 = ..\\..\\..\\Discounts
		SccProjectUniqueName27 = ..\\..\\..\\DisplayGroup\\DisplayGroup.csproj
		SccProjectName27 = ../../../DisplayGroup
		SccLocalPath27 = ..\\..\\..\\DisplayGroup
		SccProjectUniqueName28 = ..\\..\\..\\ITransaction\\ITransaction.csproj
		SccProjectName28 = ../../../ITransaction
		SccLocalPath28 = ..\\..\\..\\ITransaction
		SccProjectUniqueName29 = ..\\..\\..\\Lockers\\Lockers.csproj
		SccProjectName29 = ../../../Lockers
		SccLocalPath29 = ..\\..\\..\\Lockers
		SccProjectUniqueName30 = ..\\..\\..\\Printer\\Printer.csproj
		SccProjectName30 = ../../../Printer
		SccLocalPath30 = ..\\..\\..\\Printer
		SccProjectUniqueName31 = ..\\..\\..\\Promotions\\Promotions.csproj
		SccProjectName31 = ../../../Promotions
		SccLocalPath31 = ..\\..\\..\\Promotions
		SccProjectUniqueName32 = ..\\..\\..\\Tags\\Tags.csproj
		SccProjectName32 = ../../../Tags
		SccLocalPath32 = ..\\..\\..\\Tags
		SccProjectUniqueName33 = ..\\..\\..\\ThirdParty\\ThirdParty.csproj
		SccProjectName33 = ../../../ThirdParty
		SccLocalPath33 = ..\\..\\..\\ThirdParty
		SccProjectUniqueName34 = ..\\..\\..\\Waiver\\Waiver.csproj
		SccProjectName34 = ../../../Waiver
		SccLocalPath34 = ..\\..\\..\\Waiver
		SccProjectUniqueName35 = ..\\..\\Inventory.csproj
		SccProjectName35 = ../../
		SccLocalPath35 = ..\\..
		SccProjectUniqueName36 = DPPHost\\DPPHost.csproj
		SccProjectName36 = DPPHost
		SccLocalPath36 = DPPHost
		SccProjectUniqueName37 = DPL\\DPL.csproj
		SccProjectName37 = DPL
		SccLocalPath37 = DPL
		SccProjectUniqueName38 = ..\\..\\..\\JobUtils\\JobUtils.csproj
		SccProjectName38 = ../../../JobUtils
		SccLocalPath38 = ..\\..\\..\\JobUtils
		SccProjectUniqueName39 = ..\\..\\..\\..\\ParafaitReports\\ReportsUI\\ReportsUI.csproj
		SccProjectName39 = ../../../../ParafaitReports/ReportsUI
		SccLocalPath39 = ..\\..\\..\\..\\ParafaitReports\\ReportsUI
		SccProjectUniqueName40 = ..\\..\\..\\DigitalSignage\\DigitalSignage.csproj
		SccProjectName40 = ../../../DigitalSignage
		SccLocalPath40 = ..\\..\\..\\DigitalSignage
		SccProjectUniqueName41 = ..\\..\\..\\Maintenance\\Maintenance.csproj
		SccProjectName41 = ../../../Maintenance
		SccLocalPath41 = ..\\..\\..\\Maintenance
		SccProjectUniqueName42 = ..\\..\\..\\..\\SignageClient\\SignageClient\\SignageClient.csproj
		SccProjectName42 = ../../../../SignageClient/SignageClient
		SccLocalPath42 = ..\\..\\..\\..\\SignageClient\\SignageClient
		SccProjectUniqueName43 = ..\\..\\..\\CommonUI\\CommonUI.csproj
		SccProjectName43 = ../../../CommonUI
		SccLocalPath43 = ..\\..\\..\\CommonUI
		SccProjectUniqueName44 = ..\\..\\..\\DeliveryIntegration\\DeliveryIntegration.csproj
		SccProjectName44 = ../../../DeliveryIntegration
		SccLocalPath44 = ..\\..\\..\\DeliveryIntegration
		SccProjectUniqueName45 = ..\\..\\..\\ViewContainer\\ViewContainer.csproj
		SccProjectName45 = ../../../ViewContainer
		SccLocalPath45 = ..\\..\\..\\ViewContainer
		SccProjectUniqueName46 = ..\\..\\..\\Authentication\\Authentication.csproj
		SccProjectName46 = ../../../Authentication
		SccLocalPath46 = ..\\..\\..\\Authentication
		SccProjectUniqueName47 = ..\\..\\..\\ProductPrice\\ProductPrice.csproj
		SccProjectName47 = ../../../ProductPrice
		SccLocalPath47 = ..\\..\\..\\ProductPrice
		SccProjectUniqueName48 = ..\\..\\..\\TableAttributeSetup\\TableAttributeSetup.csproj
		SccProjectName48 = ../../../TableAttributeSetup
		SccLocalPath48 = ..\\..\\..\\TableAttributeSetup
		SccProjectUniqueName49 = ..\\..\\..\\Redemption\\RedemptionUtils.csproj
		SccProjectName49 = ../../../Redemption
		SccLocalPath49 = ..\\..\\..\\Redemption
		SccProjectUniqueName50 = ..\\..\\..\\ServerCore\\ServerCore.csproj
		SccProjectName50 = ../../../ServerCore
		SccLocalPath50 = ..\\..\\..\\ServerCore
	EndGlobalSection
EndGlobal
