
Microsoft Visual Studio Solution File, Format Version 12.00
# Visual Studio 15
VisualStudioVersion = 15.0.27703.2035
MinimumVisualStudioVersion = 10.0.40219.1
Project("{FAE04EC0-301F-11D3-BF4B-00C04F79EFBC}") = "ParafaitPOS", "ParafaitPOS\ParafaitPOS.csproj", "{33350E7D-37A3-44AA-8E08-063A5F05F28A}"
EndProject
Project("{FAE04EC0-301F-11D3-BF4B-00C04F79EFBC}") = "GenericUtilities", "..\..\CommonSolution\GenericUtilities\GenericUtilities.csproj", "{5EEC3FD1-9EA6-404E-9C7A-554268A3EF80}"
EndProject
Project("{FAE04EC0-301F-11D3-BF4B-00C04F79EFBC}") = "Booking", "..\..\CommonSolution\Booking\Booking.csproj", "{77771DFD-58F0-4A77-A46F-BC752075E760}"
EndProject
Project("{FAE04EC0-301F-11D3-BF4B-00C04F79EFBC}") = "Communication", "..\..\CommonSolution\Communication\Communication.csproj", "{61BD1EB5-DF16-4A31-83FC-8D6944F02A20}"
EndProject
Project("{FAE04EC0-301F-11D3-BF4B-00C04F79EFBC}") = "Customer", "..\..\CommonSolution\Customer\Customer.csproj", "{09EC39CF-3DD3-4920-A155-CADE5B252B8A}"
EndProject
Project("{FAE04EC0-301F-11D3-BF4B-00C04F79EFBC}") = "DBSynch", "..\..\CommonSolution\DBSynch\DBSynch.csproj", "{0BA61F06-B401-4DDE-B374-E54F8ECAE187}"
EndProject
Project("{FAE04EC0-301F-11D3-BF4B-00C04F79EFBC}") = "Device", "..\..\CommonSolution\Device\Device.csproj", "{24D8C63F-8F14-42CE-BC91-CFE34A088B38}"
EndProject
Project("{FAE04EC0-301F-11D3-BF4B-00C04F79EFBC}") = "Discounts", "..\..\CommonSolution\Discounts\Discounts.csproj", "{F0FDE99A-725F-45C2-9CD8-B7961088EA2C}"
EndProject
Project("{FAE04EC0-301F-11D3-BF4B-00C04F79EFBC}") = "Game", "..\..\CommonSolution\Game\Game.csproj", "{970A8E60-83BE-4559-A67C-3EF7135A3E8D}"
EndProject
Project("{FAE04EC0-301F-11D3-BF4B-00C04F79EFBC}") = "Languages", "..\..\CommonSolution\Languages\Languages.csproj", "{E7CEB68F-78BB-44F8-9B4E-EA3FB43DAC9A}"
EndProject
Project("{FAE04EC0-301F-11D3-BF4B-00C04F79EFBC}") = "logger", "..\..\CommonSolution\logger\logger.csproj", "{36B671D0-EF70-42DB-940B-6A3622023F58}"
EndProject
Project("{FAE04EC0-301F-11D3-BF4B-00C04F79EFBC}") = "Product", "..\..\CommonSolution\Product\Product.csproj", "{F1BA74AA-2DC7-48C1-8CBD-254F8C2B63F8}"
EndProject
Project("{FAE04EC0-301F-11D3-BF4B-00C04F79EFBC}") = "Promotions", "..\..\CommonSolution\Promotions\Promotions.csproj", "{9F184AF5-E406-4FC8-AC22-DC29351D016C}"
EndProject
Project("{FAE04EC0-301F-11D3-BF4B-00C04F79EFBC}") = "Site", "..\..\CommonSolution\Site\Site.csproj", "{B0419249-F9F6-425F-9B56-13D2E12F319F}"
EndProject
Project("{FAE04EC0-301F-11D3-BF4B-00C04F79EFBC}") = "Tags", "..\..\CommonSolution\Tags\Tags.csproj", "{D682B493-8A01-45A2-A934-58F141923C0D}"
EndProject
Project("{FAE04EC0-301F-11D3-BF4B-00C04F79EFBC}") = "ThirdParty", "..\..\CommonSolution\ThirdParty\ThirdParty.csproj", "{45C69515-B9A7-44F3-882B-0B53548226F1}"
EndProject
Project("{FAE04EC0-301F-11D3-BF4B-00C04F79EFBC}") = "User", "..\..\CommonSolution\User\User.csproj", "{E30D3295-E230-44D2-880D-22BF5A349119}"
EndProject
Project("{FAE04EC0-301F-11D3-BF4B-00C04F79EFBC}") = "POS", "..\..\CommonSolution\POS\POS.csproj", "{EDD835A5-1862-4AED-B3F0-1C134B40FDB4}"
EndProject
Project("{FAE04EC0-301F-11D3-BF4B-00C04F79EFBC}") = "Logging", "..\..\CommonSolution\Logging\Logging.csproj", "{1A1BAC8C-A16A-433C-8856-2EC4047D31FB}"
EndProject
Project("{FAE04EC0-301F-11D3-BF4B-00C04F79EFBC}") = "Utilities", "..\..\CommonSolution\Utilities\Utilities.csproj", "{667EAB12-6C89-48ED-9FCB-934697CC2779}"
EndProject
Project("{FAE04EC0-301F-11D3-BF4B-00C04F79EFBC}") = "Maintenance", "..\..\CommonSolution\Maintenance\Maintenance.csproj", "{EE8E47B7-BA5D-49E1-8000-C8388C8F3B12}"
EndProject
Project("{FAE04EC0-301F-11D3-BF4B-00C04F79EFBC}") = "Vendor", "..\..\CommonSolution\Vendor\Vendor.csproj", "{585E3765-3096-451D-89C0-97C9B845DBE7}"
EndProject
Project("{FAE04EC0-301F-11D3-BF4B-00C04F79EFBC}") = "Loyalty", "..\..\CommonSolution\Loyalty\Loyalty.csproj", "{8597DD78-EDF6-4FC7-A50B-F355C89643D0}"
EndProject
Project("{FAE04EC0-301F-11D3-BF4B-00C04F79EFBC}") = "Deployment", "..\..\CommonSolution\Deployment\Deployment.csproj", "{C23FD2A5-4952-4434-8664-01C30E4D0A35}"
EndProject
Project("{FAE04EC0-301F-11D3-BF4B-00C04F79EFBC}") = "ITransaction", "..\..\CommonSolution\ITransaction\ITransaction.csproj", "{F23F4B8C-4C62-49BD-B9CF-CDD278E14C5F}"
EndProject
Project("{FAE04EC0-301F-11D3-BF4B-00C04F79EFBC}") = "Waiver", "..\..\CommonSolution\Waiver\Waiver.csproj", "{B4419625-2D92-4E3B-99B3-2DF03A45CD59}"
EndProject
Project("{FAE04EC0-301F-11D3-BF4B-00C04F79EFBC}") = "Reports", "..\..\CommonSolution\Reports\Reports.csproj", "{41A713DA-1CA8-4C0B-86ED-FA33580248D9}"
EndProject
Project("{FAE04EC0-301F-11D3-BF4B-00C04F79EFBC}") = "Publish", "..\..\CommonSolution\Publish\Publish.csproj", "{A707F773-C706-429B-B031-70C69C9ADFD1}"
EndProject
Project("{FAE04EC0-301F-11D3-BF4B-00C04F79EFBC}") = "Schedule", "..\..\CommonSolution\Schedule\Schedule.csproj", "{474099F3-77A7-42B4-978D-E5073AFC51C0}"
EndProject
Project("{FAE04EC0-301F-11D3-BF4B-00C04F79EFBC}") = "Printer", "..\..\CommonSolution\Printer\Printer.csproj", "{B8974CD4-806B-4027-AFE3-D35DA8E949EE}"
EndProject
Project("{FAE04EC0-301F-11D3-BF4B-00C04F79EFBC}") = "Lockers", "..\..\CommonSolution\Lockers\Lockers.csproj", "{3B914EE9-767A-458E-83C3-6E434556A1A9}"
EndProject
Project("{FAE04EC0-301F-11D3-BF4B-00C04F79EFBC}") = "Category", "..\..\CommonSolution\Category\Category.csproj", "{1B64EC1E-F381-485B-8C69-A07F80A27775}"
EndProject
Project("{FAE04EC0-301F-11D3-BF4B-00C04F79EFBC}") = "CardCore", "..\..\CommonSolution\CardCore\CardCore.csproj", "{E1BD4CC7-8EFC-4565-A533-39802828D243}"
EndProject
Project("{FAE04EC0-301F-11D3-BF4B-00C04F79EFBC}") = "CardCoreDataHandler", "..\..\CommonSolution\CardCoreDataHandler\CardCoreDataHandler.csproj", "{B1BA254D-FD7A-445F-A2A5-6FAFE81325C6}"
EndProject
Project("{FAE04EC0-301F-11D3-BF4B-00C04F79EFBC}") = "CardCoreDTO", "..\..\CommonSolution\CardCoreDTO\CardCoreDTO.csproj", "{D7B2505F-76DB-46FE-A58B-2386268FD5FF}"
EndProject
Project("{FAE04EC0-301F-11D3-BF4B-00C04F79EFBC}") = "Transaction", "..\..\CommonSolution\Transaction\Transaction.csproj", "{266543A2-B12C-46FE-BCF1-A67319B9CFB8}"
EndProject
Project("{FAE04EC0-301F-11D3-BF4B-00C04F79EFBC}") = "DisplayGroup", "..\..\CommonSolution\DisplayGroup\DisplayGroup.csproj", "{43D5A367-06AD-4ECE-8143-29244F36F380}"
EndProject
Project("{FAE04EC0-301F-11D3-BF4B-00C04F79EFBC}") = "DiscountSetup", "..\..\CommonSolution\DiscountSetup\DiscountSetup.csproj", "{17D20D1F-15A3-4FA5-834F-4BC652AB4250}"
EndProject
Project("{FAE04EC0-301F-11D3-BF4B-00C04F79EFBC}") = "ConcurrentManager", "..\..\CommonSolution\ConcurrentManager\ConcurrentManager.csproj", "{2E49F257-7952-4DC2-9FB5-543C7B6B5B9E}"
EndProject
Project("{FAE04EC0-301F-11D3-BF4B-00C04F79EFBC}") = "ServerCore", "..\..\CommonSolution\ServerCore\ServerCore.csproj", "{7BB265BA-7FEE-47C3-8E7E-11021F49A085}"
EndProject
Project("{FAE04EC0-301F-11D3-BF4B-00C04F79EFBC}") = "PriceList", "..\..\CommonSolution\PriceList\PriceList.csproj", "{0B195894-EAC2-4E9A-A5E3-AA8AE1A47E6B}"
EndProject
Project("{FAE04EC0-301F-11D3-BF4B-00C04F79EFBC}") = "Achievements", "..\..\CommonSolution\Achievements\Achievements.csproj", "{CAC2D3C5-DA16-4605-BAF1-10E981903547}"
EndProject
Project("{FAE04EC0-301F-11D3-BF4B-00C04F79EFBC}") = "Currency", "..\..\CommonSolution\Currency\Currency.csproj", "{D85E4F46-B1DB-4319-B8C8-9AAF5A81A5F3}"
EndProject
Project("{FAE04EC0-301F-11D3-BF4B-00C04F79EFBC}") = "RedemptionBarcodeUtils", "..\..\CommonSolution\RedemptionBarcodeUtils\RedemptionBarcodeUtils\RedemptionBarcodeUtils.csproj", "{9E3C0DFC-DEA4-4A14-839D-08F4F50EFED2}"
EndProject
Project("{FAE04EC0-301F-11D3-BF4B-00C04F79EFBC}") = "SignageClient", "..\..\SignageClient\SignageClient\SignageClient.csproj", "{2DB4F475-6204-45AB-90C9-46B8C3F58405}"
EndProject
Project("{FAE04EC0-301F-11D3-BF4B-00C04F79EFBC}") = "DigitalSignage", "..\..\CommonSolution\DigitalSignage\DigitalSignage.csproj", "{CA9E1908-ED0E-4F91-ACE2-7ED7FC3C8D6C}"
EndProject
Project("{FAE04EC0-301F-11D3-BF4B-00C04F79EFBC}") = "RedemptionUtils", "..\..\CommonSolution\Redemption\RedemptionUtils.csproj", "{1A20E3DE-4198-46C4-8C5B-0AC1FCB727A1}"
EndProject
Project("{FAE04EC0-301F-11D3-BF4B-00C04F79EFBC}") = "Inventory", "..\..\CommonSolution\Inventory\Inventory.csproj", "{AF244E4D-B6F8-4FB7-979D-3E82236FE4AD}"
EndProject
Project("{FAE04EC0-301F-11D3-BF4B-00C04F79EFBC}") = "JobUtils", "..\..\CommonSolution\JobUtils\JobUtils.csproj", "{294CBA54-BBEA-40CF-BA8C-470D64DEF3D8}"
EndProject
Project("{FAE04EC0-301F-11D3-BF4B-00C04F79EFBC}") = "CommonUI", "..\..\CommonSolution\CommonUI\CommonUI.csproj", "{48630ECE-833D-4683-8CC6-24C4A7CB2941}"
EndProject
Project("{FAE04EC0-301F-11D3-BF4B-00C04F79EFBC}") = "MorphoFingerPrintReader", "..\..\CommonSolution\MorphoFingerPrintReader\MorphoFingerPrintReader.csproj", "{098D737D-4707-4A22-A63A-03BEE9365523}"
EndProject
Project("{FAE04EC0-301F-11D3-BF4B-00C04F79EFBC}") = "GamesUI", "..\..\CommonSolution\GamesUI\GamesUI.csproj", "{BA788C86-F94A-4A93-B05E-75DC12D0A4B3}"
EndProject
Project("{FAE04EC0-301F-11D3-BF4B-00C04F79EFBC}") = "RedemptionUI", "..\..\CommonSolution\RedemptionUI\RedemptionUI.csproj", "{D897BE62-811B-49E0-A7D4-C768C8AC95AB}"
EndProject
Project("{FAE04EC0-301F-11D3-BF4B-00C04F79EFBC}") = "ViewContainer", "..\..\CommonSolution\ViewContainer\ViewContainer.csproj", "{B73AF819-C0B5-4AA6-8C09-E8643F1437D1}"
EndProject
Project("{FAE04EC0-301F-11D3-BF4B-00C04F79EFBC}") = "Authentication", "..\..\CommonSolution\Authentication\Authentication.csproj", "{800EDADC-F5A6-4A74-94EC-1267A91065D1}"
EndProject
Project("{FAE04EC0-301F-11D3-BF4B-00C04F79EFBC}") = "AccountsUI", "..\..\CommonSolution\AccountsUI\AccountsUI.csproj", "{6C58D4F0-B831-42F6-A819-17699A258D18}"
EndProject
Project("{FAE04EC0-301F-11D3-BF4B-00C04F79EFBC}") = "TransactionUI", "..\..\CommonSolution\TransactionUI\TransactionUI.csproj", "{88B4257F-C545-4EAF-8ADA-37F374F0A6FD}"
EndProject
Project("{FAE04EC0-301F-11D3-BF4B-00C04F79EFBC}") = "InventoryUI", "..\..\CommonSolution\InventoryUI\InventoryUI.csproj", "{08FE90EE-280B-416A-B0BE-CA36174AD22B}"
EndProject
Global
	GlobalSection(SolutionConfigurationPlatforms) = preSolution
		Debug|Any CPU = Debug|Any CPU
		Debug|x64 = Debug|x64
		Debug|x86 = Debug|x86
		Release|Any CPU = Release|Any CPU
		Release|x64 = Release|x64
		Release|x86 = Release|x86
	EndGlobalSection
	GlobalSection(ProjectConfigurationPlatforms) = postSolution
		{33350E7D-37A3-44AA-8E08-063A5F05F28A}.Debug|Any CPU.ActiveCfg = Debug|Any CPU
		{33350E7D-37A3-44AA-8E08-063A5F05F28A}.Debug|Any CPU.Build.0 = Debug|Any CPU
		{33350E7D-37A3-44AA-8E08-063A5F05F28A}.Debug|x64.ActiveCfg = Debug|Any CPU
		{33350E7D-37A3-44AA-8E08-063A5F05F28A}.Debug|x64.Build.0 = Debug|Any CPU
		{33350E7D-37A3-44AA-8E08-063A5F05F28A}.Debug|x86.ActiveCfg = Debug|Any CPU
		{33350E7D-37A3-44AA-8E08-063A5F05F28A}.Debug|x86.Build.0 = Debug|Any CPU
		{33350E7D-37A3-44AA-8E08-063A5F05F28A}.Release|Any CPU.ActiveCfg = Release|Any CPU
		{33350E7D-37A3-44AA-8E08-063A5F05F28A}.Release|Any CPU.Build.0 = Release|Any CPU
		{33350E7D-37A3-44AA-8E08-063A5F05F28A}.Release|x64.ActiveCfg = Release|Any CPU
		{33350E7D-37A3-44AA-8E08-063A5F05F28A}.Release|x64.Build.0 = Release|Any CPU
		{33350E7D-37A3-44AA-8E08-063A5F05F28A}.Release|x86.ActiveCfg = Release|Any CPU
		{33350E7D-37A3-44AA-8E08-063A5F05F28A}.Release|x86.Build.0 = Release|Any CPU
		{5EEC3FD1-9EA6-404E-9C7A-554268A3EF80}.Debug|Any CPU.ActiveCfg = Debug|Any CPU
		{5EEC3FD1-9EA6-404E-9C7A-554268A3EF80}.Debug|Any CPU.Build.0 = Debug|Any CPU
		{5EEC3FD1-9EA6-404E-9C7A-554268A3EF80}.Debug|x64.ActiveCfg = Debug|Any CPU
		{5EEC3FD1-9EA6-404E-9C7A-554268A3EF80}.Debug|x64.Build.0 = Debug|Any CPU
		{5EEC3FD1-9EA6-404E-9C7A-554268A3EF80}.Debug|x86.ActiveCfg = Debug|x86
		{5EEC3FD1-9EA6-404E-9C7A-554268A3EF80}.Debug|x86.Build.0 = Debug|x86
		{5EEC3FD1-9EA6-404E-9C7A-554268A3EF80}.Release|Any CPU.ActiveCfg = Release|Any CPU
		{5EEC3FD1-9EA6-404E-9C7A-554268A3EF80}.Release|Any CPU.Build.0 = Release|Any CPU
		{5EEC3FD1-9EA6-404E-9C7A-554268A3EF80}.Release|x64.ActiveCfg = Release|Any CPU
		{5EEC3FD1-9EA6-404E-9C7A-554268A3EF80}.Release|x64.Build.0 = Release|Any CPU
		{5EEC3FD1-9EA6-404E-9C7A-554268A3EF80}.Release|x86.ActiveCfg = Release|Any CPU
		{5EEC3FD1-9EA6-404E-9C7A-554268A3EF80}.Release|x86.Build.0 = Release|Any CPU
		{77771DFD-58F0-4A77-A46F-BC752075E760}.Debug|Any CPU.ActiveCfg = Debug|Any CPU
		{77771DFD-58F0-4A77-A46F-BC752075E760}.Debug|Any CPU.Build.0 = Debug|Any CPU
		{77771DFD-58F0-4A77-A46F-BC752075E760}.Debug|x64.ActiveCfg = Debug|Any CPU
		{77771DFD-58F0-4A77-A46F-BC752075E760}.Debug|x64.Build.0 = Debug|Any CPU
		{77771DFD-58F0-4A77-A46F-BC752075E760}.Debug|x86.ActiveCfg = Debug|x86
		{77771DFD-58F0-4A77-A46F-BC752075E760}.Debug|x86.Build.0 = Debug|x86
		{77771DFD-58F0-4A77-A46F-BC752075E760}.Release|Any CPU.ActiveCfg = Release|Any CPU
		{77771DFD-58F0-4A77-A46F-BC752075E760}.Release|Any CPU.Build.0 = Release|Any CPU
		{77771DFD-58F0-4A77-A46F-BC752075E760}.Release|x64.ActiveCfg = Release|Any CPU
		{77771DFD-58F0-4A77-A46F-BC752075E760}.Release|x64.Build.0 = Release|Any CPU
		{77771DFD-58F0-4A77-A46F-BC752075E760}.Release|x86.ActiveCfg = Release|Any CPU
		{77771DFD-58F0-4A77-A46F-BC752075E760}.Release|x86.Build.0 = Release|Any CPU
		{61BD1EB5-DF16-4A31-83FC-8D6944F02A20}.Debug|Any CPU.ActiveCfg = Debug|Any CPU
		{61BD1EB5-DF16-4A31-83FC-8D6944F02A20}.Debug|Any CPU.Build.0 = Debug|Any CPU
		{61BD1EB5-DF16-4A31-83FC-8D6944F02A20}.Debug|x64.ActiveCfg = Debug|Any CPU
		{61BD1EB5-DF16-4A31-83FC-8D6944F02A20}.Debug|x64.Build.0 = Debug|Any CPU
		{61BD1EB5-DF16-4A31-83FC-8D6944F02A20}.Debug|x86.ActiveCfg = Debug|x86
		{61BD1EB5-DF16-4A31-83FC-8D6944F02A20}.Debug|x86.Build.0 = Debug|x86
		{61BD1EB5-DF16-4A31-83FC-8D6944F02A20}.Release|Any CPU.ActiveCfg = Release|Any CPU
		{61BD1EB5-DF16-4A31-83FC-8D6944F02A20}.Release|Any CPU.Build.0 = Release|Any CPU
		{61BD1EB5-DF16-4A31-83FC-8D6944F02A20}.Release|x64.ActiveCfg = Release|Any CPU
		{61BD1EB5-DF16-4A31-83FC-8D6944F02A20}.Release|x64.Build.0 = Release|Any CPU
		{61BD1EB5-DF16-4A31-83FC-8D6944F02A20}.Release|x86.ActiveCfg = Release|Any CPU
		{61BD1EB5-DF16-4A31-83FC-8D6944F02A20}.Release|x86.Build.0 = Release|Any CPU
		{09EC39CF-3DD3-4920-A155-CADE5B252B8A}.Debug|Any CPU.ActiveCfg = Debug|Any CPU
		{09EC39CF-3DD3-4920-A155-CADE5B252B8A}.Debug|Any CPU.Build.0 = Debug|Any CPU
		{09EC39CF-3DD3-4920-A155-CADE5B252B8A}.Debug|x64.ActiveCfg = Debug|Any CPU
		{09EC39CF-3DD3-4920-A155-CADE5B252B8A}.Debug|x64.Build.0 = Debug|Any CPU
		{09EC39CF-3DD3-4920-A155-CADE5B252B8A}.Debug|x86.ActiveCfg = Debug|x86
		{09EC39CF-3DD3-4920-A155-CADE5B252B8A}.Debug|x86.Build.0 = Debug|x86
		{09EC39CF-3DD3-4920-A155-CADE5B252B8A}.Release|Any CPU.ActiveCfg = Release|Any CPU
		{09EC39CF-3DD3-4920-A155-CADE5B252B8A}.Release|Any CPU.Build.0 = Release|Any CPU
		{09EC39CF-3DD3-4920-A155-CADE5B252B8A}.Release|x64.ActiveCfg = Release|Any CPU
		{09EC39CF-3DD3-4920-A155-CADE5B252B8A}.Release|x64.Build.0 = Release|Any CPU
		{09EC39CF-3DD3-4920-A155-CADE5B252B8A}.Release|x86.ActiveCfg = Release|Any CPU
		{09EC39CF-3DD3-4920-A155-CADE5B252B8A}.Release|x86.Build.0 = Release|Any CPU
		{0BA61F06-B401-4DDE-B374-E54F8ECAE187}.Debug|Any CPU.ActiveCfg = Debug|Any CPU
		{0BA61F06-B401-4DDE-B374-E54F8ECAE187}.Debug|Any CPU.Build.0 = Debug|Any CPU
		{0BA61F06-B401-4DDE-B374-E54F8ECAE187}.Debug|x64.ActiveCfg = Debug|Any CPU
		{0BA61F06-B401-4DDE-B374-E54F8ECAE187}.Debug|x64.Build.0 = Debug|Any CPU
		{0BA61F06-B401-4DDE-B374-E54F8ECAE187}.Debug|x86.ActiveCfg = Debug|x86
		{0BA61F06-B401-4DDE-B374-E54F8ECAE187}.Debug|x86.Build.0 = Debug|x86
		{0BA61F06-B401-4DDE-B374-E54F8ECAE187}.Release|Any CPU.ActiveCfg = Release|Any CPU
		{0BA61F06-B401-4DDE-B374-E54F8ECAE187}.Release|Any CPU.Build.0 = Release|Any CPU
		{0BA61F06-B401-4DDE-B374-E54F8ECAE187}.Release|x64.ActiveCfg = Release|Any CPU
		{0BA61F06-B401-4DDE-B374-E54F8ECAE187}.Release|x64.Build.0 = Release|Any CPU
		{0BA61F06-B401-4DDE-B374-E54F8ECAE187}.Release|x86.ActiveCfg = Release|Any CPU
		{0BA61F06-B401-4DDE-B374-E54F8ECAE187}.Release|x86.Build.0 = Release|Any CPU
		{24D8C63F-8F14-42CE-BC91-CFE34A088B38}.Debug|Any CPU.ActiveCfg = Debug|Any CPU
		{24D8C63F-8F14-42CE-BC91-CFE34A088B38}.Debug|Any CPU.Build.0 = Debug|Any CPU
		{24D8C63F-8F14-42CE-BC91-CFE34A088B38}.Debug|x64.ActiveCfg = Debug|Any CPU
		{24D8C63F-8F14-42CE-BC91-CFE34A088B38}.Debug|x64.Build.0 = Debug|Any CPU
		{24D8C63F-8F14-42CE-BC91-CFE34A088B38}.Debug|x86.ActiveCfg = Debug|x86
		{24D8C63F-8F14-42CE-BC91-CFE34A088B38}.Debug|x86.Build.0 = Debug|x86
		{24D8C63F-8F14-42CE-BC91-CFE34A088B38}.Release|Any CPU.ActiveCfg = Release|Any CPU
		{24D8C63F-8F14-42CE-BC91-CFE34A088B38}.Release|Any CPU.Build.0 = Release|Any CPU
		{24D8C63F-8F14-42CE-BC91-CFE34A088B38}.Release|x64.ActiveCfg = Release|Any CPU
		{24D8C63F-8F14-42CE-BC91-CFE34A088B38}.Release|x64.Build.0 = Release|Any CPU
		{24D8C63F-8F14-42CE-BC91-CFE34A088B38}.Release|x86.ActiveCfg = Release|Any CPU
		{24D8C63F-8F14-42CE-BC91-CFE34A088B38}.Release|x86.Build.0 = Release|Any CPU
		{F0FDE99A-725F-45C2-9CD8-B7961088EA2C}.Debug|Any CPU.ActiveCfg = Debug|Any CPU
		{F0FDE99A-725F-45C2-9CD8-B7961088EA2C}.Debug|Any CPU.Build.0 = Debug|Any CPU
		{F0FDE99A-725F-45C2-9CD8-B7961088EA2C}.Debug|x64.ActiveCfg = Debug|Any CPU
		{F0FDE99A-725F-45C2-9CD8-B7961088EA2C}.Debug|x64.Build.0 = Debug|Any CPU
		{F0FDE99A-725F-45C2-9CD8-B7961088EA2C}.Debug|x86.ActiveCfg = Debug|x86
		{F0FDE99A-725F-45C2-9CD8-B7961088EA2C}.Debug|x86.Build.0 = Debug|x86
		{F0FDE99A-725F-45C2-9CD8-B7961088EA2C}.Release|Any CPU.ActiveCfg = Release|Any CPU
		{F0FDE99A-725F-45C2-9CD8-B7961088EA2C}.Release|Any CPU.Build.0 = Release|Any CPU
		{F0FDE99A-725F-45C2-9CD8-B7961088EA2C}.Release|x64.ActiveCfg = Release|Any CPU
		{F0FDE99A-725F-45C2-9CD8-B7961088EA2C}.Release|x64.Build.0 = Release|Any CPU
		{F0FDE99A-725F-45C2-9CD8-B7961088EA2C}.Release|x86.ActiveCfg = Release|Any CPU
		{F0FDE99A-725F-45C2-9CD8-B7961088EA2C}.Release|x86.Build.0 = Release|Any CPU
		{970A8E60-83BE-4559-A67C-3EF7135A3E8D}.Debug|Any CPU.ActiveCfg = Debug|Any CPU
		{970A8E60-83BE-4559-A67C-3EF7135A3E8D}.Debug|Any CPU.Build.0 = Debug|Any CPU
		{970A8E60-83BE-4559-A67C-3EF7135A3E8D}.Debug|x64.ActiveCfg = Debug|Any CPU
		{970A8E60-83BE-4559-A67C-3EF7135A3E8D}.Debug|x64.Build.0 = Debug|Any CPU
		{970A8E60-83BE-4559-A67C-3EF7135A3E8D}.Debug|x86.ActiveCfg = Debug|x86
		{970A8E60-83BE-4559-A67C-3EF7135A3E8D}.Debug|x86.Build.0 = Debug|x86
		{970A8E60-83BE-4559-A67C-3EF7135A3E8D}.Release|Any CPU.ActiveCfg = Release|Any CPU
		{970A8E60-83BE-4559-A67C-3EF7135A3E8D}.Release|Any CPU.Build.0 = Release|Any CPU
		{970A8E60-83BE-4559-A67C-3EF7135A3E8D}.Release|x64.ActiveCfg = Release|Any CPU
		{970A8E60-83BE-4559-A67C-3EF7135A3E8D}.Release|x64.Build.0 = Release|Any CPU
		{970A8E60-83BE-4559-A67C-3EF7135A3E8D}.Release|x86.ActiveCfg = Release|Any CPU
		{970A8E60-83BE-4559-A67C-3EF7135A3E8D}.Release|x86.Build.0 = Release|Any CPU
		{E7CEB68F-78BB-44F8-9B4E-EA3FB43DAC9A}.Debug|Any CPU.ActiveCfg = Debug|Any CPU
		{E7CEB68F-78BB-44F8-9B4E-EA3FB43DAC9A}.Debug|Any CPU.Build.0 = Debug|Any CPU
		{E7CEB68F-78BB-44F8-9B4E-EA3FB43DAC9A}.Debug|x64.ActiveCfg = Debug|Any CPU
		{E7CEB68F-78BB-44F8-9B4E-EA3FB43DAC9A}.Debug|x64.Build.0 = Debug|Any CPU
		{E7CEB68F-78BB-44F8-9B4E-EA3FB43DAC9A}.Debug|x86.ActiveCfg = Debug|x86
		{E7CEB68F-78BB-44F8-9B4E-EA3FB43DAC9A}.Debug|x86.Build.0 = Debug|x86
		{E7CEB68F-78BB-44F8-9B4E-EA3FB43DAC9A}.Release|Any CPU.ActiveCfg = Release|Any CPU
		{E7CEB68F-78BB-44F8-9B4E-EA3FB43DAC9A}.Release|Any CPU.Build.0 = Release|Any CPU
		{E7CEB68F-78BB-44F8-9B4E-EA3FB43DAC9A}.Release|x64.ActiveCfg = Release|Any CPU
		{E7CEB68F-78BB-44F8-9B4E-EA3FB43DAC9A}.Release|x64.Build.0 = Release|Any CPU
		{E7CEB68F-78BB-44F8-9B4E-EA3FB43DAC9A}.Release|x86.ActiveCfg = Release|Any CPU
		{E7CEB68F-78BB-44F8-9B4E-EA3FB43DAC9A}.Release|x86.Build.0 = Release|Any CPU
		{36B671D0-EF70-42DB-940B-6A3622023F58}.Debug|Any CPU.ActiveCfg = Debug|Any CPU
		{36B671D0-EF70-42DB-940B-6A3622023F58}.Debug|Any CPU.Build.0 = Debug|Any CPU
		{36B671D0-EF70-42DB-940B-6A3622023F58}.Debug|x64.ActiveCfg = Debug|Any CPU
		{36B671D0-EF70-42DB-940B-6A3622023F58}.Debug|x64.Build.0 = Debug|Any CPU
		{36B671D0-EF70-42DB-940B-6A3622023F58}.Debug|x86.ActiveCfg = Debug|x86
		{36B671D0-EF70-42DB-940B-6A3622023F58}.Debug|x86.Build.0 = Debug|x86
		{36B671D0-EF70-42DB-940B-6A3622023F58}.Release|Any CPU.ActiveCfg = Release|Any CPU
		{36B671D0-EF70-42DB-940B-6A3622023F58}.Release|Any CPU.Build.0 = Release|Any CPU
		{36B671D0-EF70-42DB-940B-6A3622023F58}.Release|x64.ActiveCfg = Release|Any CPU
		{36B671D0-EF70-42DB-940B-6A3622023F58}.Release|x64.Build.0 = Release|Any CPU
		{36B671D0-EF70-42DB-940B-6A3622023F58}.Release|x86.ActiveCfg = Release|Any CPU
		{36B671D0-EF70-42DB-940B-6A3622023F58}.Release|x86.Build.0 = Release|Any CPU
		{F1BA74AA-2DC7-48C1-8CBD-254F8C2B63F8}.Debug|Any CPU.ActiveCfg = Debug|Any CPU
		{F1BA74AA-2DC7-48C1-8CBD-254F8C2B63F8}.Debug|Any CPU.Build.0 = Debug|Any CPU
		{F1BA74AA-2DC7-48C1-8CBD-254F8C2B63F8}.Debug|x64.ActiveCfg = Debug|Any CPU
		{F1BA74AA-2DC7-48C1-8CBD-254F8C2B63F8}.Debug|x64.Build.0 = Debug|Any CPU
		{F1BA74AA-2DC7-48C1-8CBD-254F8C2B63F8}.Debug|x86.ActiveCfg = Debug|x86
		{F1BA74AA-2DC7-48C1-8CBD-254F8C2B63F8}.Debug|x86.Build.0 = Debug|x86
		{F1BA74AA-2DC7-48C1-8CBD-254F8C2B63F8}.Release|Any CPU.ActiveCfg = Release|Any CPU
		{F1BA74AA-2DC7-48C1-8CBD-254F8C2B63F8}.Release|Any CPU.Build.0 = Release|Any CPU
		{F1BA74AA-2DC7-48C1-8CBD-254F8C2B63F8}.Release|x64.ActiveCfg = Release|Any CPU
		{F1BA74AA-2DC7-48C1-8CBD-254F8C2B63F8}.Release|x64.Build.0 = Release|Any CPU
		{F1BA74AA-2DC7-48C1-8CBD-254F8C2B63F8}.Release|x86.ActiveCfg = Release|Any CPU
		{F1BA74AA-2DC7-48C1-8CBD-254F8C2B63F8}.Release|x86.Build.0 = Release|Any CPU
		{9F184AF5-E406-4FC8-AC22-DC29351D016C}.Debug|Any CPU.ActiveCfg = Debug|Any CPU
		{9F184AF5-E406-4FC8-AC22-DC29351D016C}.Debug|Any CPU.Build.0 = Debug|Any CPU
		{9F184AF5-E406-4FC8-AC22-DC29351D016C}.Debug|x64.ActiveCfg = Debug|Any CPU
		{9F184AF5-E406-4FC8-AC22-DC29351D016C}.Debug|x64.Build.0 = Debug|Any CPU
		{9F184AF5-E406-4FC8-AC22-DC29351D016C}.Debug|x86.ActiveCfg = Debug|x86
		{9F184AF5-E406-4FC8-AC22-DC29351D016C}.Debug|x86.Build.0 = Debug|x86
		{9F184AF5-E406-4FC8-AC22-DC29351D016C}.Release|Any CPU.ActiveCfg = Release|Any CPU
		{9F184AF5-E406-4FC8-AC22-DC29351D016C}.Release|Any CPU.Build.0 = Release|Any CPU
		{9F184AF5-E406-4FC8-AC22-DC29351D016C}.Release|x64.ActiveCfg = Release|Any CPU
		{9F184AF5-E406-4FC8-AC22-DC29351D016C}.Release|x64.Build.0 = Release|Any CPU
		{9F184AF5-E406-4FC8-AC22-DC29351D016C}.Release|x86.ActiveCfg = Release|Any CPU
		{9F184AF5-E406-4FC8-AC22-DC29351D016C}.Release|x86.Build.0 = Release|Any CPU
		{B0419249-F9F6-425F-9B56-13D2E12F319F}.Debug|Any CPU.ActiveCfg = Debug|Any CPU
		{B0419249-F9F6-425F-9B56-13D2E12F319F}.Debug|Any CPU.Build.0 = Debug|Any CPU
		{B0419249-F9F6-425F-9B56-13D2E12F319F}.Debug|x64.ActiveCfg = Debug|Any CPU
		{B0419249-F9F6-425F-9B56-13D2E12F319F}.Debug|x64.Build.0 = Debug|Any CPU
		{B0419249-F9F6-425F-9B56-13D2E12F319F}.Debug|x86.ActiveCfg = Debug|x86
		{B0419249-F9F6-425F-9B56-13D2E12F319F}.Debug|x86.Build.0 = Debug|x86
		{B0419249-F9F6-425F-9B56-13D2E12F319F}.Release|Any CPU.ActiveCfg = Release|Any CPU
		{B0419249-F9F6-425F-9B56-13D2E12F319F}.Release|Any CPU.Build.0 = Release|Any CPU
		{B0419249-F9F6-425F-9B56-13D2E12F319F}.Release|x64.ActiveCfg = Release|Any CPU
		{B0419249-F9F6-425F-9B56-13D2E12F319F}.Release|x64.Build.0 = Release|Any CPU
		{B0419249-F9F6-425F-9B56-13D2E12F319F}.Release|x86.ActiveCfg = Release|Any CPU
		{B0419249-F9F6-425F-9B56-13D2E12F319F}.Release|x86.Build.0 = Release|Any CPU
		{D682B493-8A01-45A2-A934-58F141923C0D}.Debug|Any CPU.ActiveCfg = Debug|Any CPU
		{D682B493-8A01-45A2-A934-58F141923C0D}.Debug|Any CPU.Build.0 = Debug|Any CPU
		{D682B493-8A01-45A2-A934-58F141923C0D}.Debug|x64.ActiveCfg = Debug|Any CPU
		{D682B493-8A01-45A2-A934-58F141923C0D}.Debug|x64.Build.0 = Debug|Any CPU
		{D682B493-8A01-45A2-A934-58F141923C0D}.Debug|x86.ActiveCfg = Debug|x86
		{D682B493-8A01-45A2-A934-58F141923C0D}.Debug|x86.Build.0 = Debug|x86
		{D682B493-8A01-45A2-A934-58F141923C0D}.Release|Any CPU.ActiveCfg = Release|Any CPU
		{D682B493-8A01-45A2-A934-58F141923C0D}.Release|Any CPU.Build.0 = Release|Any CPU
		{D682B493-8A01-45A2-A934-58F141923C0D}.Release|x64.ActiveCfg = Release|Any CPU
		{D682B493-8A01-45A2-A934-58F141923C0D}.Release|x64.Build.0 = Release|Any CPU
		{D682B493-8A01-45A2-A934-58F141923C0D}.Release|x86.ActiveCfg = Release|Any CPU
		{D682B493-8A01-45A2-A934-58F141923C0D}.Release|x86.Build.0 = Release|Any CPU
		{45C69515-B9A7-44F3-882B-0B53548226F1}.Debug|Any CPU.ActiveCfg = Debug|Any CPU
		{45C69515-B9A7-44F3-882B-0B53548226F1}.Debug|Any CPU.Build.0 = Debug|Any CPU
		{45C69515-B9A7-44F3-882B-0B53548226F1}.Debug|x64.ActiveCfg = Debug|Any CPU
		{45C69515-B9A7-44F3-882B-0B53548226F1}.Debug|x64.Build.0 = Debug|Any CPU
		{45C69515-B9A7-44F3-882B-0B53548226F1}.Debug|x86.ActiveCfg = Debug|x86
		{45C69515-B9A7-44F3-882B-0B53548226F1}.Debug|x86.Build.0 = Debug|x86
		{45C69515-B9A7-44F3-882B-0B53548226F1}.Release|Any CPU.ActiveCfg = Release|Any CPU
		{45C69515-B9A7-44F3-882B-0B53548226F1}.Release|Any CPU.Build.0 = Release|Any CPU
		{45C69515-B9A7-44F3-882B-0B53548226F1}.Release|x64.ActiveCfg = Release|Any CPU
		{45C69515-B9A7-44F3-882B-0B53548226F1}.Release|x64.Build.0 = Release|Any CPU
		{45C69515-B9A7-44F3-882B-0B53548226F1}.Release|x86.ActiveCfg = Release|Any CPU
		{45C69515-B9A7-44F3-882B-0B53548226F1}.Release|x86.Build.0 = Release|Any CPU
		{E30D3295-E230-44D2-880D-22BF5A349119}.Debug|Any CPU.ActiveCfg = Debug|Any CPU
		{E30D3295-E230-44D2-880D-22BF5A349119}.Debug|Any CPU.Build.0 = Debug|Any CPU
		{E30D3295-E230-44D2-880D-22BF5A349119}.Debug|x64.ActiveCfg = Debug|Any CPU
		{E30D3295-E230-44D2-880D-22BF5A349119}.Debug|x64.Build.0 = Debug|Any CPU
		{E30D3295-E230-44D2-880D-22BF5A349119}.Debug|x86.ActiveCfg = Debug|x86
		{E30D3295-E230-44D2-880D-22BF5A349119}.Debug|x86.Build.0 = Debug|x86
		{E30D3295-E230-44D2-880D-22BF5A349119}.Release|Any CPU.ActiveCfg = Release|Any CPU
		{E30D3295-E230-44D2-880D-22BF5A349119}.Release|Any CPU.Build.0 = Release|Any CPU
		{E30D3295-E230-44D2-880D-22BF5A349119}.Release|x64.ActiveCfg = Release|Any CPU
		{E30D3295-E230-44D2-880D-22BF5A349119}.Release|x64.Build.0 = Release|Any CPU
		{E30D3295-E230-44D2-880D-22BF5A349119}.Release|x86.ActiveCfg = Release|Any CPU
		{E30D3295-E230-44D2-880D-22BF5A349119}.Release|x86.Build.0 = Release|Any CPU
		{EDD835A5-1862-4AED-B3F0-1C134B40FDB4}.Debug|Any CPU.ActiveCfg = Debug|Any CPU
		{EDD835A5-1862-4AED-B3F0-1C134B40FDB4}.Debug|Any CPU.Build.0 = Debug|Any CPU
		{EDD835A5-1862-4AED-B3F0-1C134B40FDB4}.Debug|x64.ActiveCfg = Debug|Any CPU
		{EDD835A5-1862-4AED-B3F0-1C134B40FDB4}.Debug|x64.Build.0 = Debug|Any CPU
		{EDD835A5-1862-4AED-B3F0-1C134B40FDB4}.Debug|x86.ActiveCfg = Debug|x86
		{EDD835A5-1862-4AED-B3F0-1C134B40FDB4}.Debug|x86.Build.0 = Debug|x86
		{EDD835A5-1862-4AED-B3F0-1C134B40FDB4}.Release|Any CPU.ActiveCfg = Release|Any CPU
		{EDD835A5-1862-4AED-B3F0-1C134B40FDB4}.Release|Any CPU.Build.0 = Release|Any CPU
		{EDD835A5-1862-4AED-B3F0-1C134B40FDB4}.Release|x64.ActiveCfg = Release|Any CPU
		{EDD835A5-1862-4AED-B3F0-1C134B40FDB4}.Release|x64.Build.0 = Release|Any CPU
		{EDD835A5-1862-4AED-B3F0-1C134B40FDB4}.Release|x86.ActiveCfg = Release|Any CPU
		{EDD835A5-1862-4AED-B3F0-1C134B40FDB4}.Release|x86.Build.0 = Release|Any CPU
		{1A1BAC8C-A16A-433C-8856-2EC4047D31FB}.Debug|Any CPU.ActiveCfg = Debug|Any CPU
		{1A1BAC8C-A16A-433C-8856-2EC4047D31FB}.Debug|Any CPU.Build.0 = Debug|Any CPU
		{1A1BAC8C-A16A-433C-8856-2EC4047D31FB}.Debug|x64.ActiveCfg = Debug|Any CPU
		{1A1BAC8C-A16A-433C-8856-2EC4047D31FB}.Debug|x64.Build.0 = Debug|Any CPU
		{1A1BAC8C-A16A-433C-8856-2EC4047D31FB}.Debug|x86.ActiveCfg = Debug|x86
		{1A1BAC8C-A16A-433C-8856-2EC4047D31FB}.Debug|x86.Build.0 = Debug|x86
		{1A1BAC8C-A16A-433C-8856-2EC4047D31FB}.Release|Any CPU.ActiveCfg = Release|Any CPU
		{1A1BAC8C-A16A-433C-8856-2EC4047D31FB}.Release|Any CPU.Build.0 = Release|Any CPU
		{1A1BAC8C-A16A-433C-8856-2EC4047D31FB}.Release|x64.ActiveCfg = Release|Any CPU
		{1A1BAC8C-A16A-433C-8856-2EC4047D31FB}.Release|x64.Build.0 = Release|Any CPU
		{1A1BAC8C-A16A-433C-8856-2EC4047D31FB}.Release|x86.ActiveCfg = Release|Any CPU
		{1A1BAC8C-A16A-433C-8856-2EC4047D31FB}.Release|x86.Build.0 = Release|Any CPU
		{667EAB12-6C89-48ED-9FCB-934697CC2779}.Debug|Any CPU.ActiveCfg = Debug|Any CPU
		{667EAB12-6C89-48ED-9FCB-934697CC2779}.Debug|Any CPU.Build.0 = Debug|Any CPU
		{667EAB12-6C89-48ED-9FCB-934697CC2779}.Debug|x64.ActiveCfg = Debug|Any CPU
		{667EAB12-6C89-48ED-9FCB-934697CC2779}.Debug|x64.Build.0 = Debug|Any CPU
		{667EAB12-6C89-48ED-9FCB-934697CC2779}.Debug|x86.ActiveCfg = Debug|x86
		{667EAB12-6C89-48ED-9FCB-934697CC2779}.Debug|x86.Build.0 = Debug|x86
		{667EAB12-6C89-48ED-9FCB-934697CC2779}.Release|Any CPU.ActiveCfg = Release|Any CPU
		{667EAB12-6C89-48ED-9FCB-934697CC2779}.Release|Any CPU.Build.0 = Release|Any CPU
		{667EAB12-6C89-48ED-9FCB-934697CC2779}.Release|x64.ActiveCfg = Release|Any CPU
		{667EAB12-6C89-48ED-9FCB-934697CC2779}.Release|x64.Build.0 = Release|Any CPU
		{667EAB12-6C89-48ED-9FCB-934697CC2779}.Release|x86.ActiveCfg = Release|Any CPU
		{667EAB12-6C89-48ED-9FCB-934697CC2779}.Release|x86.Build.0 = Release|Any CPU
		{EE8E47B7-BA5D-49E1-8000-C8388C8F3B12}.Debug|Any CPU.ActiveCfg = Debug|Any CPU
		{EE8E47B7-BA5D-49E1-8000-C8388C8F3B12}.Debug|Any CPU.Build.0 = Debug|Any CPU
		{EE8E47B7-BA5D-49E1-8000-C8388C8F3B12}.Debug|x64.ActiveCfg = Debug|Any CPU
		{EE8E47B7-BA5D-49E1-8000-C8388C8F3B12}.Debug|x64.Build.0 = Debug|Any CPU
		{EE8E47B7-BA5D-49E1-8000-C8388C8F3B12}.Debug|x86.ActiveCfg = Debug|x86
		{EE8E47B7-BA5D-49E1-8000-C8388C8F3B12}.Debug|x86.Build.0 = Debug|x86
		{EE8E47B7-BA5D-49E1-8000-C8388C8F3B12}.Release|Any CPU.ActiveCfg = Release|Any CPU
		{EE8E47B7-BA5D-49E1-8000-C8388C8F3B12}.Release|Any CPU.Build.0 = Release|Any CPU
		{EE8E47B7-BA5D-49E1-8000-C8388C8F3B12}.Release|x64.ActiveCfg = Release|Any CPU
		{EE8E47B7-BA5D-49E1-8000-C8388C8F3B12}.Release|x64.Build.0 = Release|Any CPU
		{EE8E47B7-BA5D-49E1-8000-C8388C8F3B12}.Release|x86.ActiveCfg = Release|Any CPU
		{EE8E47B7-BA5D-49E1-8000-C8388C8F3B12}.Release|x86.Build.0 = Release|Any CPU
		{585E3765-3096-451D-89C0-97C9B845DBE7}.Debug|Any CPU.ActiveCfg = Debug|Any CPU
		{585E3765-3096-451D-89C0-97C9B845DBE7}.Debug|Any CPU.Build.0 = Debug|Any CPU
		{585E3765-3096-451D-89C0-97C9B845DBE7}.Debug|x64.ActiveCfg = Debug|Any CPU
		{585E3765-3096-451D-89C0-97C9B845DBE7}.Debug|x64.Build.0 = Debug|Any CPU
		{585E3765-3096-451D-89C0-97C9B845DBE7}.Debug|x86.ActiveCfg = Debug|x86
		{585E3765-3096-451D-89C0-97C9B845DBE7}.Debug|x86.Build.0 = Debug|x86
		{585E3765-3096-451D-89C0-97C9B845DBE7}.Release|Any CPU.ActiveCfg = Release|Any CPU
		{585E3765-3096-451D-89C0-97C9B845DBE7}.Release|Any CPU.Build.0 = Release|Any CPU
		{585E3765-3096-451D-89C0-97C9B845DBE7}.Release|x64.ActiveCfg = Release|Any CPU
		{585E3765-3096-451D-89C0-97C9B845DBE7}.Release|x64.Build.0 = Release|Any CPU
		{585E3765-3096-451D-89C0-97C9B845DBE7}.Release|x86.ActiveCfg = Release|Any CPU
		{585E3765-3096-451D-89C0-97C9B845DBE7}.Release|x86.Build.0 = Release|Any CPU
		{8597DD78-EDF6-4FC7-A50B-F355C89643D0}.Debug|Any CPU.ActiveCfg = Debug|Any CPU
		{8597DD78-EDF6-4FC7-A50B-F355C89643D0}.Debug|Any CPU.Build.0 = Debug|Any CPU
		{8597DD78-EDF6-4FC7-A50B-F355C89643D0}.Debug|x64.ActiveCfg = Debug|Any CPU
		{8597DD78-EDF6-4FC7-A50B-F355C89643D0}.Debug|x64.Build.0 = Debug|Any CPU
		{8597DD78-EDF6-4FC7-A50B-F355C89643D0}.Debug|x86.ActiveCfg = Debug|x86
		{8597DD78-EDF6-4FC7-A50B-F355C89643D0}.Debug|x86.Build.0 = Debug|x86
		{8597DD78-EDF6-4FC7-A50B-F355C89643D0}.Release|Any CPU.ActiveCfg = Release|Any CPU
		{8597DD78-EDF6-4FC7-A50B-F355C89643D0}.Release|Any CPU.Build.0 = Release|Any CPU
		{8597DD78-EDF6-4FC7-A50B-F355C89643D0}.Release|x64.ActiveCfg = Release|Any CPU
		{8597DD78-EDF6-4FC7-A50B-F355C89643D0}.Release|x64.Build.0 = Release|Any CPU
		{8597DD78-EDF6-4FC7-A50B-F355C89643D0}.Release|x86.ActiveCfg = Release|Any CPU
		{8597DD78-EDF6-4FC7-A50B-F355C89643D0}.Release|x86.Build.0 = Release|Any CPU
		{C23FD2A5-4952-4434-8664-01C30E4D0A35}.Debug|Any CPU.ActiveCfg = Debug|Any CPU
		{C23FD2A5-4952-4434-8664-01C30E4D0A35}.Debug|Any CPU.Build.0 = Debug|Any CPU
		{C23FD2A5-4952-4434-8664-01C30E4D0A35}.Debug|x64.ActiveCfg = Debug|Any CPU
		{C23FD2A5-4952-4434-8664-01C30E4D0A35}.Debug|x64.Build.0 = Debug|Any CPU
		{C23FD2A5-4952-4434-8664-01C30E4D0A35}.Debug|x86.ActiveCfg = Debug|x86
		{C23FD2A5-4952-4434-8664-01C30E4D0A35}.Debug|x86.Build.0 = Debug|x86
		{C23FD2A5-4952-4434-8664-01C30E4D0A35}.Release|Any CPU.ActiveCfg = Release|Any CPU
		{C23FD2A5-4952-4434-8664-01C30E4D0A35}.Release|Any CPU.Build.0 = Release|Any CPU
		{C23FD2A5-4952-4434-8664-01C30E4D0A35}.Release|x64.ActiveCfg = Release|Any CPU
		{C23FD2A5-4952-4434-8664-01C30E4D0A35}.Release|x64.Build.0 = Release|Any CPU
		{C23FD2A5-4952-4434-8664-01C30E4D0A35}.Release|x86.ActiveCfg = Release|Any CPU
		{C23FD2A5-4952-4434-8664-01C30E4D0A35}.Release|x86.Build.0 = Release|Any CPU
		{F23F4B8C-4C62-49BD-B9CF-CDD278E14C5F}.Debug|Any CPU.ActiveCfg = Debug|Any CPU
		{F23F4B8C-4C62-49BD-B9CF-CDD278E14C5F}.Debug|Any CPU.Build.0 = Debug|Any CPU
		{F23F4B8C-4C62-49BD-B9CF-CDD278E14C5F}.Debug|x64.ActiveCfg = Debug|Any CPU
		{F23F4B8C-4C62-49BD-B9CF-CDD278E14C5F}.Debug|x64.Build.0 = Debug|Any CPU
		{F23F4B8C-4C62-49BD-B9CF-CDD278E14C5F}.Debug|x86.ActiveCfg = Debug|x86
		{F23F4B8C-4C62-49BD-B9CF-CDD278E14C5F}.Debug|x86.Build.0 = Debug|x86
		{F23F4B8C-4C62-49BD-B9CF-CDD278E14C5F}.Release|Any CPU.ActiveCfg = Release|Any CPU
		{F23F4B8C-4C62-49BD-B9CF-CDD278E14C5F}.Release|Any CPU.Build.0 = Release|Any CPU
		{F23F4B8C-4C62-49BD-B9CF-CDD278E14C5F}.Release|x64.ActiveCfg = Release|Any CPU
		{F23F4B8C-4C62-49BD-B9CF-CDD278E14C5F}.Release|x64.Build.0 = Release|Any CPU
		{F23F4B8C-4C62-49BD-B9CF-CDD278E14C5F}.Release|x86.ActiveCfg = Release|Any CPU
		{F23F4B8C-4C62-49BD-B9CF-CDD278E14C5F}.Release|x86.Build.0 = Release|Any CPU
		{B4419625-2D92-4E3B-99B3-2DF03A45CD59}.Debug|Any CPU.ActiveCfg = Debug|Any CPU
		{B4419625-2D92-4E3B-99B3-2DF03A45CD59}.Debug|Any CPU.Build.0 = Debug|Any CPU
		{B4419625-2D92-4E3B-99B3-2DF03A45CD59}.Debug|x64.ActiveCfg = Debug|Any CPU
		{B4419625-2D92-4E3B-99B3-2DF03A45CD59}.Debug|x64.Build.0 = Debug|Any CPU
		{B4419625-2D92-4E3B-99B3-2DF03A45CD59}.Debug|x86.ActiveCfg = Debug|x86
		{B4419625-2D92-4E3B-99B3-2DF03A45CD59}.Debug|x86.Build.0 = Debug|x86
		{B4419625-2D92-4E3B-99B3-2DF03A45CD59}.Release|Any CPU.ActiveCfg = Release|Any CPU
		{B4419625-2D92-4E3B-99B3-2DF03A45CD59}.Release|Any CPU.Build.0 = Release|Any CPU
		{B4419625-2D92-4E3B-99B3-2DF03A45CD59}.Release|x64.ActiveCfg = Release|Any CPU
		{B4419625-2D92-4E3B-99B3-2DF03A45CD59}.Release|x64.Build.0 = Release|Any CPU
		{B4419625-2D92-4E3B-99B3-2DF03A45CD59}.Release|x86.ActiveCfg = Release|x86
		{B4419625-2D92-4E3B-99B3-2DF03A45CD59}.Release|x86.Build.0 = Release|x86
		{41A713DA-1CA8-4C0B-86ED-FA33580248D9}.Debug|Any CPU.ActiveCfg = Debug|Any CPU
		{41A713DA-1CA8-4C0B-86ED-FA33580248D9}.Debug|Any CPU.Build.0 = Debug|Any CPU
		{41A713DA-1CA8-4C0B-86ED-FA33580248D9}.Debug|x64.ActiveCfg = Debug|Any CPU
		{41A713DA-1CA8-4C0B-86ED-FA33580248D9}.Debug|x64.Build.0 = Debug|Any CPU
		{41A713DA-1CA8-4C0B-86ED-FA33580248D9}.Debug|x86.ActiveCfg = Debug|x86
		{41A713DA-1CA8-4C0B-86ED-FA33580248D9}.Debug|x86.Build.0 = Debug|x86
		{41A713DA-1CA8-4C0B-86ED-FA33580248D9}.Release|Any CPU.ActiveCfg = Release|Any CPU
		{41A713DA-1CA8-4C0B-86ED-FA33580248D9}.Release|Any CPU.Build.0 = Release|Any CPU
		{41A713DA-1CA8-4C0B-86ED-FA33580248D9}.Release|x64.ActiveCfg = Release|Any CPU
		{41A713DA-1CA8-4C0B-86ED-FA33580248D9}.Release|x64.Build.0 = Release|Any CPU
		{41A713DA-1CA8-4C0B-86ED-FA33580248D9}.Release|x86.ActiveCfg = Release|Any CPU
		{41A713DA-1CA8-4C0B-86ED-FA33580248D9}.Release|x86.Build.0 = Release|Any CPU
		{A707F773-C706-429B-B031-70C69C9ADFD1}.Debug|Any CPU.ActiveCfg = Debug|Any CPU
		{A707F773-C706-429B-B031-70C69C9ADFD1}.Debug|Any CPU.Build.0 = Debug|Any CPU
		{A707F773-C706-429B-B031-70C69C9ADFD1}.Debug|x64.ActiveCfg = Debug|Any CPU
		{A707F773-C706-429B-B031-70C69C9ADFD1}.Debug|x64.Build.0 = Debug|Any CPU
		{A707F773-C706-429B-B031-70C69C9ADFD1}.Debug|x86.ActiveCfg = Debug|x86
		{A707F773-C706-429B-B031-70C69C9ADFD1}.Debug|x86.Build.0 = Debug|x86
		{A707F773-C706-429B-B031-70C69C9ADFD1}.Release|Any CPU.ActiveCfg = Release|Any CPU
		{A707F773-C706-429B-B031-70C69C9ADFD1}.Release|Any CPU.Build.0 = Release|Any CPU
		{A707F773-C706-429B-B031-70C69C9ADFD1}.Release|x64.ActiveCfg = Release|Any CPU
		{A707F773-C706-429B-B031-70C69C9ADFD1}.Release|x64.Build.0 = Release|Any CPU
		{A707F773-C706-429B-B031-70C69C9ADFD1}.Release|x86.ActiveCfg = Release|Any CPU
		{A707F773-C706-429B-B031-70C69C9ADFD1}.Release|x86.Build.0 = Release|Any CPU
		{474099F3-77A7-42B4-978D-E5073AFC51C0}.Debug|Any CPU.ActiveCfg = Debug|Any CPU
		{474099F3-77A7-42B4-978D-E5073AFC51C0}.Debug|Any CPU.Build.0 = Debug|Any CPU
		{474099F3-77A7-42B4-978D-E5073AFC51C0}.Debug|x64.ActiveCfg = Debug|Any CPU
		{474099F3-77A7-42B4-978D-E5073AFC51C0}.Debug|x64.Build.0 = Debug|Any CPU
		{474099F3-77A7-42B4-978D-E5073AFC51C0}.Debug|x86.ActiveCfg = Debug|x86
		{474099F3-77A7-42B4-978D-E5073AFC51C0}.Debug|x86.Build.0 = Debug|x86
		{474099F3-77A7-42B4-978D-E5073AFC51C0}.Release|Any CPU.ActiveCfg = Release|Any CPU
		{474099F3-77A7-42B4-978D-E5073AFC51C0}.Release|Any CPU.Build.0 = Release|Any CPU
		{474099F3-77A7-42B4-978D-E5073AFC51C0}.Release|x64.ActiveCfg = Release|Any CPU
		{474099F3-77A7-42B4-978D-E5073AFC51C0}.Release|x64.Build.0 = Release|Any CPU
		{474099F3-77A7-42B4-978D-E5073AFC51C0}.Release|x86.ActiveCfg = Release|Any CPU
		{474099F3-77A7-42B4-978D-E5073AFC51C0}.Release|x86.Build.0 = Release|Any CPU
		{B8974CD4-806B-4027-AFE3-D35DA8E949EE}.Debug|Any CPU.ActiveCfg = Debug|Any CPU
		{B8974CD4-806B-4027-AFE3-D35DA8E949EE}.Debug|Any CPU.Build.0 = Debug|Any CPU
		{B8974CD4-806B-4027-AFE3-D35DA8E949EE}.Debug|x64.ActiveCfg = Debug|Any CPU
		{B8974CD4-806B-4027-AFE3-D35DA8E949EE}.Debug|x64.Build.0 = Debug|Any CPU
		{B8974CD4-806B-4027-AFE3-D35DA8E949EE}.Debug|x86.ActiveCfg = Debug|x86
		{B8974CD4-806B-4027-AFE3-D35DA8E949EE}.Debug|x86.Build.0 = Debug|x86
		{B8974CD4-806B-4027-AFE3-D35DA8E949EE}.Release|Any CPU.ActiveCfg = Release|Any CPU
		{B8974CD4-806B-4027-AFE3-D35DA8E949EE}.Release|Any CPU.Build.0 = Release|Any CPU
		{B8974CD4-806B-4027-AFE3-D35DA8E949EE}.Release|x64.ActiveCfg = Release|Any CPU
		{B8974CD4-806B-4027-AFE3-D35DA8E949EE}.Release|x64.Build.0 = Release|Any CPU
		{B8974CD4-806B-4027-AFE3-D35DA8E949EE}.Release|x86.ActiveCfg = Release|Any CPU
		{B8974CD4-806B-4027-AFE3-D35DA8E949EE}.Release|x86.Build.0 = Release|Any CPU
		{3B914EE9-767A-458E-83C3-6E434556A1A9}.Debug|Any CPU.ActiveCfg = Debug|Any CPU
		{3B914EE9-767A-458E-83C3-6E434556A1A9}.Debug|Any CPU.Build.0 = Debug|Any CPU
		{3B914EE9-767A-458E-83C3-6E434556A1A9}.Debug|x64.ActiveCfg = Debug|Any CPU
		{3B914EE9-767A-458E-83C3-6E434556A1A9}.Debug|x64.Build.0 = Debug|Any CPU
		{3B914EE9-767A-458E-83C3-6E434556A1A9}.Debug|x86.ActiveCfg = Debug|x86
		{3B914EE9-767A-458E-83C3-6E434556A1A9}.Debug|x86.Build.0 = Debug|x86
		{3B914EE9-767A-458E-83C3-6E434556A1A9}.Release|Any CPU.ActiveCfg = Release|Any CPU
		{3B914EE9-767A-458E-83C3-6E434556A1A9}.Release|Any CPU.Build.0 = Release|Any CPU
		{3B914EE9-767A-458E-83C3-6E434556A1A9}.Release|x64.ActiveCfg = Release|Any CPU
		{3B914EE9-767A-458E-83C3-6E434556A1A9}.Release|x64.Build.0 = Release|Any CPU
		{3B914EE9-767A-458E-83C3-6E434556A1A9}.Release|x86.ActiveCfg = Release|Any CPU
		{3B914EE9-767A-458E-83C3-6E434556A1A9}.Release|x86.Build.0 = Release|Any CPU
		{1B64EC1E-F381-485B-8C69-A07F80A27775}.Debug|Any CPU.ActiveCfg = Debug|Any CPU
		{1B64EC1E-F381-485B-8C69-A07F80A27775}.Debug|Any CPU.Build.0 = Debug|Any CPU
		{1B64EC1E-F381-485B-8C69-A07F80A27775}.Debug|x64.ActiveCfg = Debug|Any CPU
		{1B64EC1E-F381-485B-8C69-A07F80A27775}.Debug|x64.Build.0 = Debug|Any CPU
		{1B64EC1E-F381-485B-8C69-A07F80A27775}.Debug|x86.ActiveCfg = Debug|x86
		{1B64EC1E-F381-485B-8C69-A07F80A27775}.Debug|x86.Build.0 = Debug|x86
		{1B64EC1E-F381-485B-8C69-A07F80A27775}.Release|Any CPU.ActiveCfg = Release|Any CPU
		{1B64EC1E-F381-485B-8C69-A07F80A27775}.Release|Any CPU.Build.0 = Release|Any CPU
		{1B64EC1E-F381-485B-8C69-A07F80A27775}.Release|x64.ActiveCfg = Release|Any CPU
		{1B64EC1E-F381-485B-8C69-A07F80A27775}.Release|x64.Build.0 = Release|Any CPU
		{1B64EC1E-F381-485B-8C69-A07F80A27775}.Release|x86.ActiveCfg = Release|Any CPU
		{1B64EC1E-F381-485B-8C69-A07F80A27775}.Release|x86.Build.0 = Release|Any CPU
		{E1BD4CC7-8EFC-4565-A533-39802828D243}.Debug|Any CPU.ActiveCfg = Debug|Any CPU
		{E1BD4CC7-8EFC-4565-A533-39802828D243}.Debug|Any CPU.Build.0 = Debug|Any CPU
		{E1BD4CC7-8EFC-4565-A533-39802828D243}.Debug|x64.ActiveCfg = Debug|Any CPU
		{E1BD4CC7-8EFC-4565-A533-39802828D243}.Debug|x64.Build.0 = Debug|Any CPU
		{E1BD4CC7-8EFC-4565-A533-39802828D243}.Debug|x86.ActiveCfg = Debug|x86
		{E1BD4CC7-8EFC-4565-A533-39802828D243}.Debug|x86.Build.0 = Debug|x86
		{E1BD4CC7-8EFC-4565-A533-39802828D243}.Release|Any CPU.ActiveCfg = Release|Any CPU
		{E1BD4CC7-8EFC-4565-A533-39802828D243}.Release|Any CPU.Build.0 = Release|Any CPU
		{E1BD4CC7-8EFC-4565-A533-39802828D243}.Release|x64.ActiveCfg = Release|Any CPU
		{E1BD4CC7-8EFC-4565-A533-39802828D243}.Release|x64.Build.0 = Release|Any CPU
		{E1BD4CC7-8EFC-4565-A533-39802828D243}.Release|x86.ActiveCfg = Release|Any CPU
		{E1BD4CC7-8EFC-4565-A533-39802828D243}.Release|x86.Build.0 = Release|Any CPU
		{B1BA254D-FD7A-445F-A2A5-6FAFE81325C6}.Debug|Any CPU.ActiveCfg = Debug|Any CPU
		{B1BA254D-FD7A-445F-A2A5-6FAFE81325C6}.Debug|Any CPU.Build.0 = Debug|Any CPU
		{B1BA254D-FD7A-445F-A2A5-6FAFE81325C6}.Debug|x64.ActiveCfg = Debug|Any CPU
		{B1BA254D-FD7A-445F-A2A5-6FAFE81325C6}.Debug|x64.Build.0 = Debug|Any CPU
		{B1BA254D-FD7A-445F-A2A5-6FAFE81325C6}.Debug|x86.ActiveCfg = Debug|x86
		{B1BA254D-FD7A-445F-A2A5-6FAFE81325C6}.Debug|x86.Build.0 = Debug|x86
		{B1BA254D-FD7A-445F-A2A5-6FAFE81325C6}.Release|Any CPU.ActiveCfg = Release|Any CPU
		{B1BA254D-FD7A-445F-A2A5-6FAFE81325C6}.Release|Any CPU.Build.0 = Release|Any CPU
		{B1BA254D-FD7A-445F-A2A5-6FAFE81325C6}.Release|x64.ActiveCfg = Release|Any CPU
		{B1BA254D-FD7A-445F-A2A5-6FAFE81325C6}.Release|x64.Build.0 = Release|Any CPU
		{B1BA254D-FD7A-445F-A2A5-6FAFE81325C6}.Release|x86.ActiveCfg = Release|Any CPU
		{B1BA254D-FD7A-445F-A2A5-6FAFE81325C6}.Release|x86.Build.0 = Release|Any CPU
		{D7B2505F-76DB-46FE-A58B-2386268FD5FF}.Debug|Any CPU.ActiveCfg = Debug|Any CPU
		{D7B2505F-76DB-46FE-A58B-2386268FD5FF}.Debug|Any CPU.Build.0 = Debug|Any CPU
		{D7B2505F-76DB-46FE-A58B-2386268FD5FF}.Debug|x64.ActiveCfg = Debug|Any CPU
		{D7B2505F-76DB-46FE-A58B-2386268FD5FF}.Debug|x64.Build.0 = Debug|Any CPU
		{D7B2505F-76DB-46FE-A58B-2386268FD5FF}.Debug|x86.ActiveCfg = Debug|x86
		{D7B2505F-76DB-46FE-A58B-2386268FD5FF}.Debug|x86.Build.0 = Debug|x86
		{D7B2505F-76DB-46FE-A58B-2386268FD5FF}.Release|Any CPU.ActiveCfg = Release|Any CPU
		{D7B2505F-76DB-46FE-A58B-2386268FD5FF}.Release|Any CPU.Build.0 = Release|Any CPU
		{D7B2505F-76DB-46FE-A58B-2386268FD5FF}.Release|x64.ActiveCfg = Release|Any CPU
		{D7B2505F-76DB-46FE-A58B-2386268FD5FF}.Release|x64.Build.0 = Release|Any CPU
		{D7B2505F-76DB-46FE-A58B-2386268FD5FF}.Release|x86.ActiveCfg = Release|Any CPU
		{D7B2505F-76DB-46FE-A58B-2386268FD5FF}.Release|x86.Build.0 = Release|Any CPU
		{266543A2-B12C-46FE-BCF1-A67319B9CFB8}.Debug|Any CPU.ActiveCfg = Debug|Any CPU
		{266543A2-B12C-46FE-BCF1-A67319B9CFB8}.Debug|Any CPU.Build.0 = Debug|Any CPU
		{266543A2-B12C-46FE-BCF1-A67319B9CFB8}.Debug|x64.ActiveCfg = Debug|Any CPU
		{266543A2-B12C-46FE-BCF1-A67319B9CFB8}.Debug|x64.Build.0 = Debug|Any CPU
		{266543A2-B12C-46FE-BCF1-A67319B9CFB8}.Debug|x86.ActiveCfg = Debug|x86
		{266543A2-B12C-46FE-BCF1-A67319B9CFB8}.Debug|x86.Build.0 = Debug|x86
		{266543A2-B12C-46FE-BCF1-A67319B9CFB8}.Release|Any CPU.ActiveCfg = Release|Any CPU
		{266543A2-B12C-46FE-BCF1-A67319B9CFB8}.Release|Any CPU.Build.0 = Release|Any CPU
		{266543A2-B12C-46FE-BCF1-A67319B9CFB8}.Release|x64.ActiveCfg = Release|Any CPU
		{266543A2-B12C-46FE-BCF1-A67319B9CFB8}.Release|x64.Build.0 = Release|Any CPU
		{266543A2-B12C-46FE-BCF1-A67319B9CFB8}.Release|x86.ActiveCfg = Release|x86
		{266543A2-B12C-46FE-BCF1-A67319B9CFB8}.Release|x86.Build.0 = Release|x86
		{43D5A367-06AD-4ECE-8143-29244F36F380}.Debug|Any CPU.ActiveCfg = Debug|Any CPU
		{43D5A367-06AD-4ECE-8143-29244F36F380}.Debug|Any CPU.Build.0 = Debug|Any CPU
		{43D5A367-06AD-4ECE-8143-29244F36F380}.Debug|x64.ActiveCfg = Debug|Any CPU
		{43D5A367-06AD-4ECE-8143-29244F36F380}.Debug|x64.Build.0 = Debug|Any CPU
		{43D5A367-06AD-4ECE-8143-29244F36F380}.Debug|x86.ActiveCfg = Debug|x86
		{43D5A367-06AD-4ECE-8143-29244F36F380}.Debug|x86.Build.0 = Debug|x86
		{43D5A367-06AD-4ECE-8143-29244F36F380}.Release|Any CPU.ActiveCfg = Release|Any CPU
		{43D5A367-06AD-4ECE-8143-29244F36F380}.Release|Any CPU.Build.0 = Release|Any CPU
		{43D5A367-06AD-4ECE-8143-29244F36F380}.Release|x64.ActiveCfg = Release|Any CPU
		{43D5A367-06AD-4ECE-8143-29244F36F380}.Release|x64.Build.0 = Release|Any CPU
		{43D5A367-06AD-4ECE-8143-29244F36F380}.Release|x86.ActiveCfg = Release|Any CPU
		{43D5A367-06AD-4ECE-8143-29244F36F380}.Release|x86.Build.0 = Release|Any CPU
		{17D20D1F-15A3-4FA5-834F-4BC652AB4250}.Debug|Any CPU.ActiveCfg = Debug|Any CPU
		{17D20D1F-15A3-4FA5-834F-4BC652AB4250}.Debug|Any CPU.Build.0 = Debug|Any CPU
		{17D20D1F-15A3-4FA5-834F-4BC652AB4250}.Debug|x64.ActiveCfg = Debug|Any CPU
		{17D20D1F-15A3-4FA5-834F-4BC652AB4250}.Debug|x64.Build.0 = Debug|Any CPU
		{17D20D1F-15A3-4FA5-834F-4BC652AB4250}.Debug|x86.ActiveCfg = Debug|x86
		{17D20D1F-15A3-4FA5-834F-4BC652AB4250}.Debug|x86.Build.0 = Debug|x86
		{17D20D1F-15A3-4FA5-834F-4BC652AB4250}.Release|Any CPU.ActiveCfg = Release|Any CPU
		{17D20D1F-15A3-4FA5-834F-4BC652AB4250}.Release|Any CPU.Build.0 = Release|Any CPU
		{17D20D1F-15A3-4FA5-834F-4BC652AB4250}.Release|x64.ActiveCfg = Release|Any CPU
		{17D20D1F-15A3-4FA5-834F-4BC652AB4250}.Release|x64.Build.0 = Release|Any CPU
		{17D20D1F-15A3-4FA5-834F-4BC652AB4250}.Release|x86.ActiveCfg = Release|Any CPU
		{17D20D1F-15A3-4FA5-834F-4BC652AB4250}.Release|x86.Build.0 = Release|Any CPU
		{2E49F257-7952-4DC2-9FB5-543C7B6B5B9E}.Debug|Any CPU.ActiveCfg = Debug|Any CPU
		{2E49F257-7952-4DC2-9FB5-543C7B6B5B9E}.Debug|Any CPU.Build.0 = Debug|Any CPU
		{2E49F257-7952-4DC2-9FB5-543C7B6B5B9E}.Debug|x64.ActiveCfg = Debug|Any CPU
		{2E49F257-7952-4DC2-9FB5-543C7B6B5B9E}.Debug|x64.Build.0 = Debug|Any CPU
		{2E49F257-7952-4DC2-9FB5-543C7B6B5B9E}.Debug|x86.ActiveCfg = Debug|x86
		{2E49F257-7952-4DC2-9FB5-543C7B6B5B9E}.Debug|x86.Build.0 = Debug|x86
		{2E49F257-7952-4DC2-9FB5-543C7B6B5B9E}.Release|Any CPU.ActiveCfg = Release|Any CPU
		{2E49F257-7952-4DC2-9FB5-543C7B6B5B9E}.Release|Any CPU.Build.0 = Release|Any CPU
		{2E49F257-7952-4DC2-9FB5-543C7B6B5B9E}.Release|x64.ActiveCfg = Release|Any CPU
		{2E49F257-7952-4DC2-9FB5-543C7B6B5B9E}.Release|x64.Build.0 = Release|Any CPU
		{2E49F257-7952-4DC2-9FB5-543C7B6B5B9E}.Release|x86.ActiveCfg = Release|x86
		{2E49F257-7952-4DC2-9FB5-543C7B6B5B9E}.Release|x86.Build.0 = Release|x86
		{7BB265BA-7FEE-47C3-8E7E-11021F49A085}.Debug|Any CPU.ActiveCfg = Debug|Any CPU
		{7BB265BA-7FEE-47C3-8E7E-11021F49A085}.Debug|Any CPU.Build.0 = Debug|Any CPU
		{7BB265BA-7FEE-47C3-8E7E-11021F49A085}.Debug|x64.ActiveCfg = Debug|Any CPU
		{7BB265BA-7FEE-47C3-8E7E-11021F49A085}.Debug|x64.Build.0 = Debug|Any CPU
		{7BB265BA-7FEE-47C3-8E7E-11021F49A085}.Debug|x86.ActiveCfg = Debug|x86
		{7BB265BA-7FEE-47C3-8E7E-11021F49A085}.Debug|x86.Build.0 = Debug|x86
		{7BB265BA-7FEE-47C3-8E7E-11021F49A085}.Release|Any CPU.ActiveCfg = Release|Any CPU
		{7BB265BA-7FEE-47C3-8E7E-11021F49A085}.Release|Any CPU.Build.0 = Release|Any CPU
		{7BB265BA-7FEE-47C3-8E7E-11021F49A085}.Release|x64.ActiveCfg = Release|Any CPU
		{7BB265BA-7FEE-47C3-8E7E-11021F49A085}.Release|x64.Build.0 = Release|Any CPU
		{7BB265BA-7FEE-47C3-8E7E-11021F49A085}.Release|x86.ActiveCfg = Release|x86
		{7BB265BA-7FEE-47C3-8E7E-11021F49A085}.Release|x86.Build.0 = Release|x86
		{0B195894-EAC2-4E9A-A5E3-AA8AE1A47E6B}.Debug|Any CPU.ActiveCfg = Debug|Any CPU
		{0B195894-EAC2-4E9A-A5E3-AA8AE1A47E6B}.Debug|Any CPU.Build.0 = Debug|Any CPU
		{0B195894-EAC2-4E9A-A5E3-AA8AE1A47E6B}.Debug|x64.ActiveCfg = Debug|Any CPU
		{0B195894-EAC2-4E9A-A5E3-AA8AE1A47E6B}.Debug|x64.Build.0 = Debug|Any CPU
		{0B195894-EAC2-4E9A-A5E3-AA8AE1A47E6B}.Debug|x86.ActiveCfg = Debug|x86
		{0B195894-EAC2-4E9A-A5E3-AA8AE1A47E6B}.Debug|x86.Build.0 = Debug|x86
		{0B195894-EAC2-4E9A-A5E3-AA8AE1A47E6B}.Release|Any CPU.ActiveCfg = Release|Any CPU
		{0B195894-EAC2-4E9A-A5E3-AA8AE1A47E6B}.Release|Any CPU.Build.0 = Release|Any CPU
		{0B195894-EAC2-4E9A-A5E3-AA8AE1A47E6B}.Release|x64.ActiveCfg = Release|Any CPU
		{0B195894-EAC2-4E9A-A5E3-AA8AE1A47E6B}.Release|x64.Build.0 = Release|Any CPU
		{0B195894-EAC2-4E9A-A5E3-AA8AE1A47E6B}.Release|x86.ActiveCfg = Release|Any CPU
		{0B195894-EAC2-4E9A-A5E3-AA8AE1A47E6B}.Release|x86.Build.0 = Release|Any CPU
		{CAC2D3C5-DA16-4605-BAF1-10E981903547}.Debug|Any CPU.ActiveCfg = Debug|Any CPU
		{CAC2D3C5-DA16-4605-BAF1-10E981903547}.Debug|Any CPU.Build.0 = Debug|Any CPU
		{CAC2D3C5-DA16-4605-BAF1-10E981903547}.Debug|x64.ActiveCfg = Debug|Any CPU
		{CAC2D3C5-DA16-4605-BAF1-10E981903547}.Debug|x64.Build.0 = Debug|Any CPU
		{CAC2D3C5-DA16-4605-BAF1-10E981903547}.Debug|x86.ActiveCfg = Debug|x86
		{CAC2D3C5-DA16-4605-BAF1-10E981903547}.Debug|x86.Build.0 = Debug|x86
		{CAC2D3C5-DA16-4605-BAF1-10E981903547}.Release|Any CPU.ActiveCfg = Release|Any CPU
		{CAC2D3C5-DA16-4605-BAF1-10E981903547}.Release|Any CPU.Build.0 = Release|Any CPU
		{CAC2D3C5-DA16-4605-BAF1-10E981903547}.Release|x64.ActiveCfg = Release|Any CPU
		{CAC2D3C5-DA16-4605-BAF1-10E981903547}.Release|x64.Build.0 = Release|Any CPU
		{CAC2D3C5-DA16-4605-BAF1-10E981903547}.Release|x86.ActiveCfg = Release|Any CPU
		{CAC2D3C5-DA16-4605-BAF1-10E981903547}.Release|x86.Build.0 = Release|Any CPU
		{D85E4F46-B1DB-4319-B8C8-9AAF5A81A5F3}.Debug|Any CPU.ActiveCfg = Debug|Any CPU
		{D85E4F46-B1DB-4319-B8C8-9AAF5A81A5F3}.Debug|Any CPU.Build.0 = Debug|Any CPU
		{D85E4F46-B1DB-4319-B8C8-9AAF5A81A5F3}.Debug|x64.ActiveCfg = Debug|Any CPU
		{D85E4F46-B1DB-4319-B8C8-9AAF5A81A5F3}.Debug|x64.Build.0 = Debug|Any CPU
		{D85E4F46-B1DB-4319-B8C8-9AAF5A81A5F3}.Debug|x86.ActiveCfg = Debug|x86
		{D85E4F46-B1DB-4319-B8C8-9AAF5A81A5F3}.Debug|x86.Build.0 = Debug|x86
		{D85E4F46-B1DB-4319-B8C8-9AAF5A81A5F3}.Release|Any CPU.ActiveCfg = Release|Any CPU
		{D85E4F46-B1DB-4319-B8C8-9AAF5A81A5F3}.Release|Any CPU.Build.0 = Release|Any CPU
		{D85E4F46-B1DB-4319-B8C8-9AAF5A81A5F3}.Release|x64.ActiveCfg = Release|Any CPU
		{D85E4F46-B1DB-4319-B8C8-9AAF5A81A5F3}.Release|x64.Build.0 = Release|Any CPU
		{D85E4F46-B1DB-4319-B8C8-9AAF5A81A5F3}.Release|x86.ActiveCfg = Release|Any CPU
		{D85E4F46-B1DB-4319-B8C8-9AAF5A81A5F3}.Release|x86.Build.0 = Release|Any CPU
		{9E3C0DFC-DEA4-4A14-839D-08F4F50EFED2}.Debug|Any CPU.ActiveCfg = Debug|Any CPU
		{9E3C0DFC-DEA4-4A14-839D-08F4F50EFED2}.Debug|Any CPU.Build.0 = Debug|Any CPU
		{9E3C0DFC-DEA4-4A14-839D-08F4F50EFED2}.Debug|x64.ActiveCfg = Debug|Any CPU
		{9E3C0DFC-DEA4-4A14-839D-08F4F50EFED2}.Debug|x64.Build.0 = Debug|Any CPU
		{9E3C0DFC-DEA4-4A14-839D-08F4F50EFED2}.Debug|x86.ActiveCfg = Debug|x86
		{9E3C0DFC-DEA4-4A14-839D-08F4F50EFED2}.Debug|x86.Build.0 = Debug|x86
		{9E3C0DFC-DEA4-4A14-839D-08F4F50EFED2}.Release|Any CPU.ActiveCfg = Release|Any CPU
		{9E3C0DFC-DEA4-4A14-839D-08F4F50EFED2}.Release|Any CPU.Build.0 = Release|Any CPU
		{9E3C0DFC-DEA4-4A14-839D-08F4F50EFED2}.Release|x64.ActiveCfg = Release|Any CPU
		{9E3C0DFC-DEA4-4A14-839D-08F4F50EFED2}.Release|x64.Build.0 = Release|Any CPU
		{9E3C0DFC-DEA4-4A14-839D-08F4F50EFED2}.Release|x86.ActiveCfg = Release|x86
		{9E3C0DFC-DEA4-4A14-839D-08F4F50EFED2}.Release|x86.Build.0 = Release|x86
		{2DB4F475-6204-45AB-90C9-46B8C3F58405}.Debug|Any CPU.ActiveCfg = Debug|Any CPU
		{2DB4F475-6204-45AB-90C9-46B8C3F58405}.Debug|Any CPU.Build.0 = Debug|Any CPU
		{2DB4F475-6204-45AB-90C9-46B8C3F58405}.Debug|x64.ActiveCfg = Debug|Any CPU
		{2DB4F475-6204-45AB-90C9-46B8C3F58405}.Debug|x64.Build.0 = Debug|Any CPU
		{2DB4F475-6204-45AB-90C9-46B8C3F58405}.Debug|x86.ActiveCfg = Debug|x86
		{2DB4F475-6204-45AB-90C9-46B8C3F58405}.Debug|x86.Build.0 = Debug|x86
		{2DB4F475-6204-45AB-90C9-46B8C3F58405}.Release|Any CPU.ActiveCfg = Release|Any CPU
		{2DB4F475-6204-45AB-90C9-46B8C3F58405}.Release|Any CPU.Build.0 = Release|Any CPU
		{2DB4F475-6204-45AB-90C9-46B8C3F58405}.Release|x64.ActiveCfg = Release|Any CPU
		{2DB4F475-6204-45AB-90C9-46B8C3F58405}.Release|x64.Build.0 = Release|Any CPU
		{2DB4F475-6204-45AB-90C9-46B8C3F58405}.Release|x86.ActiveCfg = Release|x86
		{2DB4F475-6204-45AB-90C9-46B8C3F58405}.Release|x86.Build.0 = Release|x86
		{CA9E1908-ED0E-4F91-ACE2-7ED7FC3C8D6C}.Debug|Any CPU.ActiveCfg = Debug|Any CPU
		{CA9E1908-ED0E-4F91-ACE2-7ED7FC3C8D6C}.Debug|Any CPU.Build.0 = Debug|Any CPU
		{CA9E1908-ED0E-4F91-ACE2-7ED7FC3C8D6C}.Debug|x64.ActiveCfg = Debug|Any CPU
		{CA9E1908-ED0E-4F91-ACE2-7ED7FC3C8D6C}.Debug|x64.Build.0 = Debug|Any CPU
		{CA9E1908-ED0E-4F91-ACE2-7ED7FC3C8D6C}.Debug|x86.ActiveCfg = Debug|x86
		{CA9E1908-ED0E-4F91-ACE2-7ED7FC3C8D6C}.Debug|x86.Build.0 = Debug|x86
		{CA9E1908-ED0E-4F91-ACE2-7ED7FC3C8D6C}.Release|Any CPU.ActiveCfg = Release|Any CPU
		{CA9E1908-ED0E-4F91-ACE2-7ED7FC3C8D6C}.Release|Any CPU.Build.0 = Release|Any CPU
		{CA9E1908-ED0E-4F91-ACE2-7ED7FC3C8D6C}.Release|x64.ActiveCfg = Release|Any CPU
		{CA9E1908-ED0E-4F91-ACE2-7ED7FC3C8D6C}.Release|x64.Build.0 = Release|Any CPU
		{CA9E1908-ED0E-4F91-ACE2-7ED7FC3C8D6C}.Release|x86.ActiveCfg = Release|Any CPU
		{CA9E1908-ED0E-4F91-ACE2-7ED7FC3C8D6C}.Release|x86.Build.0 = Release|Any CPU
		{1A20E3DE-4198-46C4-8C5B-0AC1FCB727A1}.Debug|Any CPU.ActiveCfg = Debug|Any CPU
		{1A20E3DE-4198-46C4-8C5B-0AC1FCB727A1}.Debug|Any CPU.Build.0 = Debug|Any CPU
		{1A20E3DE-4198-46C4-8C5B-0AC1FCB727A1}.Debug|x64.ActiveCfg = Debug|Any CPU
		{1A20E3DE-4198-46C4-8C5B-0AC1FCB727A1}.Debug|x64.Build.0 = Debug|Any CPU
		{1A20E3DE-4198-46C4-8C5B-0AC1FCB727A1}.Debug|x86.ActiveCfg = Debug|x86
		{1A20E3DE-4198-46C4-8C5B-0AC1FCB727A1}.Debug|x86.Build.0 = Debug|x86
		{1A20E3DE-4198-46C4-8C5B-0AC1FCB727A1}.Release|Any CPU.ActiveCfg = Release|Any CPU
		{1A20E3DE-4198-46C4-8C5B-0AC1FCB727A1}.Release|Any CPU.Build.0 = Release|Any CPU
		{1A20E3DE-4198-46C4-8C5B-0AC1FCB727A1}.Release|x64.ActiveCfg = Release|Any CPU
		{1A20E3DE-4198-46C4-8C5B-0AC1FCB727A1}.Release|x64.Build.0 = Release|Any CPU
		{1A20E3DE-4198-46C4-8C5B-0AC1FCB727A1}.Release|x86.ActiveCfg = Release|x86
		{1A20E3DE-4198-46C4-8C5B-0AC1FCB727A1}.Release|x86.Build.0 = Release|x86
		{AF244E4D-B6F8-4FB7-979D-3E82236FE4AD}.Debug|Any CPU.ActiveCfg = Debug|Any CPU
		{AF244E4D-B6F8-4FB7-979D-3E82236FE4AD}.Debug|Any CPU.Build.0 = Debug|Any CPU
		{AF244E4D-B6F8-4FB7-979D-3E82236FE4AD}.Debug|x64.ActiveCfg = Debug|Any CPU
		{AF244E4D-B6F8-4FB7-979D-3E82236FE4AD}.Debug|x64.Build.0 = Debug|Any CPU
		{AF244E4D-B6F8-4FB7-979D-3E82236FE4AD}.Debug|x86.ActiveCfg = Debug|x86
		{AF244E4D-B6F8-4FB7-979D-3E82236FE4AD}.Debug|x86.Build.0 = Debug|x86
		{AF244E4D-B6F8-4FB7-979D-3E82236FE4AD}.Release|Any CPU.ActiveCfg = Release|Any CPU
		{AF244E4D-B6F8-4FB7-979D-3E82236FE4AD}.Release|Any CPU.Build.0 = Release|Any CPU
		{AF244E4D-B6F8-4FB7-979D-3E82236FE4AD}.Release|x64.ActiveCfg = Release|Any CPU
		{AF244E4D-B6F8-4FB7-979D-3E82236FE4AD}.Release|x64.Build.0 = Release|Any CPU
		{AF244E4D-B6F8-4FB7-979D-3E82236FE4AD}.Release|x86.ActiveCfg = Release|x86
		{AF244E4D-B6F8-4FB7-979D-3E82236FE4AD}.Release|x86.Build.0 = Release|x86
		{294CBA54-BBEA-40CF-BA8C-470D64DEF3D8}.Debug|Any CPU.ActiveCfg = Debug|Any CPU
		{294CBA54-BBEA-40CF-BA8C-470D64DEF3D8}.Debug|Any CPU.Build.0 = Debug|Any CPU
		{294CBA54-BBEA-40CF-BA8C-470D64DEF3D8}.Debug|x64.ActiveCfg = Debug|Any CPU
		{294CBA54-BBEA-40CF-BA8C-470D64DEF3D8}.Debug|x64.Build.0 = Debug|Any CPU
		{294CBA54-BBEA-40CF-BA8C-470D64DEF3D8}.Debug|x86.ActiveCfg = Debug|x86
		{294CBA54-BBEA-40CF-BA8C-470D64DEF3D8}.Debug|x86.Build.0 = Debug|x86
		{294CBA54-BBEA-40CF-BA8C-470D64DEF3D8}.Release|Any CPU.ActiveCfg = Release|Any CPU
		{294CBA54-BBEA-40CF-BA8C-470D64DEF3D8}.Release|Any CPU.Build.0 = Release|Any CPU
		{294CBA54-BBEA-40CF-BA8C-470D64DEF3D8}.Release|x64.ActiveCfg = Release|Any CPU
		{294CBA54-BBEA-40CF-BA8C-470D64DEF3D8}.Release|x64.Build.0 = Release|Any CPU
		{294CBA54-BBEA-40CF-BA8C-470D64DEF3D8}.Release|x86.ActiveCfg = Release|x86
		{294CBA54-BBEA-40CF-BA8C-470D64DEF3D8}.Release|x86.Build.0 = Release|x86
		{48630ECE-833D-4683-8CC6-24C4A7CB2941}.Debug|Any CPU.ActiveCfg = Debug|Any CPU
		{48630ECE-833D-4683-8CC6-24C4A7CB2941}.Debug|Any CPU.Build.0 = Debug|Any CPU
		{48630ECE-833D-4683-8CC6-24C4A7CB2941}.Debug|x64.ActiveCfg = Debug|Any CPU
		{48630ECE-833D-4683-8CC6-24C4A7CB2941}.Debug|x64.Build.0 = Debug|Any CPU
		{48630ECE-833D-4683-8CC6-24C4A7CB2941}.Debug|x86.ActiveCfg = Debug|x86
		{48630ECE-833D-4683-8CC6-24C4A7CB2941}.Debug|x86.Build.0 = Debug|x86
		{48630ECE-833D-4683-8CC6-24C4A7CB2941}.Release|Any CPU.ActiveCfg = Release|Any CPU
		{48630ECE-833D-4683-8CC6-24C4A7CB2941}.Release|Any CPU.Build.0 = Release|Any CPU
		{48630ECE-833D-4683-8CC6-24C4A7CB2941}.Release|x64.ActiveCfg = Release|Any CPU
		{48630ECE-833D-4683-8CC6-24C4A7CB2941}.Release|x64.Build.0 = Release|Any CPU
		{48630ECE-833D-4683-8CC6-24C4A7CB2941}.Release|x86.ActiveCfg = Release|x86
		{48630ECE-833D-4683-8CC6-24C4A7CB2941}.Release|x86.Build.0 = Release|x86
		{098D737D-4707-4A22-A63A-03BEE9365523}.Debug|Any CPU.ActiveCfg = Debug|Any CPU
		{098D737D-4707-4A22-A63A-03BEE9365523}.Debug|Any CPU.Build.0 = Debug|Any CPU
		{098D737D-4707-4A22-A63A-03BEE9365523}.Debug|x64.ActiveCfg = Debug|Any CPU
		{098D737D-4707-4A22-A63A-03BEE9365523}.Debug|x64.Build.0 = Debug|Any CPU
		{098D737D-4707-4A22-A63A-03BEE9365523}.Debug|x86.ActiveCfg = Debug|x86
		{098D737D-4707-4A22-A63A-03BEE9365523}.Debug|x86.Build.0 = Debug|x86
		{098D737D-4707-4A22-A63A-03BEE9365523}.Release|Any CPU.ActiveCfg = Release|Any CPU
		{098D737D-4707-4A22-A63A-03BEE9365523}.Release|Any CPU.Build.0 = Release|Any CPU
		{098D737D-4707-4A22-A63A-03BEE9365523}.Release|x64.ActiveCfg = Release|Any CPU
		{098D737D-4707-4A22-A63A-03BEE9365523}.Release|x64.Build.0 = Release|Any CPU
		{098D737D-4707-4A22-A63A-03BEE9365523}.Release|x86.ActiveCfg = Release|x86
		{098D737D-4707-4A22-A63A-03BEE9365523}.Release|x86.Build.0 = Release|x86
		{BA788C86-F94A-4A93-B05E-75DC12D0A4B3}.Debug|Any CPU.ActiveCfg = Debug|Any CPU
		{BA788C86-F94A-4A93-B05E-75DC12D0A4B3}.Debug|Any CPU.Build.0 = Debug|Any CPU
		{BA788C86-F94A-4A93-B05E-75DC12D0A4B3}.Debug|x64.ActiveCfg = Debug|Any CPU
		{BA788C86-F94A-4A93-B05E-75DC12D0A4B3}.Debug|x64.Build.0 = Debug|Any CPU
		{BA788C86-F94A-4A93-B05E-75DC12D0A4B3}.Debug|x86.ActiveCfg = Debug|Any CPU
		{BA788C86-F94A-4A93-B05E-75DC12D0A4B3}.Debug|x86.Build.0 = Debug|Any CPU
		{BA788C86-F94A-4A93-B05E-75DC12D0A4B3}.Release|Any CPU.ActiveCfg = Release|Any CPU
		{BA788C86-F94A-4A93-B05E-75DC12D0A4B3}.Release|Any CPU.Build.0 = Release|Any CPU
		{BA788C86-F94A-4A93-B05E-75DC12D0A4B3}.Release|x64.ActiveCfg = Release|Any CPU
		{BA788C86-F94A-4A93-B05E-75DC12D0A4B3}.Release|x64.Build.0 = Release|Any CPU
		{BA788C86-F94A-4A93-B05E-75DC12D0A4B3}.Release|x86.ActiveCfg = Release|Any CPU
		{BA788C86-F94A-4A93-B05E-75DC12D0A4B3}.Release|x86.Build.0 = Release|Any CPU
		{D897BE62-811B-49E0-A7D4-C768C8AC95AB}.Debug|Any CPU.ActiveCfg = Debug|Any CPU
		{D897BE62-811B-49E0-A7D4-C768C8AC95AB}.Debug|Any CPU.Build.0 = Debug|Any CPU
		{D897BE62-811B-49E0-A7D4-C768C8AC95AB}.Debug|x64.ActiveCfg = Debug|Any CPU
		{D897BE62-811B-49E0-A7D4-C768C8AC95AB}.Debug|x64.Build.0 = Debug|Any CPU
		{D897BE62-811B-49E0-A7D4-C768C8AC95AB}.Debug|x86.ActiveCfg = Debug|Any CPU
		{D897BE62-811B-49E0-A7D4-C768C8AC95AB}.Debug|x86.Build.0 = Debug|Any CPU
		{D897BE62-811B-49E0-A7D4-C768C8AC95AB}.Release|Any CPU.ActiveCfg = Release|Any CPU
		{D897BE62-811B-49E0-A7D4-C768C8AC95AB}.Release|Any CPU.Build.0 = Release|Any CPU
		{D897BE62-811B-49E0-A7D4-C768C8AC95AB}.Release|x64.ActiveCfg = Release|Any CPU
		{D897BE62-811B-49E0-A7D4-C768C8AC95AB}.Release|x64.Build.0 = Release|Any CPU
		{D897BE62-811B-49E0-A7D4-C768C8AC95AB}.Release|x86.ActiveCfg = Release|Any CPU
		{D897BE62-811B-49E0-A7D4-C768C8AC95AB}.Release|x86.Build.0 = Release|Any CPU
		{B73AF819-C0B5-4AA6-8C09-E8643F1437D1}.Debug|Any CPU.ActiveCfg = Debug|Any CPU
		{B73AF819-C0B5-4AA6-8C09-E8643F1437D1}.Debug|Any CPU.Build.0 = Debug|Any CPU
		{B73AF819-C0B5-4AA6-8C09-E8643F1437D1}.Debug|x64.ActiveCfg = Debug|Any CPU
		{B73AF819-C0B5-4AA6-8C09-E8643F1437D1}.Debug|x64.Build.0 = Debug|Any CPU
		{B73AF819-C0B5-4AA6-8C09-E8643F1437D1}.Debug|x86.ActiveCfg = Debug|Any CPU
		{B73AF819-C0B5-4AA6-8C09-E8643F1437D1}.Debug|x86.Build.0 = Debug|Any CPU
		{B73AF819-C0B5-4AA6-8C09-E8643F1437D1}.Release|Any CPU.ActiveCfg = Release|Any CPU
		{B73AF819-C0B5-4AA6-8C09-E8643F1437D1}.Release|Any CPU.Build.0 = Release|Any CPU
		{B73AF819-C0B5-4AA6-8C09-E8643F1437D1}.Release|x64.ActiveCfg = Release|Any CPU
		{B73AF819-C0B5-4AA6-8C09-E8643F1437D1}.Release|x64.Build.0 = Release|Any CPU
		{B73AF819-C0B5-4AA6-8C09-E8643F1437D1}.Release|x86.ActiveCfg = Release|Any CPU
		{B73AF819-C0B5-4AA6-8C09-E8643F1437D1}.Release|x86.Build.0 = Release|Any CPU
		{800EDADC-F5A6-4A74-94EC-1267A91065D1}.Debug|Any CPU.ActiveCfg = Debug|Any CPU
		{800EDADC-F5A6-4A74-94EC-1267A91065D1}.Debug|Any CPU.Build.0 = Debug|Any CPU
		{800EDADC-F5A6-4A74-94EC-1267A91065D1}.Debug|x64.ActiveCfg = Debug|Any CPU
		{800EDADC-F5A6-4A74-94EC-1267A91065D1}.Debug|x64.Build.0 = Debug|Any CPU
		{800EDADC-F5A6-4A74-94EC-1267A91065D1}.Debug|x86.ActiveCfg = Debug|Any CPU
		{800EDADC-F5A6-4A74-94EC-1267A91065D1}.Debug|x86.Build.0 = Debug|Any CPU
		{800EDADC-F5A6-4A74-94EC-1267A91065D1}.Release|Any CPU.ActiveCfg = Release|Any CPU
		{800EDADC-F5A6-4A74-94EC-1267A91065D1}.Release|Any CPU.Build.0 = Release|Any CPU
		{800EDADC-F5A6-4A74-94EC-1267A91065D1}.Release|x64.ActiveCfg = Release|Any CPU
		{800EDADC-F5A6-4A74-94EC-1267A91065D1}.Release|x64.Build.0 = Release|Any CPU
		{800EDADC-F5A6-4A74-94EC-1267A91065D1}.Release|x86.ActiveCfg = Release|Any CPU
		{800EDADC-F5A6-4A74-94EC-1267A91065D1}.Release|x86.Build.0 = Release|Any CPU
		{6C58D4F0-B831-42F6-A819-17699A258D18}.Debug|Any CPU.ActiveCfg = Debug|Any CPU
		{6C58D4F0-B831-42F6-A819-17699A258D18}.Debug|Any CPU.Build.0 = Debug|Any CPU
		{6C58D4F0-B831-42F6-A819-17699A258D18}.Debug|x64.ActiveCfg = Debug|Any CPU
		{6C58D4F0-B831-42F6-A819-17699A258D18}.Debug|x64.Build.0 = Debug|Any CPU
		{6C58D4F0-B831-42F6-A819-17699A258D18}.Debug|x86.ActiveCfg = Debug|Any CPU
		{6C58D4F0-B831-42F6-A819-17699A258D18}.Debug|x86.Build.0 = Debug|Any CPU
		{6C58D4F0-B831-42F6-A819-17699A258D18}.Release|Any CPU.ActiveCfg = Release|Any CPU
		{6C58D4F0-B831-42F6-A819-17699A258D18}.Release|Any CPU.Build.0 = Release|Any CPU
		{6C58D4F0-B831-42F6-A819-17699A258D18}.Release|x64.ActiveCfg = Release|Any CPU
		{6C58D4F0-B831-42F6-A819-17699A258D18}.Release|x64.Build.0 = Release|Any CPU
		{6C58D4F0-B831-42F6-A819-17699A258D18}.Release|x86.ActiveCfg = Release|Any CPU
		{6C58D4F0-B831-42F6-A819-17699A258D18}.Release|x86.Build.0 = Release|Any CPU
		{88B4257F-C545-4EAF-8ADA-37F374F0A6FD}.Debug|Any CPU.ActiveCfg = Debug|Any CPU
		{88B4257F-C545-4EAF-8ADA-37F374F0A6FD}.Debug|Any CPU.Build.0 = Debug|Any CPU
		{88B4257F-C545-4EAF-8ADA-37F374F0A6FD}.Debug|x64.ActiveCfg = Debug|Any CPU
		{88B4257F-C545-4EAF-8ADA-37F374F0A6FD}.Debug|x64.Build.0 = Debug|Any CPU
		{88B4257F-C545-4EAF-8ADA-37F374F0A6FD}.Debug|x86.ActiveCfg = Debug|Any CPU
		{88B4257F-C545-4EAF-8ADA-37F374F0A6FD}.Debug|x86.Build.0 = Debug|Any CPU
		{88B4257F-C545-4EAF-8ADA-37F374F0A6FD}.Release|Any CPU.ActiveCfg = Release|Any CPU
		{88B4257F-C545-4EAF-8ADA-37F374F0A6FD}.Release|Any CPU.Build.0 = Release|Any CPU
		{88B4257F-C545-4EAF-8ADA-37F374F0A6FD}.Release|x64.ActiveCfg = Release|Any CPU
		{88B4257F-C545-4EAF-8ADA-37F374F0A6FD}.Release|x64.Build.0 = Release|Any CPU
		{88B4257F-C545-4EAF-8ADA-37F374F0A6FD}.Release|x86.ActiveCfg = Release|Any CPU
		{88B4257F-C545-4EAF-8ADA-37F374F0A6FD}.Release|x86.Build.0 = Release|Any CPU
		{08FE90EE-280B-416A-B0BE-CA36174AD22B}.Debug|Any CPU.ActiveCfg = Debug|Any CPU
		{08FE90EE-280B-416A-B0BE-CA36174AD22B}.Debug|Any CPU.Build.0 = Debug|Any CPU
		{08FE90EE-280B-416A-B0BE-CA36174AD22B}.Debug|x64.ActiveCfg = Debug|Any CPU
		{08FE90EE-280B-416A-B0BE-CA36174AD22B}.Debug|x64.Build.0 = Debug|Any CPU
		{08FE90EE-280B-416A-B0BE-CA36174AD22B}.Debug|x86.ActiveCfg = Debug|x86
		{08FE90EE-280B-416A-B0BE-CA36174AD22B}.Debug|x86.Build.0 = Debug|x86
		{08FE90EE-280B-416A-B0BE-CA36174AD22B}.Release|Any CPU.ActiveCfg = Release|Any CPU
		{08FE90EE-280B-416A-B0BE-CA36174AD22B}.Release|Any CPU.Build.0 = Release|Any CPU
		{08FE90EE-280B-416A-B0BE-CA36174AD22B}.Release|x64.ActiveCfg = Release|Any CPU
		{08FE90EE-280B-416A-B0BE-CA36174AD22B}.Release|x64.Build.0 = Release|Any CPU
		{08FE90EE-280B-416A-B0BE-CA36174AD22B}.Release|x86.ActiveCfg = Release|x86
		{08FE90EE-280B-416A-B0BE-CA36174AD22B}.Release|x86.Build.0 = Release|x86
	EndGlobalSection
	GlobalSection(SolutionProperties) = preSolution
		HideSolutionNode = FALSE
	EndGlobalSection
	GlobalSection(ExtensibilityGlobals) = postSolution
		SolutionGuid = {6FC9B289-1238-4233-894E-D37D8E57C7C2}
	EndGlobalSection
	GlobalSection(TeamFoundationVersionControl) = preSolution
		SccNumberOfProjects = 59
		SccEnterpriseProvider = {4CA58AB2-18FA-4F8D-95D4-32DDF27D184C}
		SccTeamFoundationServer = http://semnoxtfs:8080/tfs/semnox
		SccLocalPath0 = .
		SccProjectUniqueName1 = ParafaitPOS\\ParafaitPOS.csproj
		SccProjectName1 = ParafaitPOS
		SccLocalPath1 = ParafaitPOS
		SccProjectUniqueName2 = ..\\..\\CommonSolution\\GenericUtilities\\GenericUtilities.csproj
		SccProjectName2 = ../../CommonSolution/GenericUtilities
		SccLocalPath2 = ..\\..\\CommonSolution\\GenericUtilities
		SccProjectUniqueName3 = ..\\..\\CommonSolution\\Booking\\Booking.csproj
		SccProjectName3 = ../../CommonSolution/Booking
		SccLocalPath3 = ..\\..\\CommonSolution\\Booking
		SccProjectUniqueName4 = ..\\..\\CommonSolution\\Communication\\Communication.csproj
		SccProjectName4 = ../../CommonSolution/Communication
		SccLocalPath4 = ..\\..\\CommonSolution\\Communication
		SccProjectUniqueName5 = ..\\..\\CommonSolution\\Customer\\Customer.csproj
		SccProjectName5 = ../../CommonSolution/Customer
		SccLocalPath5 = ..\\..\\CommonSolution\\Customer
		SccProjectUniqueName6 = ..\\..\\CommonSolution\\DBSynch\\DBSynch.csproj
		SccProjectName6 = ../../CommonSolution/DBSynch
		SccLocalPath6 = ..\\..\\CommonSolution\\DBSynch
		SccProjectUniqueName7 = ..\\..\\CommonSolution\\Device\\Device.csproj
		SccProjectName7 = ../../CommonSolution/Device
		SccLocalPath7 = ..\\..\\CommonSolution\\Device
		SccProjectUniqueName8 = ..\\..\\CommonSolution\\Discounts\\Discounts.csproj
		SccProjectName8 = ../../CommonSolution/Discounts
		SccLocalPath8 = ..\\..\\CommonSolution\\Discounts
		SccProjectUniqueName9 = ..\\..\\CommonSolution\\Languages\\Languages.csproj
		SccProjectName9 = ../../CommonSolution/Languages
		SccLocalPath9 = ..\\..\\CommonSolution\\Languages
		SccProjectUniqueName10 = ..\\..\\CommonSolution\\logger\\logger.csproj
		SccProjectName10 = ../../CommonSolution/logger
		SccLocalPath10 = ..\\..\\CommonSolution\\logger
		SccProjectUniqueName11 = ..\\..\\CommonSolution\\Product\\Product.csproj
		SccProjectName11 = ../../CommonSolution/Product
		SccLocalPath11 = ..\\..\\CommonSolution\\Product
		SccProjectUniqueName12 = ..\\..\\CommonSolution\\Promotions\\Promotions.csproj
		SccProjectName12 = ../../CommonSolution/Promotions
		SccLocalPath12 = ..\\..\\CommonSolution\\Promotions
		SccProjectUniqueName13 = ..\\..\\CommonSolution\\Site\\Site.csproj
		SccProjectName13 = ../../CommonSolution/Site
		SccLocalPath13 = ..\\..\\CommonSolution\\Site
		SccProjectUniqueName14 = ..\\..\\CommonSolution\\Tags\\Tags.csproj
		SccProjectName14 = ../../CommonSolution/Tags
		SccLocalPath14 = ..\\..\\CommonSolution\\Tags
		SccProjectUniqueName15 = ..\\..\\CommonSolution\\ThirdParty\\ThirdParty.csproj
		SccProjectName15 = ../../CommonSolution/ThirdParty
		SccLocalPath15 = ..\\..\\CommonSolution\\ThirdParty
		SccProjectUniqueName16 = ..\\..\\CommonSolution\\User\\User.csproj
		SccProjectName16 = ../../CommonSolution/User
		SccLocalPath16 = ..\\..\\CommonSolution\\User
		SccProjectUniqueName17 = ..\\..\\CommonSolution\\POS\\POS.csproj
		SccProjectName17 = ../../CommonSolution/POS
		SccLocalPath17 = ..\\..\\CommonSolution\\POS
		SccProjectUniqueName18 = ..\\..\\CommonSolution\\Logging\\Logging.csproj
		SccProjectName18 = ../../CommonSolution/Logging
		SccLocalPath18 = ..\\..\\CommonSolution\\Logging
		SccProjectUniqueName19 = ..\\..\\CommonSolution\\Utilities\\Utilities.csproj
		SccProjectName19 = ../../CommonSolution/Utilities
		SccLocalPath19 = ..\\..\\CommonSolution\\Utilities
		SccProjectUniqueName20 = ..\\..\\CommonSolution\\Maintenance\\Maintenance.csproj
		SccProjectName20 = ../../CommonSolution/Maintenance
		SccLocalPath20 = ..\\..\\CommonSolution\\Maintenance
		SccProjectUniqueName21 = ..\\..\\CommonSolution\\Vendor\\Vendor.csproj
		SccProjectName21 = ../../CommonSolution/Vendor
		SccLocalPath21 = ..\\..\\CommonSolution\\Vendor
		SccProjectUniqueName22 = ..\\..\\CommonSolution\\Loyalty\\Loyalty.csproj
		SccProjectName22 = ../../CommonSolution/Loyalty
		SccLocalPath22 = ..\\..\\CommonSolution\\Loyalty
		SccProjectUniqueName23 = ..\\..\\CommonSolution\\Deployment\\Deployment.csproj
		SccProjectName23 = ../../CommonSolution/Deployment
		SccLocalPath23 = ..\\..\\CommonSolution\\Deployment
		SccProjectUniqueName24 = ..\\..\\CommonSolution\\ITransaction\\ITransaction.csproj
		SccProjectName24 = ../../CommonSolution/ITransaction
		SccLocalPath24 = ..\\..\\CommonSolution\\ITransaction
		SccProjectUniqueName25 = ..\\..\\CommonSolution\\Waiver\\Waiver.csproj
		SccProjectName25 = ../../CommonSolution/Waiver
		SccLocalPath25 = ..\\..\\CommonSolution\\Waiver
		SccProjectUniqueName26 = ..\\..\\CommonSolution\\Reports\\Reports.csproj
		SccProjectName26 = ../../CommonSolution/Reports
		SccLocalPath26 = ..\\..\\CommonSolution\\Reports
		SccProjectUniqueName27 = ..\\..\\CommonSolution\\Publish\\Publish.csproj
		SccProjectName27 = ../../CommonSolution/Publish
		SccLocalPath27 = ..\\..\\CommonSolution\\Publish
		SccProjectUniqueName28 = ..\\..\\CommonSolution\\Schedule\\Schedule.csproj
		SccProjectName28 = ../../CommonSolution/Schedule
		SccLocalPath28 = ..\\..\\CommonSolution\\Schedule
		SccProjectUniqueName29 = ..\\..\\CommonSolution\\Printer\\Printer.csproj
		SccProjectName29 = ../../CommonSolution/Printer
		SccLocalPath29 = ..\\..\\CommonSolution\\Printer
		SccProjectUniqueName30 = ..\\..\\CommonSolution\\Lockers\\Lockers.csproj
		SccProjectName30 = ../../CommonSolution/Lockers
		SccLocalPath30 = ..\\..\\CommonSolution\\Lockers
		SccProjectUniqueName31 = ..\\..\\CommonSolution\\Category\\Category.csproj
		SccProjectName31 = ../../CommonSolution/Category
		SccLocalPath31 = ..\\..\\CommonSolution\\Category
		SccProjectUniqueName32 = ..\\..\\CommonSolution\\CardCore\\CardCore.csproj
		SccProjectName32 = ../../CommonSolution/CardCore
		SccLocalPath32 = ..\\..\\CommonSolution\\CardCore
		SccProjectUniqueName33 = ..\\..\\CommonSolution\\CardCoreDataHandler\\CardCoreDataHandler.csproj
		SccProjectName33 = ../../CommonSolution/CardCoreDataHandler
		SccLocalPath33 = ..\\..\\CommonSolution\\CardCoreDataHandler
		SccProjectUniqueName34 = ..\\..\\CommonSolution\\CardCoreDTO\\CardCoreDTO.csproj
		SccProjectName34 = ../../CommonSolution/CardCoreDTO
		SccLocalPath34 = ..\\..\\CommonSolution\\CardCoreDTO
		SccProjectUniqueName35 = ..\\..\\CommonSolution\\Transaction\\Transaction.csproj
		SccProjectName35 = ../../CommonSolution/Transaction
		SccLocalPath35 = ..\\..\\CommonSolution\\Transaction
		SccProjectUniqueName36 = ..\\..\\CommonSolution\\DisplayGroup\\DisplayGroup.csproj
		SccProjectName36 = ../../CommonSolution/DisplayGroup
		SccLocalPath36 = ..\\..\\CommonSolution\\DisplayGroup
		SccProjectUniqueName37 = ..\\..\\CommonSolution\\DiscountSetup\\DiscountSetup.csproj
		SccProjectName37 = ../../CommonSolution/DiscountSetup
		SccLocalPath37 = ..\\..\\CommonSolution\\DiscountSetup
		SccProjectUniqueName38 = ..\\..\\CommonSolution\\ConcurrentManager\\ConcurrentManager.csproj
		SccProjectName38 = ../../CommonSolution/ConcurrentManager
		SccLocalPath38 = ..\\..\\CommonSolution\\ConcurrentManager
		SccProjectUniqueName39 = ..\\..\\CommonSolution\\ServerCore\\ServerCore.csproj
		SccProjectName39 = ../../CommonSolution/ServerCore
		SccLocalPath39 = ..\\..\\CommonSolution\\ServerCore
		SccProjectUniqueName40 = ..\\..\\CommonSolution\\PriceList\\PriceList.csproj
		SccProjectName40 = ../../CommonSolution/PriceList
		SccLocalPath40 = ..\\..\\CommonSolution\\PriceList
		SccProjectUniqueName41 = ..\\..\\CommonSolution\\Achievements\\Achievements.csproj
		SccProjectName41 = ../../CommonSolution/Achievements
		SccLocalPath41 = ..\\..\\CommonSolution\\Achievements
		SccProjectUniqueName42 = ..\\..\\CommonSolution\\Currency\\Currency.csproj
		SccProjectName42 = ../../CommonSolution/Currency
		SccLocalPath42 = ..\\..\\CommonSolution\\Currency
		SccProjectUniqueName43 = ..\\..\\CommonSolution\\RedemptionBarcodeUtils\\RedemptionBarcodeUtils\\RedemptionBarcodeUtils.csproj
		SccProjectName43 = ../../CommonSolution/RedemptionBarcodeUtils/RedemptionBarcodeUtils
		SccLocalPath43 = ..\\..\\CommonSolution\\RedemptionBarcodeUtils\\RedemptionBarcodeUtils
		SccProjectUniqueName44 = ..\\..\\SignageClient\\SignageClient\\SignageClient.csproj
		SccProjectName44 = ../../SignageClient/SignageClient
		SccLocalPath44 = ..\\..\\SignageClient\\SignageClient
		SccProjectUniqueName45 = ..\\..\\CommonSolution\\DigitalSignage\\DigitalSignage.csproj
		SccProjectName45 = ../../CommonSolution/DigitalSignage
		SccLocalPath45 = ..\\..\\CommonSolution\\DigitalSignage
		SccProjectUniqueName46 = ..\\..\\CommonSolution\\Redemption\\RedemptionUtils.csproj
		SccProjectName46 = ../../CommonSolution/Redemption
		SccLocalPath46 = ..\\..\\CommonSolution\\Redemption
		SccProjectUniqueName47 = ..\\..\\CommonSolution\\Inventory\\Inventory.csproj
		SccProjectName47 = ../../CommonSolution/Inventory
		SccLocalPath47 = ..\\..\\CommonSolution\\Inventory
		SccProjectUniqueName48 = ..\\..\\CommonSolution\\JobUtils\\JobUtils.csproj
		SccProjectName48 = ../../CommonSolution/JobUtils
		SccLocalPath48 = ..\\..\\CommonSolution\\JobUtils
		SccProjectUniqueName49 = ..\\..\\CommonSolution\\Game\\Game.csproj
		SccProjectName49 = ../../CommonSolution/Game
		SccLocalPath49 = ..\\..\\CommonSolution\\Game
		SccProjectUniqueName50 = ..\\..\\CommonSolution\\CommonUI\\CommonUI.csproj
		SccProjectName50 = ../../CommonSolution/CommonUI
		SccLocalPath50 = ..\\..\\CommonSolution\\CommonUI
		SccProjectUniqueName51 = ..\\..\\CommonSolution\\MorphoFingerPrintReader\\MorphoFingerPrintReader.csproj
		SccProjectName51 = ../../CommonSolution/MorphoFingerPrintReader
		SccLocalPath51 = ..\\..\\CommonSolution\\MorphoFingerPrintReader
		SccProjectUniqueName52 = ..\\..\\CommonSolution\\GamesUI\\GamesUI.csproj
		SccProjectName52 = ../../CommonSolution/GamesUI
		SccLocalPath52 = ..\\..\\CommonSolution\\GamesUI
		SccProjectUniqueName53 = ..\\..\\CommonSolution\\RedemptionUI\\RedemptionUI.csproj
		SccProjectName53 = ../../CommonSolution/RedemptionUI
		SccLocalPath53 = ..\\..\\CommonSolution\\RedemptionUI
		SccProjectUniqueName54 = ..\\..\\CommonSolution\\ViewContainer\\ViewContainer.csproj
		SccProjectName54 = ../../CommonSolution/ViewContainer
		SccLocalPath54 = ..\\..\\CommonSolution\\ViewContainer
		SccProjectUniqueName55 = ..\\..\\CommonSolution\\Authentication\\Authentication.csproj
		SccProjectName55 = ../../CommonSolution/Authentication
		SccLocalPath55 = ..\\..\\CommonSolution\\Authentication
		SccProjectUniqueName56 = ..\\..\\CommonSolution\\AccountsUI\\AccountsUI.csproj
		SccProjectName56 = ../../CommonSolution/AccountsUI
		SccLocalPath56 = ..\\..\\CommonSolution\\AccountsUI
		SccProjectUniqueName57 = ..\\..\\CommonSolution\\TransactionUI\\TransactionUI.csproj
		SccProjectName57 = ../../CommonSolution/TransactionUI
		SccLocalPath57 = ..\\..\\CommonSolution\\TransactionUI
		SccProjectUniqueName58 = ..\\..\\CommonSolution\\InventoryUI\\InventoryUI.csproj
		SccProjectName58 = ../../CommonSolution/InventoryUI
		SccLocalPath58 = ..\\..\\CommonSolution\\InventoryUI
	EndGlobalSection
	GlobalSection(Performance) = preSolution
		HasPerformanceSessions = true
	EndGlobalSection
EndGlobal
