
Microsoft Visual Studio Solution File, Format Version 12.00
# Visual Studio 15
VisualStudioVersion = 15.0.27703.2035
MinimumVisualStudioVersion = 10.0.40219.1
Project("{FAE04EC0-301F-11D3-BF4B-00C04F79EFBC}") = "Parafait FnB Kiosk", "Parafait FnB Kiosk\Parafait FnB Kiosk.csproj", "{F2ED56A8-E75C-47FD-BB64-794C1D94B9D8}"
EndProject
Project("{FAE04EC0-301F-11D3-BF4B-00C04F79EFBC}") = "Booking", "..\..\CommonSolution\Booking\Booking.csproj", "{77771DFD-58F0-4A77-A46F-BC752075E760}"
EndProject
Project("{FAE04EC0-301F-11D3-BF4B-00C04F79EFBC}") = "CardCore", "..\..\CommonSolution\CardCore\CardCore.csproj", "{E1BD4CC7-8EFC-4565-A533-39802828D243}"
EndProject
Project("{FAE04EC0-301F-11D3-BF4B-00C04F79EFBC}") = "CardCoreDataHandler", "..\..\CommonSolution\CardCoreDataHandler\CardCoreDataHandler.csproj", "{B1BA254D-FD7A-445F-A2A5-6FAFE81325C6}"
EndProject
Project("{FAE04EC0-301F-11D3-BF4B-00C04F79EFBC}") = "Communication", "..\..\CommonSolution\Communication\Communication.csproj", "{61BD1EB5-DF16-4A31-83FC-8D6944F02A20}"
EndProject
Project("{FAE04EC0-301F-11D3-BF4B-00C04F79EFBC}") = "Customer", "..\..\CommonSolution\Customer\Customer.csproj", "{09EC39CF-3DD3-4920-A155-CADE5B252B8A}"
EndProject
Project("{FAE04EC0-301F-11D3-BF4B-00C04F79EFBC}") = "DBSynch", "..\..\CommonSolution\DBSynch\DBSynch.csproj", "{0BA61F06-B401-4DDE-B374-E54F8ECAE187}"
EndProject
Project("{FAE04EC0-301F-11D3-BF4B-00C04F79EFBC}") = "Device", "..\..\CommonSolution\Device\Device.csproj", "{24D8C63F-8F14-42CE-BC91-CFE34A088B38}"
EndProject
Project("{FAE04EC0-301F-11D3-BF4B-00C04F79EFBC}") = "Discounts", "..\..\CommonSolution\Discounts\Discounts.csproj", "{F0FDE99A-725F-45C2-9CD8-B7961088EA2C}"
EndProject
Project("{FAE04EC0-301F-11D3-BF4B-00C04F79EFBC}") = "DisplayGroup", "..\..\CommonSolution\DisplayGroup\DisplayGroup.csproj", "{43D5A367-06AD-4ECE-8143-29244F36F380}"
EndProject
Project("{FAE04EC0-301F-11D3-BF4B-00C04F79EFBC}") = "GenericUtilities", "..\..\CommonSolution\GenericUtilities\GenericUtilities.csproj", "{5EEC3FD1-9EA6-404E-9C7A-554268A3EF80}"
EndProject
Project("{FAE04EC0-301F-11D3-BF4B-00C04F79EFBC}") = "ITransaction", "..\..\CommonSolution\ITransaction\ITransaction.csproj", "{F23F4B8C-4C62-49BD-B9CF-CDD278E14C5F}"
EndProject
Project("{FAE04EC0-301F-11D3-BF4B-00C04F79EFBC}") = "JobUtils", "..\..\CommonSolution\JobUtils\JobUtils.csproj", "{294CBA54-BBEA-40CF-BA8C-470D64DEF3D8}"
EndProject
Project("{FAE04EC0-301F-11D3-BF4B-00C04F79EFBC}") = "KioskCore", "..\KioskCore\KioskCore\KioskCore.csproj", "{C43D25AD-FA0F-4E26-8948-C05CA296B367}"
EndProject
Project("{FAE04EC0-301F-11D3-BF4B-00C04F79EFBC}") = "Languages", "..\..\CommonSolution\Languages\Languages.csproj", "{E7CEB68F-78BB-44F8-9B4E-EA3FB43DAC9A}"
EndProject
Project("{FAE04EC0-301F-11D3-BF4B-00C04F79EFBC}") = "Lockers", "..\..\CommonSolution\Lockers\Lockers.csproj", "{3B914EE9-767A-458E-83C3-6E434556A1A9}"
EndProject
Project("{FAE04EC0-301F-11D3-BF4B-00C04F79EFBC}") = "logger", "..\..\CommonSolution\logger\logger.csproj", "{36B671D0-EF70-42DB-940B-6A3622023F58}"
EndProject
Project("{FAE04EC0-301F-11D3-BF4B-00C04F79EFBC}") = "Logging", "..\..\CommonSolution\Logging\Logging.csproj", "{1A1BAC8C-A16A-433C-8856-2EC4047D31FB}"
EndProject
Project("{FAE04EC0-301F-11D3-BF4B-00C04F79EFBC}") = "POS", "..\..\CommonSolution\POS\POS.csproj", "{EDD835A5-1862-4AED-B3F0-1C134B40FDB4}"
EndProject
Project("{FAE04EC0-301F-11D3-BF4B-00C04F79EFBC}") = "PriceList", "..\..\CommonSolution\PriceList\PriceList.csproj", "{0B195894-EAC2-4E9A-A5E3-AA8AE1A47E6B}"
EndProject
Project("{FAE04EC0-301F-11D3-BF4B-00C04F79EFBC}") = "Printer", "..\..\CommonSolution\Printer\Printer.csproj", "{B8974CD4-806B-4027-AFE3-D35DA8E949EE}"
EndProject
Project("{FAE04EC0-301F-11D3-BF4B-00C04F79EFBC}") = "Product", "..\..\CommonSolution\Product\Product.csproj", "{F1BA74AA-2DC7-48C1-8CBD-254F8C2B63F8}"
EndProject
Project("{FAE04EC0-301F-11D3-BF4B-00C04F79EFBC}") = "Promotions", "..\..\CommonSolution\Promotions\Promotions.csproj", "{9F184AF5-E406-4FC8-AC22-DC29351D016C}"
EndProject
Project("{FAE04EC0-301F-11D3-BF4B-00C04F79EFBC}") = "Publish", "..\..\CommonSolution\Publish\Publish.csproj", "{A707F773-C706-429B-B031-70C69C9ADFD1}"
EndProject
Project("{FAE04EC0-301F-11D3-BF4B-00C04F79EFBC}") = "Reports", "..\..\CommonSolution\Reports\Reports.csproj", "{41A713DA-1CA8-4C0B-86ED-FA33580248D9}"
EndProject
Project("{FAE04EC0-301F-11D3-BF4B-00C04F79EFBC}") = "Site", "..\..\CommonSolution\Site\Site.csproj", "{B0419249-F9F6-425F-9B56-13D2E12F319F}"
EndProject
Project("{FAE04EC0-301F-11D3-BF4B-00C04F79EFBC}") = "Tags", "..\..\CommonSolution\Tags\Tags.csproj", "{D682B493-8A01-45A2-A934-58F141923C0D}"
EndProject
Project("{FAE04EC0-301F-11D3-BF4B-00C04F79EFBC}") = "ThirdParty", "..\..\CommonSolution\ThirdParty\ThirdParty.csproj", "{45C69515-B9A7-44F3-882B-0B53548226F1}"
EndProject
Project("{FAE04EC0-301F-11D3-BF4B-00C04F79EFBC}") = "Transaction", "..\..\CommonSolution\Transaction\Transaction.csproj", "{266543A2-B12C-46FE-BCF1-A67319B9CFB8}"
EndProject
Project("{FAE04EC0-301F-11D3-BF4B-00C04F79EFBC}") = "User", "..\..\CommonSolution\User\User.csproj", "{E30D3295-E230-44D2-880D-22BF5A349119}"
EndProject
Project("{FAE04EC0-301F-11D3-BF4B-00C04F79EFBC}") = "Utilities", "..\..\CommonSolution\Utilities\Utilities.csproj", "{667EAB12-6C89-48ED-9FCB-934697CC2779}"
EndProject
Project("{FAE04EC0-301F-11D3-BF4B-00C04F79EFBC}") = "Vendor", "..\..\CommonSolution\Vendor\Vendor.csproj", "{585E3765-3096-451D-89C0-97C9B845DBE7}"
EndProject
Project("{FAE04EC0-301F-11D3-BF4B-00C04F79EFBC}") = "Waiver", "..\..\CommonSolution\Waiver\Waiver.csproj", "{B4419625-2D92-4E3B-99B3-2DF03A45CD59}"
EndProject
Project("{FAE04EC0-301F-11D3-BF4B-00C04F79EFBC}") = "CardCoreDTO", "..\..\CommonSolution\CardCoreDTO\CardCoreDTO.csproj", "{D7B2505F-76DB-46FE-A58B-2386268FD5FF}"
EndProject
Project("{FAE04EC0-301F-11D3-BF4B-00C04F79EFBC}") = "Game", "..\..\CommonSolution\Game\Game.csproj", "{970A8E60-83BE-4559-A67C-3EF7135A3E8D}"
EndProject
Project("{FAE04EC0-301F-11D3-BF4B-00C04F79EFBC}") = "Category", "..\..\CommonSolution\Category\Category.csproj", "{1B64EC1E-F381-485B-8C69-A07F80A27775}"
EndProject
Project("{FAE04EC0-301F-11D3-BF4B-00C04F79EFBC}") = "DigitalSignage", "..\..\CommonSolution\DigitalSignage\DigitalSignage.csproj", "{CA9E1908-ED0E-4F91-ACE2-7ED7FC3C8D6C}"
EndProject
Project("{FAE04EC0-301F-11D3-BF4B-00C04F79EFBC}") = "SignageClient", "..\..\SignageClient\SignageClient\SignageClient.csproj", "{2DB4F475-6204-45AB-90C9-46B8C3F58405}"
EndProject
Project("{FAE04EC0-301F-11D3-BF4B-00C04F79EFBC}") = "ServerCore", "..\..\CommonSolution\ServerCore\ServerCore.csproj", "{7BB265BA-7FEE-47C3-8E7E-11021F49A085}"
EndProject
Global
	GlobalSection(SolutionConfigurationPlatforms) = preSolution
		Debug|Any CPU = Debug|Any CPU
		Debug|x86 = Debug|x86
		Release|Any CPU = Release|Any CPU
		Release|x86 = Release|x86
	EndGlobalSection
	GlobalSection(ProjectConfigurationPlatforms) = postSolution
		{F2ED56A8-E75C-47FD-BB64-794C1D94B9D8}.Debug|Any CPU.ActiveCfg = Debug|Any CPU
		{F2ED56A8-E75C-47FD-BB64-794C1D94B9D8}.Debug|Any CPU.Build.0 = Debug|Any CPU
		{F2ED56A8-E75C-47FD-BB64-794C1D94B9D8}.Debug|x86.ActiveCfg = Debug|x86
		{F2ED56A8-E75C-47FD-BB64-794C1D94B9D8}.Debug|x86.Build.0 = Debug|x86
		{F2ED56A8-E75C-47FD-BB64-794C1D94B9D8}.Release|Any CPU.ActiveCfg = Release|Any CPU
		{F2ED56A8-E75C-47FD-BB64-794C1D94B9D8}.Release|Any CPU.Build.0 = Release|Any CPU
		{F2ED56A8-E75C-47FD-BB64-794C1D94B9D8}.Release|x86.ActiveCfg = Release|x86
		{F2ED56A8-E75C-47FD-BB64-794C1D94B9D8}.Release|x86.Build.0 = Release|x86
		{77771DFD-58F0-4A77-A46F-BC752075E760}.Debug|Any CPU.ActiveCfg = Debug|Any CPU
		{77771DFD-58F0-4A77-A46F-BC752075E760}.Debug|Any CPU.Build.0 = Debug|Any CPU
		{77771DFD-58F0-4A77-A46F-BC752075E760}.Debug|x86.ActiveCfg = Debug|x86
		{77771DFD-58F0-4A77-A46F-BC752075E760}.Debug|x86.Build.0 = Debug|x86
		{77771DFD-58F0-4A77-A46F-BC752075E760}.Release|Any CPU.ActiveCfg = Release|Any CPU
		{77771DFD-58F0-4A77-A46F-BC752075E760}.Release|Any CPU.Build.0 = Release|Any CPU
		{77771DFD-58F0-4A77-A46F-BC752075E760}.Release|x86.ActiveCfg = Release|x86
		{77771DFD-58F0-4A77-A46F-BC752075E760}.Release|x86.Build.0 = Release|x86
		{E1BD4CC7-8EFC-4565-A533-39802828D243}.Debug|Any CPU.ActiveCfg = Debug|Any CPU
		{E1BD4CC7-8EFC-4565-A533-39802828D243}.Debug|Any CPU.Build.0 = Debug|Any CPU
		{E1BD4CC7-8EFC-4565-A533-39802828D243}.Debug|x86.ActiveCfg = Debug|x86
		{E1BD4CC7-8EFC-4565-A533-39802828D243}.Debug|x86.Build.0 = Debug|x86
		{E1BD4CC7-8EFC-4565-A533-39802828D243}.Release|Any CPU.ActiveCfg = Release|Any CPU
		{E1BD4CC7-8EFC-4565-A533-39802828D243}.Release|Any CPU.Build.0 = Release|Any CPU
		{E1BD4CC7-8EFC-4565-A533-39802828D243}.Release|x86.ActiveCfg = Release|x86
		{E1BD4CC7-8EFC-4565-A533-39802828D243}.Release|x86.Build.0 = Release|x86
		{B1BA254D-FD7A-445F-A2A5-6FAFE81325C6}.Debug|Any CPU.ActiveCfg = Debug|Any CPU
		{B1BA254D-FD7A-445F-A2A5-6FAFE81325C6}.Debug|Any CPU.Build.0 = Debug|Any CPU
		{B1BA254D-FD7A-445F-A2A5-6FAFE81325C6}.Debug|x86.ActiveCfg = Debug|x86
		{B1BA254D-FD7A-445F-A2A5-6FAFE81325C6}.Debug|x86.Build.0 = Debug|x86
		{B1BA254D-FD7A-445F-A2A5-6FAFE81325C6}.Release|Any CPU.ActiveCfg = Release|Any CPU
		{B1BA254D-FD7A-445F-A2A5-6FAFE81325C6}.Release|Any CPU.Build.0 = Release|Any CPU
		{B1BA254D-FD7A-445F-A2A5-6FAFE81325C6}.Release|x86.ActiveCfg = Release|x86
		{B1BA254D-FD7A-445F-A2A5-6FAFE81325C6}.Release|x86.Build.0 = Release|x86
		{61BD1EB5-DF16-4A31-83FC-8D6944F02A20}.Debug|Any CPU.ActiveCfg = Debug|Any CPU
		{61BD1EB5-DF16-4A31-83FC-8D6944F02A20}.Debug|Any CPU.Build.0 = Debug|Any CPU
		{61BD1EB5-DF16-4A31-83FC-8D6944F02A20}.Debug|x86.ActiveCfg = Debug|x86
		{61BD1EB5-DF16-4A31-83FC-8D6944F02A20}.Debug|x86.Build.0 = Debug|x86
		{61BD1EB5-DF16-4A31-83FC-8D6944F02A20}.Release|Any CPU.ActiveCfg = Release|Any CPU
		{61BD1EB5-DF16-4A31-83FC-8D6944F02A20}.Release|Any CPU.Build.0 = Release|Any CPU
		{61BD1EB5-DF16-4A31-83FC-8D6944F02A20}.Release|x86.ActiveCfg = Release|x86
		{61BD1EB5-DF16-4A31-83FC-8D6944F02A20}.Release|x86.Build.0 = Release|x86
		{09EC39CF-3DD3-4920-A155-CADE5B252B8A}.Debug|Any CPU.ActiveCfg = Debug|Any CPU
		{09EC39CF-3DD3-4920-A155-CADE5B252B8A}.Debug|Any CPU.Build.0 = Debug|Any CPU
		{09EC39CF-3DD3-4920-A155-CADE5B252B8A}.Debug|x86.ActiveCfg = Debug|x86
		{09EC39CF-3DD3-4920-A155-CADE5B252B8A}.Debug|x86.Build.0 = Debug|x86
		{09EC39CF-3DD3-4920-A155-CADE5B252B8A}.Release|Any CPU.ActiveCfg = Release|Any CPU
		{09EC39CF-3DD3-4920-A155-CADE5B252B8A}.Release|Any CPU.Build.0 = Release|Any CPU
		{09EC39CF-3DD3-4920-A155-CADE5B252B8A}.Release|x86.ActiveCfg = Release|x86
		{09EC39CF-3DD3-4920-A155-CADE5B252B8A}.Release|x86.Build.0 = Release|x86
		{0BA61F06-B401-4DDE-B374-E54F8ECAE187}.Debug|Any CPU.ActiveCfg = Debug|Any CPU
		{0BA61F06-B401-4DDE-B374-E54F8ECAE187}.Debug|Any CPU.Build.0 = Debug|Any CPU
		{0BA61F06-B401-4DDE-B374-E54F8ECAE187}.Debug|x86.ActiveCfg = Debug|x86
		{0BA61F06-B401-4DDE-B374-E54F8ECAE187}.Debug|x86.Build.0 = Debug|x86
		{0BA61F06-B401-4DDE-B374-E54F8ECAE187}.Release|Any CPU.ActiveCfg = Release|Any CPU
		{0BA61F06-B401-4DDE-B374-E54F8ECAE187}.Release|Any CPU.Build.0 = Release|Any CPU
		{0BA61F06-B401-4DDE-B374-E54F8ECAE187}.Release|x86.ActiveCfg = Release|x86
		{0BA61F06-B401-4DDE-B374-E54F8ECAE187}.Release|x86.Build.0 = Release|x86
		{24D8C63F-8F14-42CE-BC91-CFE34A088B38}.Debug|Any CPU.ActiveCfg = Debug|Any CPU
		{24D8C63F-8F14-42CE-BC91-CFE34A088B38}.Debug|Any CPU.Build.0 = Debug|Any CPU
		{24D8C63F-8F14-42CE-BC91-CFE34A088B38}.Debug|x86.ActiveCfg = Debug|x86
		{24D8C63F-8F14-42CE-BC91-CFE34A088B38}.Debug|x86.Build.0 = Debug|x86
		{24D8C63F-8F14-42CE-BC91-CFE34A088B38}.Release|Any CPU.ActiveCfg = Release|Any CPU
		{24D8C63F-8F14-42CE-BC91-CFE34A088B38}.Release|Any CPU.Build.0 = Release|Any CPU
		{24D8C63F-8F14-42CE-BC91-CFE34A088B38}.Release|x86.ActiveCfg = Release|x86
		{24D8C63F-8F14-42CE-BC91-CFE34A088B38}.Release|x86.Build.0 = Release|x86
		{F0FDE99A-725F-45C2-9CD8-B7961088EA2C}.Debug|Any CPU.ActiveCfg = Debug|Any CPU
		{F0FDE99A-725F-45C2-9CD8-B7961088EA2C}.Debug|Any CPU.Build.0 = Debug|Any CPU
		{F0FDE99A-725F-45C2-9CD8-B7961088EA2C}.Debug|x86.ActiveCfg = Debug|x86
		{F0FDE99A-725F-45C2-9CD8-B7961088EA2C}.Debug|x86.Build.0 = Debug|x86
		{F0FDE99A-725F-45C2-9CD8-B7961088EA2C}.Release|Any CPU.ActiveCfg = Release|Any CPU
		{F0FDE99A-725F-45C2-9CD8-B7961088EA2C}.Release|Any CPU.Build.0 = Release|Any CPU
		{F0FDE99A-725F-45C2-9CD8-B7961088EA2C}.Release|x86.ActiveCfg = Release|x86
		{F0FDE99A-725F-45C2-9CD8-B7961088EA2C}.Release|x86.Build.0 = Release|x86
		{43D5A367-06AD-4ECE-8143-29244F36F380}.Debug|Any CPU.ActiveCfg = Debug|Any CPU
		{43D5A367-06AD-4ECE-8143-29244F36F380}.Debug|Any CPU.Build.0 = Debug|Any CPU
		{43D5A367-06AD-4ECE-8143-29244F36F380}.Debug|x86.ActiveCfg = Debug|x86
		{43D5A367-06AD-4ECE-8143-29244F36F380}.Debug|x86.Build.0 = Debug|x86
		{43D5A367-06AD-4ECE-8143-29244F36F380}.Release|Any CPU.ActiveCfg = Release|Any CPU
		{43D5A367-06AD-4ECE-8143-29244F36F380}.Release|Any CPU.Build.0 = Release|Any CPU
		{43D5A367-06AD-4ECE-8143-29244F36F380}.Release|x86.ActiveCfg = Release|x86
		{43D5A367-06AD-4ECE-8143-29244F36F380}.Release|x86.Build.0 = Release|x86
		{5EEC3FD1-9EA6-404E-9C7A-554268A3EF80}.Debug|Any CPU.ActiveCfg = Debug|Any CPU
		{5EEC3FD1-9EA6-404E-9C7A-554268A3EF80}.Debug|Any CPU.Build.0 = Debug|Any CPU
		{5EEC3FD1-9EA6-404E-9C7A-554268A3EF80}.Debug|x86.ActiveCfg = Debug|x86
		{5EEC3FD1-9EA6-404E-9C7A-554268A3EF80}.Debug|x86.Build.0 = Debug|x86
		{5EEC3FD1-9EA6-404E-9C7A-554268A3EF80}.Release|Any CPU.ActiveCfg = Release|Any CPU
		{5EEC3FD1-9EA6-404E-9C7A-554268A3EF80}.Release|Any CPU.Build.0 = Release|Any CPU
		{5EEC3FD1-9EA6-404E-9C7A-554268A3EF80}.Release|x86.ActiveCfg = Release|x86
		{5EEC3FD1-9EA6-404E-9C7A-554268A3EF80}.Release|x86.Build.0 = Release|x86
		{F23F4B8C-4C62-49BD-B9CF-CDD278E14C5F}.Debug|Any CPU.ActiveCfg = Debug|Any CPU
		{F23F4B8C-4C62-49BD-B9CF-CDD278E14C5F}.Debug|Any CPU.Build.0 = Debug|Any CPU
		{F23F4B8C-4C62-49BD-B9CF-CDD278E14C5F}.Debug|x86.ActiveCfg = Debug|x86
		{F23F4B8C-4C62-49BD-B9CF-CDD278E14C5F}.Debug|x86.Build.0 = Debug|x86
		{F23F4B8C-4C62-49BD-B9CF-CDD278E14C5F}.Release|Any CPU.ActiveCfg = Release|Any CPU
		{F23F4B8C-4C62-49BD-B9CF-CDD278E14C5F}.Release|Any CPU.Build.0 = Release|Any CPU
		{F23F4B8C-4C62-49BD-B9CF-CDD278E14C5F}.Release|x86.ActiveCfg = Release|x86
		{F23F4B8C-4C62-49BD-B9CF-CDD278E14C5F}.Release|x86.Build.0 = Release|x86
		{294CBA54-BBEA-40CF-BA8C-470D64DEF3D8}.Debug|Any CPU.ActiveCfg = Debug|Any CPU
		{294CBA54-BBEA-40CF-BA8C-470D64DEF3D8}.Debug|Any CPU.Build.0 = Debug|Any CPU
		{294CBA54-BBEA-40CF-BA8C-470D64DEF3D8}.Debug|x86.ActiveCfg = Debug|x86
		{294CBA54-BBEA-40CF-BA8C-470D64DEF3D8}.Debug|x86.Build.0 = Debug|x86
		{294CBA54-BBEA-40CF-BA8C-470D64DEF3D8}.Release|Any CPU.ActiveCfg = Release|Any CPU
		{294CBA54-BBEA-40CF-BA8C-470D64DEF3D8}.Release|Any CPU.Build.0 = Release|Any CPU
		{294CBA54-BBEA-40CF-BA8C-470D64DEF3D8}.Release|x86.ActiveCfg = Release|x86
		{294CBA54-BBEA-40CF-BA8C-470D64DEF3D8}.Release|x86.Build.0 = Release|x86
		{C43D25AD-FA0F-4E26-8948-C05CA296B367}.Debug|Any CPU.ActiveCfg = Debug|Any CPU
		{C43D25AD-FA0F-4E26-8948-C05CA296B367}.Debug|Any CPU.Build.0 = Debug|Any CPU
		{C43D25AD-FA0F-4E26-8948-C05CA296B367}.Debug|x86.ActiveCfg = Debug|x86
		{C43D25AD-FA0F-4E26-8948-C05CA296B367}.Debug|x86.Build.0 = Debug|x86
		{C43D25AD-FA0F-4E26-8948-C05CA296B367}.Release|Any CPU.ActiveCfg = Release|Any CPU
		{C43D25AD-FA0F-4E26-8948-C05CA296B367}.Release|Any CPU.Build.0 = Release|Any CPU
		{C43D25AD-FA0F-4E26-8948-C05CA296B367}.Release|x86.ActiveCfg = Release|x86
		{C43D25AD-FA0F-4E26-8948-C05CA296B367}.Release|x86.Build.0 = Release|x86
		{E7CEB68F-78BB-44F8-9B4E-EA3FB43DAC9A}.Debug|Any CPU.ActiveCfg = Debug|Any CPU
		{E7CEB68F-78BB-44F8-9B4E-EA3FB43DAC9A}.Debug|Any CPU.Build.0 = Debug|Any CPU
		{E7CEB68F-78BB-44F8-9B4E-EA3FB43DAC9A}.Debug|x86.ActiveCfg = Debug|x86
		{E7CEB68F-78BB-44F8-9B4E-EA3FB43DAC9A}.Debug|x86.Build.0 = Debug|x86
		{E7CEB68F-78BB-44F8-9B4E-EA3FB43DAC9A}.Release|Any CPU.ActiveCfg = Release|Any CPU
		{E7CEB68F-78BB-44F8-9B4E-EA3FB43DAC9A}.Release|Any CPU.Build.0 = Release|Any CPU
		{E7CEB68F-78BB-44F8-9B4E-EA3FB43DAC9A}.Release|x86.ActiveCfg = Release|x86
		{E7CEB68F-78BB-44F8-9B4E-EA3FB43DAC9A}.Release|x86.Build.0 = Release|x86
		{3B914EE9-767A-458E-83C3-6E434556A1A9}.Debug|Any CPU.ActiveCfg = Debug|Any CPU
		{3B914EE9-767A-458E-83C3-6E434556A1A9}.Debug|Any CPU.Build.0 = Debug|Any CPU
		{3B914EE9-767A-458E-83C3-6E434556A1A9}.Debug|x86.ActiveCfg = Debug|x86
		{3B914EE9-767A-458E-83C3-6E434556A1A9}.Debug|x86.Build.0 = Debug|x86
		{3B914EE9-767A-458E-83C3-6E434556A1A9}.Release|Any CPU.ActiveCfg = Release|Any CPU
		{3B914EE9-767A-458E-83C3-6E434556A1A9}.Release|Any CPU.Build.0 = Release|Any CPU
		{3B914EE9-767A-458E-83C3-6E434556A1A9}.Release|x86.ActiveCfg = Release|x86
		{3B914EE9-767A-458E-83C3-6E434556A1A9}.Release|x86.Build.0 = Release|x86
		{36B671D0-EF70-42DB-940B-6A3622023F58}.Debug|Any CPU.ActiveCfg = Debug|Any CPU
		{36B671D0-EF70-42DB-940B-6A3622023F58}.Debug|Any CPU.Build.0 = Debug|Any CPU
		{36B671D0-EF70-42DB-940B-6A3622023F58}.Debug|x86.ActiveCfg = Debug|x86
		{36B671D0-EF70-42DB-940B-6A3622023F58}.Debug|x86.Build.0 = Debug|x86
		{36B671D0-EF70-42DB-940B-6A3622023F58}.Release|Any CPU.ActiveCfg = Release|Any CPU
		{36B671D0-EF70-42DB-940B-6A3622023F58}.Release|Any CPU.Build.0 = Release|Any CPU
		{36B671D0-EF70-42DB-940B-6A3622023F58}.Release|x86.ActiveCfg = Release|x86
		{36B671D0-EF70-42DB-940B-6A3622023F58}.Release|x86.Build.0 = Release|x86
		{1A1BAC8C-A16A-433C-8856-2EC4047D31FB}.Debug|Any CPU.ActiveCfg = Debug|Any CPU
		{1A1BAC8C-A16A-433C-8856-2EC4047D31FB}.Debug|Any CPU.Build.0 = Debug|Any CPU
		{1A1BAC8C-A16A-433C-8856-2EC4047D31FB}.Debug|x86.ActiveCfg = Debug|x86
		{1A1BAC8C-A16A-433C-8856-2EC4047D31FB}.Debug|x86.Build.0 = Debug|x86
		{1A1BAC8C-A16A-433C-8856-2EC4047D31FB}.Release|Any CPU.ActiveCfg = Release|Any CPU
		{1A1BAC8C-A16A-433C-8856-2EC4047D31FB}.Release|Any CPU.Build.0 = Release|Any CPU
		{1A1BAC8C-A16A-433C-8856-2EC4047D31FB}.Release|x86.ActiveCfg = Release|x86
		{1A1BAC8C-A16A-433C-8856-2EC4047D31FB}.Release|x86.Build.0 = Release|x86
		{EDD835A5-1862-4AED-B3F0-1C134B40FDB4}.Debug|Any CPU.ActiveCfg = Debug|Any CPU
		{EDD835A5-1862-4AED-B3F0-1C134B40FDB4}.Debug|Any CPU.Build.0 = Debug|Any CPU
		{EDD835A5-1862-4AED-B3F0-1C134B40FDB4}.Debug|x86.ActiveCfg = Debug|x86
		{EDD835A5-1862-4AED-B3F0-1C134B40FDB4}.Debug|x86.Build.0 = Debug|x86
		{EDD835A5-1862-4AED-B3F0-1C134B40FDB4}.Release|Any CPU.ActiveCfg = Release|Any CPU
		{EDD835A5-1862-4AED-B3F0-1C134B40FDB4}.Release|Any CPU.Build.0 = Release|Any CPU
		{EDD835A5-1862-4AED-B3F0-1C134B40FDB4}.Release|x86.ActiveCfg = Release|x86
		{EDD835A5-1862-4AED-B3F0-1C134B40FDB4}.Release|x86.Build.0 = Release|x86
		{0B195894-EAC2-4E9A-A5E3-AA8AE1A47E6B}.Debug|Any CPU.ActiveCfg = Debug|Any CPU
		{0B195894-EAC2-4E9A-A5E3-AA8AE1A47E6B}.Debug|Any CPU.Build.0 = Debug|Any CPU
		{0B195894-EAC2-4E9A-A5E3-AA8AE1A47E6B}.Debug|x86.ActiveCfg = Debug|x86
		{0B195894-EAC2-4E9A-A5E3-AA8AE1A47E6B}.Debug|x86.Build.0 = Debug|x86
		{0B195894-EAC2-4E9A-A5E3-AA8AE1A47E6B}.Release|Any CPU.ActiveCfg = Release|Any CPU
		{0B195894-EAC2-4E9A-A5E3-AA8AE1A47E6B}.Release|Any CPU.Build.0 = Release|Any CPU
		{0B195894-EAC2-4E9A-A5E3-AA8AE1A47E6B}.Release|x86.ActiveCfg = Release|x86
		{0B195894-EAC2-4E9A-A5E3-AA8AE1A47E6B}.Release|x86.Build.0 = Release|x86
		{B8974CD4-806B-4027-AFE3-D35DA8E949EE}.Debug|Any CPU.ActiveCfg = Debug|Any CPU
		{B8974CD4-806B-4027-AFE3-D35DA8E949EE}.Debug|Any CPU.Build.0 = Debug|Any CPU
		{B8974CD4-806B-4027-AFE3-D35DA8E949EE}.Debug|x86.ActiveCfg = Debug|x86
		{B8974CD4-806B-4027-AFE3-D35DA8E949EE}.Debug|x86.Build.0 = Debug|x86
		{B8974CD4-806B-4027-AFE3-D35DA8E949EE}.Release|Any CPU.ActiveCfg = Release|Any CPU
		{B8974CD4-806B-4027-AFE3-D35DA8E949EE}.Release|Any CPU.Build.0 = Release|Any CPU
		{B8974CD4-806B-4027-AFE3-D35DA8E949EE}.Release|x86.ActiveCfg = Release|x86
		{B8974CD4-806B-4027-AFE3-D35DA8E949EE}.Release|x86.Build.0 = Release|x86
		{F1BA74AA-2DC7-48C1-8CBD-254F8C2B63F8}.Debug|Any CPU.ActiveCfg = Debug|Any CPU
		{F1BA74AA-2DC7-48C1-8CBD-254F8C2B63F8}.Debug|Any CPU.Build.0 = Debug|Any CPU
		{F1BA74AA-2DC7-48C1-8CBD-254F8C2B63F8}.Debug|x86.ActiveCfg = Debug|x86
		{F1BA74AA-2DC7-48C1-8CBD-254F8C2B63F8}.Debug|x86.Build.0 = Debug|x86
		{F1BA74AA-2DC7-48C1-8CBD-254F8C2B63F8}.Release|Any CPU.ActiveCfg = Release|Any CPU
		{F1BA74AA-2DC7-48C1-8CBD-254F8C2B63F8}.Release|Any CPU.Build.0 = Release|Any CPU
		{F1BA74AA-2DC7-48C1-8CBD-254F8C2B63F8}.Release|x86.ActiveCfg = Release|x86
		{F1BA74AA-2DC7-48C1-8CBD-254F8C2B63F8}.Release|x86.Build.0 = Release|x86
		{9F184AF5-E406-4FC8-AC22-DC29351D016C}.Debug|Any CPU.ActiveCfg = Debug|Any CPU
		{9F184AF5-E406-4FC8-AC22-DC29351D016C}.Debug|Any CPU.Build.0 = Debug|Any CPU
		{9F184AF5-E406-4FC8-AC22-DC29351D016C}.Debug|x86.ActiveCfg = Debug|x86
		{9F184AF5-E406-4FC8-AC22-DC29351D016C}.Debug|x86.Build.0 = Debug|x86
		{9F184AF5-E406-4FC8-AC22-DC29351D016C}.Release|Any CPU.ActiveCfg = Release|Any CPU
		{9F184AF5-E406-4FC8-AC22-DC29351D016C}.Release|Any CPU.Build.0 = Release|Any CPU
		{9F184AF5-E406-4FC8-AC22-DC29351D016C}.Release|x86.ActiveCfg = Release|x86
		{9F184AF5-E406-4FC8-AC22-DC29351D016C}.Release|x86.Build.0 = Release|x86
		{A707F773-C706-429B-B031-70C69C9ADFD1}.Debug|Any CPU.ActiveCfg = Debug|Any CPU
		{A707F773-C706-429B-B031-70C69C9ADFD1}.Debug|Any CPU.Build.0 = Debug|Any CPU
		{A707F773-C706-429B-B031-70C69C9ADFD1}.Debug|x86.ActiveCfg = Debug|x86
		{A707F773-C706-429B-B031-70C69C9ADFD1}.Debug|x86.Build.0 = Debug|x86
		{A707F773-C706-429B-B031-70C69C9ADFD1}.Release|Any CPU.ActiveCfg = Release|Any CPU
		{A707F773-C706-429B-B031-70C69C9ADFD1}.Release|Any CPU.Build.0 = Release|Any CPU
		{A707F773-C706-429B-B031-70C69C9ADFD1}.Release|x86.ActiveCfg = Release|x86
		{A707F773-C706-429B-B031-70C69C9ADFD1}.Release|x86.Build.0 = Release|x86
		{41A713DA-1CA8-4C0B-86ED-FA33580248D9}.Debug|Any CPU.ActiveCfg = Debug|Any CPU
		{41A713DA-1CA8-4C0B-86ED-FA33580248D9}.Debug|Any CPU.Build.0 = Debug|Any CPU
		{41A713DA-1CA8-4C0B-86ED-FA33580248D9}.Debug|x86.ActiveCfg = Debug|x86
		{41A713DA-1CA8-4C0B-86ED-FA33580248D9}.Debug|x86.Build.0 = Debug|x86
		{41A713DA-1CA8-4C0B-86ED-FA33580248D9}.Release|Any CPU.ActiveCfg = Release|Any CPU
		{41A713DA-1CA8-4C0B-86ED-FA33580248D9}.Release|Any CPU.Build.0 = Release|Any CPU
		{41A713DA-1CA8-4C0B-86ED-FA33580248D9}.Release|x86.ActiveCfg = Release|x86
		{41A713DA-1CA8-4C0B-86ED-FA33580248D9}.Release|x86.Build.0 = Release|x86
		{B0419249-F9F6-425F-9B56-13D2E12F319F}.Debug|Any CPU.ActiveCfg = Debug|Any CPU
		{B0419249-F9F6-425F-9B56-13D2E12F319F}.Debug|Any CPU.Build.0 = Debug|Any CPU
		{B0419249-F9F6-425F-9B56-13D2E12F319F}.Debug|x86.ActiveCfg = Debug|x86
		{B0419249-F9F6-425F-9B56-13D2E12F319F}.Debug|x86.Build.0 = Debug|x86
		{B0419249-F9F6-425F-9B56-13D2E12F319F}.Release|Any CPU.ActiveCfg = Release|Any CPU
		{B0419249-F9F6-425F-9B56-13D2E12F319F}.Release|Any CPU.Build.0 = Release|Any CPU
		{B0419249-F9F6-425F-9B56-13D2E12F319F}.Release|x86.ActiveCfg = Release|x86
		{B0419249-F9F6-425F-9B56-13D2E12F319F}.Release|x86.Build.0 = Release|x86
		{D682B493-8A01-45A2-A934-58F141923C0D}.Debug|Any CPU.ActiveCfg = Debug|Any CPU
		{D682B493-8A01-45A2-A934-58F141923C0D}.Debug|Any CPU.Build.0 = Debug|Any CPU
		{D682B493-8A01-45A2-A934-58F141923C0D}.Debug|x86.ActiveCfg = Debug|x86
		{D682B493-8A01-45A2-A934-58F141923C0D}.Debug|x86.Build.0 = Debug|x86
		{D682B493-8A01-45A2-A934-58F141923C0D}.Release|Any CPU.ActiveCfg = Release|Any CPU
		{D682B493-8A01-45A2-A934-58F141923C0D}.Release|Any CPU.Build.0 = Release|Any CPU
		{D682B493-8A01-45A2-A934-58F141923C0D}.Release|x86.ActiveCfg = Release|x86
		{D682B493-8A01-45A2-A934-58F141923C0D}.Release|x86.Build.0 = Release|x86
		{45C69515-B9A7-44F3-882B-0B53548226F1}.Debug|Any CPU.ActiveCfg = Debug|Any CPU
		{45C69515-B9A7-44F3-882B-0B53548226F1}.Debug|Any CPU.Build.0 = Debug|Any CPU
		{45C69515-B9A7-44F3-882B-0B53548226F1}.Debug|x86.ActiveCfg = Debug|x86
		{45C69515-B9A7-44F3-882B-0B53548226F1}.Debug|x86.Build.0 = Debug|x86
		{45C69515-B9A7-44F3-882B-0B53548226F1}.Release|Any CPU.ActiveCfg = Release|Any CPU
		{45C69515-B9A7-44F3-882B-0B53548226F1}.Release|Any CPU.Build.0 = Release|Any CPU
		{45C69515-B9A7-44F3-882B-0B53548226F1}.Release|x86.ActiveCfg = Release|x86
		{45C69515-B9A7-44F3-882B-0B53548226F1}.Release|x86.Build.0 = Release|x86
		{266543A2-B12C-46FE-BCF1-A67319B9CFB8}.Debug|Any CPU.ActiveCfg = Debug|Any CPU
		{266543A2-B12C-46FE-BCF1-A67319B9CFB8}.Debug|Any CPU.Build.0 = Debug|Any CPU
		{266543A2-B12C-46FE-BCF1-A67319B9CFB8}.Debug|x86.ActiveCfg = Debug|x86
		{266543A2-B12C-46FE-BCF1-A67319B9CFB8}.Debug|x86.Build.0 = Debug|x86
		{266543A2-B12C-46FE-BCF1-A67319B9CFB8}.Release|Any CPU.ActiveCfg = Release|Any CPU
		{266543A2-B12C-46FE-BCF1-A67319B9CFB8}.Release|Any CPU.Build.0 = Release|Any CPU
		{266543A2-B12C-46FE-BCF1-A67319B9CFB8}.Release|x86.ActiveCfg = Release|x86
		{266543A2-B12C-46FE-BCF1-A67319B9CFB8}.Release|x86.Build.0 = Release|x86
		{E30D3295-E230-44D2-880D-22BF5A349119}.Debug|Any CPU.ActiveCfg = Debug|Any CPU
		{E30D3295-E230-44D2-880D-22BF5A349119}.Debug|Any CPU.Build.0 = Debug|Any CPU
		{E30D3295-E230-44D2-880D-22BF5A349119}.Debug|x86.ActiveCfg = Debug|x86
		{E30D3295-E230-44D2-880D-22BF5A349119}.Debug|x86.Build.0 = Debug|x86
		{E30D3295-E230-44D2-880D-22BF5A349119}.Release|Any CPU.ActiveCfg = Release|Any CPU
		{E30D3295-E230-44D2-880D-22BF5A349119}.Release|Any CPU.Build.0 = Release|Any CPU
		{E30D3295-E230-44D2-880D-22BF5A349119}.Release|x86.ActiveCfg = Release|x86
		{E30D3295-E230-44D2-880D-22BF5A349119}.Release|x86.Build.0 = Release|x86
		{667EAB12-6C89-48ED-9FCB-934697CC2779}.Debug|Any CPU.ActiveCfg = Debug|Any CPU
		{667EAB12-6C89-48ED-9FCB-934697CC2779}.Debug|Any CPU.Build.0 = Debug|Any CPU
		{667EAB12-6C89-48ED-9FCB-934697CC2779}.Debug|x86.ActiveCfg = Debug|x86
		{667EAB12-6C89-48ED-9FCB-934697CC2779}.Debug|x86.Build.0 = Debug|x86
		{667EAB12-6C89-48ED-9FCB-934697CC2779}.Release|Any CPU.ActiveCfg = Release|Any CPU
		{667EAB12-6C89-48ED-9FCB-934697CC2779}.Release|Any CPU.Build.0 = Release|Any CPU
		{667EAB12-6C89-48ED-9FCB-934697CC2779}.Release|x86.ActiveCfg = Release|x86
		{667EAB12-6C89-48ED-9FCB-934697CC2779}.Release|x86.Build.0 = Release|x86
		{585E3765-3096-451D-89C0-97C9B845DBE7}.Debug|Any CPU.ActiveCfg = Debug|Any CPU
		{585E3765-3096-451D-89C0-97C9B845DBE7}.Debug|Any CPU.Build.0 = Debug|Any CPU
		{585E3765-3096-451D-89C0-97C9B845DBE7}.Debug|x86.ActiveCfg = Debug|x86
		{585E3765-3096-451D-89C0-97C9B845DBE7}.Debug|x86.Build.0 = Debug|x86
		{585E3765-3096-451D-89C0-97C9B845DBE7}.Release|Any CPU.ActiveCfg = Release|Any CPU
		{585E3765-3096-451D-89C0-97C9B845DBE7}.Release|Any CPU.Build.0 = Release|Any CPU
		{585E3765-3096-451D-89C0-97C9B845DBE7}.Release|x86.ActiveCfg = Release|x86
		{585E3765-3096-451D-89C0-97C9B845DBE7}.Release|x86.Build.0 = Release|x86
		{B4419625-2D92-4E3B-99B3-2DF03A45CD59}.Debug|Any CPU.ActiveCfg = Debug|Any CPU
		{B4419625-2D92-4E3B-99B3-2DF03A45CD59}.Debug|Any CPU.Build.0 = Debug|Any CPU
		{B4419625-2D92-4E3B-99B3-2DF03A45CD59}.Debug|x86.ActiveCfg = Debug|x86
		{B4419625-2D92-4E3B-99B3-2DF03A45CD59}.Debug|x86.Build.0 = Debug|x86
		{B4419625-2D92-4E3B-99B3-2DF03A45CD59}.Release|Any CPU.ActiveCfg = Release|Any CPU
		{B4419625-2D92-4E3B-99B3-2DF03A45CD59}.Release|Any CPU.Build.0 = Release|Any CPU
		{B4419625-2D92-4E3B-99B3-2DF03A45CD59}.Release|x86.ActiveCfg = Release|x86
		{B4419625-2D92-4E3B-99B3-2DF03A45CD59}.Release|x86.Build.0 = Release|x86
		{D7B2505F-76DB-46FE-A58B-2386268FD5FF}.Debug|Any CPU.ActiveCfg = Debug|Any CPU
		{D7B2505F-76DB-46FE-A58B-2386268FD5FF}.Debug|Any CPU.Build.0 = Debug|Any CPU
		{D7B2505F-76DB-46FE-A58B-2386268FD5FF}.Debug|x86.ActiveCfg = Debug|x86
		{D7B2505F-76DB-46FE-A58B-2386268FD5FF}.Debug|x86.Build.0 = Debug|x86
		{D7B2505F-76DB-46FE-A58B-2386268FD5FF}.Release|Any CPU.ActiveCfg = Release|Any CPU
		{D7B2505F-76DB-46FE-A58B-2386268FD5FF}.Release|Any CPU.Build.0 = Release|Any CPU
		{D7B2505F-76DB-46FE-A58B-2386268FD5FF}.Release|x86.ActiveCfg = Release|x86
		{D7B2505F-76DB-46FE-A58B-2386268FD5FF}.Release|x86.Build.0 = Release|x86
		{970A8E60-83BE-4559-A67C-3EF7135A3E8D}.Debug|Any CPU.ActiveCfg = Debug|Any CPU
		{970A8E60-83BE-4559-A67C-3EF7135A3E8D}.Debug|Any CPU.Build.0 = Debug|Any CPU
		{970A8E60-83BE-4559-A67C-3EF7135A3E8D}.Debug|x86.ActiveCfg = Debug|x86
		{970A8E60-83BE-4559-A67C-3EF7135A3E8D}.Debug|x86.Build.0 = Debug|x86
		{970A8E60-83BE-4559-A67C-3EF7135A3E8D}.Release|Any CPU.ActiveCfg = Release|Any CPU
		{970A8E60-83BE-4559-A67C-3EF7135A3E8D}.Release|Any CPU.Build.0 = Release|Any CPU
		{970A8E60-83BE-4559-A67C-3EF7135A3E8D}.Release|x86.ActiveCfg = Release|x86
		{970A8E60-83BE-4559-A67C-3EF7135A3E8D}.Release|x86.Build.0 = Release|x86
		{1B64EC1E-F381-485B-8C69-A07F80A27775}.Debug|Any CPU.ActiveCfg = Debug|Any CPU
		{1B64EC1E-F381-485B-8C69-A07F80A27775}.Debug|Any CPU.Build.0 = Debug|Any CPU
		{1B64EC1E-F381-485B-8C69-A07F80A27775}.Debug|x86.ActiveCfg = Debug|x86
		{1B64EC1E-F381-485B-8C69-A07F80A27775}.Debug|x86.Build.0 = Debug|x86
		{1B64EC1E-F381-485B-8C69-A07F80A27775}.Release|Any CPU.ActiveCfg = Release|Any CPU
		{1B64EC1E-F381-485B-8C69-A07F80A27775}.Release|Any CPU.Build.0 = Release|Any CPU
		{1B64EC1E-F381-485B-8C69-A07F80A27775}.Release|x86.ActiveCfg = Release|x86
		{1B64EC1E-F381-485B-8C69-A07F80A27775}.Release|x86.Build.0 = Release|x86
		{CA9E1908-ED0E-4F91-ACE2-7ED7FC3C8D6C}.Debug|Any CPU.ActiveCfg = Debug|Any CPU
		{CA9E1908-ED0E-4F91-ACE2-7ED7FC3C8D6C}.Debug|Any CPU.Build.0 = Debug|Any CPU
		{CA9E1908-ED0E-4F91-ACE2-7ED7FC3C8D6C}.Debug|x86.ActiveCfg = Debug|x86
		{CA9E1908-ED0E-4F91-ACE2-7ED7FC3C8D6C}.Debug|x86.Build.0 = Debug|x86
		{CA9E1908-ED0E-4F91-ACE2-7ED7FC3C8D6C}.Release|Any CPU.ActiveCfg = Release|Any CPU
		{CA9E1908-ED0E-4F91-ACE2-7ED7FC3C8D6C}.Release|Any CPU.Build.0 = Release|Any CPU
		{CA9E1908-ED0E-4F91-ACE2-7ED7FC3C8D6C}.Release|x86.ActiveCfg = Release|x86
		{CA9E1908-ED0E-4F91-ACE2-7ED7FC3C8D6C}.Release|x86.Build.0 = Release|x86
		{2DB4F475-6204-45AB-90C9-46B8C3F58405}.Debug|Any CPU.ActiveCfg = Debug|Any CPU
		{2DB4F475-6204-45AB-90C9-46B8C3F58405}.Debug|Any CPU.Build.0 = Debug|Any CPU
		{2DB4F475-6204-45AB-90C9-46B8C3F58405}.Debug|x86.ActiveCfg = Debug|x86
		{2DB4F475-6204-45AB-90C9-46B8C3F58405}.Debug|x86.Build.0 = Debug|x86
		{2DB4F475-6204-45AB-90C9-46B8C3F58405}.Release|Any CPU.ActiveCfg = Release|Any CPU
		{2DB4F475-6204-45AB-90C9-46B8C3F58405}.Release|Any CPU.Build.0 = Release|Any CPU
		{2DB4F475-6204-45AB-90C9-46B8C3F58405}.Release|x86.ActiveCfg = Release|x86
		{2DB4F475-6204-45AB-90C9-46B8C3F58405}.Release|x86.Build.0 = Release|x86
		{7BB265BA-7FEE-47C3-8E7E-11021F49A085}.Debug|Any CPU.ActiveCfg = Debug|Any CPU
		{7BB265BA-7FEE-47C3-8E7E-11021F49A085}.Debug|Any CPU.Build.0 = Debug|Any CPU
		{7BB265BA-7FEE-47C3-8E7E-11021F49A085}.Debug|x86.ActiveCfg = Debug|x86
		{7BB265BA-7FEE-47C3-8E7E-11021F49A085}.Debug|x86.Build.0 = Debug|x86
		{7BB265BA-7FEE-47C3-8E7E-11021F49A085}.Release|Any CPU.ActiveCfg = Release|Any CPU
		{7BB265BA-7FEE-47C3-8E7E-11021F49A085}.Release|Any CPU.Build.0 = Release|Any CPU
		{7BB265BA-7FEE-47C3-8E7E-11021F49A085}.Release|x86.ActiveCfg = Release|x86
		{7BB265BA-7FEE-47C3-8E7E-11021F49A085}.Release|x86.Build.0 = Release|x86
	EndGlobalSection
	GlobalSection(SolutionProperties) = preSolution
		HideSolutionNode = FALSE
	EndGlobalSection
	GlobalSection(ExtensibilityGlobals) = postSolution
		SolutionGuid = {01C06F87-A492-464A-A57A-D577D4A4AC4F}
	EndGlobalSection
	GlobalSection(TeamFoundationVersionControl) = preSolution
		SccNumberOfProjects = 40
		SccEnterpriseProvider = {4CA58AB2-18FA-4F8D-95D4-32DDF27D184C}
		SccTeamFoundationServer = http://mlr-sr001:8080/tfs/semnox
		SccLocalPath0 = .
		SccProjectUniqueName1 = ..\\..\\CommonSolution\\Booking\\Booking.csproj
		SccProjectName1 = ../../CommonSolution/Booking
		SccLocalPath1 = ..\\..\\CommonSolution\\Booking
		SccProjectUniqueName2 = ..\\..\\CommonSolution\\CardCore\\CardCore.csproj
		SccProjectName2 = ../../CommonSolution/CardCore
		SccLocalPath2 = ..\\..\\CommonSolution\\CardCore
		SccProjectUniqueName3 = ..\\..\\CommonSolution\\CardCoreDataHandler\\CardCoreDataHandler.csproj
		SccProjectName3 = ../../CommonSolution/CardCoreDataHandler
		SccLocalPath3 = ..\\..\\CommonSolution\\CardCoreDataHandler
		SccProjectUniqueName4 = ..\\..\\CommonSolution\\Communication\\Communication.csproj
		SccProjectName4 = ../../CommonSolution/Communication
		SccLocalPath4 = ..\\..\\CommonSolution\\Communication
		SccProjectUniqueName5 = ..\\..\\CommonSolution\\Customer\\Customer.csproj
		SccProjectName5 = ../../CommonSolution/Customer
		SccLocalPath5 = ..\\..\\CommonSolution\\Customer
		SccProjectUniqueName6 = ..\\..\\CommonSolution\\DBSynch\\DBSynch.csproj
		SccProjectName6 = ../../CommonSolution/DBSynch
		SccLocalPath6 = ..\\..\\CommonSolution\\DBSynch
		SccProjectUniqueName7 = ..\\..\\CommonSolution\\Device\\Device.csproj
		SccProjectName7 = ../../CommonSolution/Device
		SccLocalPath7 = ..\\..\\CommonSolution\\Device
		SccProjectUniqueName8 = ..\\..\\CommonSolution\\Discounts\\Discounts.csproj
		SccProjectName8 = ../../CommonSolution/Discounts
		SccLocalPath8 = ..\\..\\CommonSolution\\Discounts
		SccProjectUniqueName9 = ..\\..\\CommonSolution\\DisplayGroup\\DisplayGroup.csproj
		SccProjectName9 = ../../CommonSolution/DisplayGroup
		SccLocalPath9 = ..\\..\\CommonSolution\\DisplayGroup
		SccProjectUniqueName10 = ..\\..\\CommonSolution\\GenericUtilities\\GenericUtilities.csproj
		SccProjectName10 = ../../CommonSolution/GenericUtilities
		SccLocalPath10 = ..\\..\\CommonSolution\\GenericUtilities
		SccProjectUniqueName11 = ..\\..\\CommonSolution\\ITransaction\\ITransaction.csproj
		SccProjectName11 = ../../CommonSolution/ITransaction
		SccLocalPath11 = ..\\..\\CommonSolution\\ITransaction
		SccProjectUniqueName12 = ..\\..\\CommonSolution\\JobUtils\\JobUtils.csproj
		SccProjectName12 = ../../CommonSolution/JobUtils
		SccLocalPath12 = ..\\..\\CommonSolution\\JobUtils
		SccProjectUniqueName13 = ..\\KioskCore\\KioskCore\\KioskCore.csproj
		SccProjectName13 = ../KioskCore/KioskCore
		SccLocalPath13 = ..\\KioskCore\\KioskCore
		SccProjectUniqueName14 = ..\\..\\CommonSolution\\Languages\\Languages.csproj
		SccProjectName14 = ../../CommonSolution/Languages
		SccLocalPath14 = ..\\..\\CommonSolution\\Languages
		SccProjectUniqueName15 = ..\\..\\CommonSolution\\Lockers\\Lockers.csproj
		SccProjectName15 = ../../CommonSolution/Lockers
		SccLocalPath15 = ..\\..\\CommonSolution\\Lockers
		SccProjectUniqueName16 = ..\\..\\CommonSolution\\logger\\logger.csproj
		SccProjectName16 = ../../CommonSolution/logger
		SccLocalPath16 = ..\\..\\CommonSolution\\logger
		SccProjectUniqueName17 = ..\\..\\CommonSolution\\Logging\\Logging.csproj
		SccProjectName17 = ../../CommonSolution/Logging
		SccLocalPath17 = ..\\..\\CommonSolution\\Logging
		SccProjectUniqueName18 = ..\\..\\CommonSolution\\POS\\POS.csproj
		SccProjectName18 = ../../CommonSolution/POS
		SccLocalPath18 = ..\\..\\CommonSolution\\POS
		SccProjectUniqueName19 = ..\\..\\CommonSolution\\PriceList\\PriceList.csproj
		SccProjectName19 = ../../CommonSolution/PriceList
		SccLocalPath19 = ..\\..\\CommonSolution\\PriceList
		SccProjectUniqueName20 = ..\\..\\CommonSolution\\Printer\\Printer.csproj
		SccProjectName20 = ../../CommonSolution/Printer
		SccLocalPath20 = ..\\..\\CommonSolution\\Printer
		SccProjectUniqueName21 = ..\\..\\CommonSolution\\Product\\Product.csproj
		SccProjectName21 = ../../CommonSolution/Product
		SccLocalPath21 = ..\\..\\CommonSolution\\Product
		SccProjectUniqueName22 = ..\\..\\CommonSolution\\Promotions\\Promotions.csproj
		SccProjectName22 = ../../CommonSolution/Promotions
		SccLocalPath22 = ..\\..\\CommonSolution\\Promotions
		SccProjectUniqueName23 = ..\\..\\CommonSolution\\Publish\\Publish.csproj
		SccProjectName23 = ../../CommonSolution/Publish
		SccLocalPath23 = ..\\..\\CommonSolution\\Publish
		SccProjectUniqueName24 = ..\\..\\CommonSolution\\Reports\\Reports.csproj
		SccProjectName24 = ../../CommonSolution/Reports
		SccLocalPath24 = ..\\..\\CommonSolution\\Reports
		SccProjectUniqueName25 = ..\\..\\CommonSolution\\Site\\Site.csproj
		SccProjectName25 = ../../CommonSolution/Site
		SccLocalPath25 = ..\\..\\CommonSolution\\Site
		SccProjectUniqueName26 = ..\\..\\CommonSolution\\Tags\\Tags.csproj
		SccProjectName26 = ../../CommonSolution/Tags
		SccLocalPath26 = ..\\..\\CommonSolution\\Tags
		SccProjectUniqueName27 = ..\\..\\CommonSolution\\ThirdParty\\ThirdParty.csproj
		SccProjectName27 = ../../CommonSolution/ThirdParty
		SccLocalPath27 = ..\\..\\CommonSolution\\ThirdParty
		SccProjectUniqueName28 = ..\\..\\CommonSolution\\Transaction\\Transaction.csproj
		SccProjectName28 = ../../CommonSolution/Transaction
		SccLocalPath28 = ..\\..\\CommonSolution\\Transaction
		SccProjectUniqueName29 = ..\\..\\CommonSolution\\User\\User.csproj
		SccProjectName29 = ../../CommonSolution/User
		SccLocalPath29 = ..\\..\\CommonSolution\\User
		SccProjectUniqueName30 = ..\\..\\CommonSolution\\Utilities\\Utilities.csproj
		SccProjectName30 = ../../CommonSolution/Utilities
		SccLocalPath30 = ..\\..\\CommonSolution\\Utilities
		SccProjectUniqueName31 = ..\\..\\CommonSolution\\Vendor\\Vendor.csproj
		SccProjectName31 = ../../CommonSolution/Vendor
		SccLocalPath31 = ..\\..\\CommonSolution\\Vendor
		SccProjectUniqueName32 = ..\\..\\CommonSolution\\Waiver\\Waiver.csproj
		SccProjectName32 = ../../CommonSolution/Waiver
		SccLocalPath32 = ..\\..\\CommonSolution\\Waiver
		SccProjectUniqueName33 = ..\\..\\CommonSolution\\CardCoreDTO\\CardCoreDTO.csproj
		SccProjectName33 = ../../CommonSolution/CardCoreDTO
		SccLocalPath33 = ..\\..\\CommonSolution\\CardCoreDTO
		SccProjectUniqueName34 = ..\\..\\CommonSolution\\Game\\Game.csproj
		SccProjectName34 = ../../CommonSolution/Game
		SccLocalPath34 = ..\\..\\CommonSolution\\Game
		SccProjectUniqueName35 = ..\\..\\CommonSolution\\Category\\Category.csproj
		SccProjectName35 = ../../CommonSolution/Category
		SccLocalPath35 = ..\\..\\CommonSolution\\Category
		SccProjectUniqueName36 = Parafait\u0020FnB\u0020Kiosk\\Parafait\u0020FnB\u0020Kiosk.csproj
		SccProjectName36 = Parafait\u0020FnB\u0020Kiosk
		SccLocalPath36 = Parafait\u0020FnB\u0020Kiosk
		SccProjectUniqueName37 = ..\\..\\CommonSolution\\DigitalSignage\\DigitalSignage.csproj
		SccProjectName37 = ../../CommonSolution/DigitalSignage
		SccLocalPath37 = ..\\..\\CommonSolution\\DigitalSignage
		SccProjectUniqueName38 = ..\\..\\SignageClient\\SignageClient\\SignageClient.csproj
		SccProjectName38 = ../../SignageClient/SignageClient
		SccLocalPath38 = ..\\..\\SignageClient\\SignageClient
		SccProjectUniqueName39 = ..\\..\\CommonSolution\\ServerCore\\ServerCore.csproj
		SccProjectName39 = ../../CommonSolution/ServerCore
		SccLocalPath39 = ..\\..\\CommonSolution\\ServerCore
	EndGlobalSection
EndGlobal
